// !$*UTF8*$!
{
	archiveVersion = 1;
	classes = {
	};
	objectVersion = 46;
	objects = {

/* Begin PBXBuildFile section */
		8906EDBF1B170B6A005C668F /* HomeVC.m in Sources */ = {isa = PBXBuildFile; fileRef = 8906EDBE1B170B6A005C668F /* HomeVC.m */; };
		8906EDC21B170C6F005C668F /* MeauModel.m in Sources */ = {isa = PBXBuildFile; fileRef = 8906EDC11B170C6F005C668F /* MeauModel.m */; };
		8906EDD51B17140D005C668F /* MJConst.m in Sources */ = {isa = PBXBuildFile; fileRef = 8906EDC51B17140C005C668F /* MJConst.m */; };
		8906EDD61B17140D005C668F /* MJFoundation.m in Sources */ = {isa = PBXBuildFile; fileRef = 8906EDC81B17140C005C668F /* MJFoundation.m */; };
		8906EDD71B17140D005C668F /* MJProperty.m in Sources */ = {isa = PBXBuildFile; fileRef = 8906EDCA1B17140D005C668F /* MJProperty.m */; };
		8906EDD81B17140D005C668F /* MJType.m in Sources */ = {isa = PBXBuildFile; fileRef = 8906EDCC1B17140D005C668F /* MJType.m */; };
		8906EDD91B17140D005C668F /* NSObject+MJCoding.m in Sources */ = {isa = PBXBuildFile; fileRef = 8906EDCE1B17140D005C668F /* NSObject+MJCoding.m */; };
		8906EDDA1B17140D005C668F /* NSObject+MJKeyValue.m in Sources */ = {isa = PBXBuildFile; fileRef = 8906EDD01B17140D005C668F /* NSObject+MJKeyValue.m */; };
		8906EDDB1B17140D005C668F /* NSObject+MJProperty.m in Sources */ = {isa = PBXBuildFile; fileRef = 8906EDD21B17140D005C668F /* NSObject+MJProperty.m */; };
		8906EDDC1B17140D005C668F /* NSString+MJExtension.m in Sources */ = {isa = PBXBuildFile; fileRef = 8906EDD41B17140D005C668F /* NSString+MJExtension.m */; };
		891E01621B16B96600FDF43F /* CoreFMDB.m in Sources */ = {isa = PBXBuildFile; fileRef = 891E014F1B16B96600FDF43F /* CoreFMDB.m */; };
		891E01631B16B96600FDF43F /* NSString+CoreFMDB.m in Sources */ = {isa = PBXBuildFile; fileRef = 891E01531B16B96600FDF43F /* NSString+CoreFMDB.m */; };
		891E01641B16B96600FDF43F /* FMDatabase.m in Sources */ = {isa = PBXBuildFile; fileRef = 891E01561B16B96600FDF43F /* FMDatabase.m */; };
		891E01651B16B96600FDF43F /* FMDatabaseAdditions.m in Sources */ = {isa = PBXBuildFile; fileRef = 891E01581B16B96600FDF43F /* FMDatabaseAdditions.m */; };
		891E01661B16B96600FDF43F /* FMDatabasePool.m in Sources */ = {isa = PBXBuildFile; fileRef = 891E015A1B16B96600FDF43F /* FMDatabasePool.m */; };
		891E01671B16B96600FDF43F /* FMDatabaseQueue.m in Sources */ = {isa = PBXBuildFile; fileRef = 891E015C1B16B96600FDF43F /* FMDatabaseQueue.m */; };
		891E01681B16B96600FDF43F /* FMResultSet.m in Sources */ = {isa = PBXBuildFile; fileRef = 891E015F1B16B96600FDF43F /* FMResultSet.m */; };
		891E01A51B16BA6700FDF43F /* BaseMoelConst.m in Sources */ = {isa = PBXBuildFile; fileRef = 891E018F1B16BA6700FDF43F /* BaseMoelConst.m */; };
		891E01A61B16BA6700FDF43F /* NSObject+BaseModelCommon.m in Sources */ = {isa = PBXBuildFile; fileRef = 891E01931B16BA6700FDF43F /* NSObject+BaseModelCommon.m */; };
		891E01A71B16BA6700FDF43F /* NSObject+Contrast.m in Sources */ = {isa = PBXBuildFile; fileRef = 891E01951B16BA6700FDF43F /* NSObject+Contrast.m */; };
		891E01A81B16BA6700FDF43F /* NSObject+Create.m in Sources */ = {isa = PBXBuildFile; fileRef = 891E01971B16BA6700FDF43F /* NSObject+Create.m */; };
		891E01A91B16BA6700FDF43F /* NSObject+Delete.m in Sources */ = {isa = PBXBuildFile; fileRef = 891E01991B16BA6700FDF43F /* NSObject+Delete.m */; };
		891E01AA1B16BA6700FDF43F /* NSObject+Insert.m in Sources */ = {isa = PBXBuildFile; fileRef = 891E019B1B16BA6700FDF43F /* NSObject+Insert.m */; };
		891E01AB1B16BA6700FDF43F /* NSObject+Save.m in Sources */ = {isa = PBXBuildFile; fileRef = 891E019D1B16BA6700FDF43F /* NSObject+Save.m */; };
		891E01AC1B16BA6700FDF43F /* NSObject+Select.m in Sources */ = {isa = PBXBuildFile; fileRef = 891E019F1B16BA6700FDF43F /* NSObject+Select.m */; };
		891E01AD1B16BA6700FDF43F /* NSObject+Update.m in Sources */ = {isa = PBXBuildFile; fileRef = 891E01A11B16BA6700FDF43F /* NSObject+Update.m */; };
		891E01AE1B16BA6700FDF43F /* NSString+Stackoverflow.m in Sources */ = {isa = PBXBuildFile; fileRef = 891E01A41B16BA6700FDF43F /* NSString+Stackoverflow.m */; };
		891E01B01B16BC0400FDF43F /* libsqlite3.0.dylib in Frameworks */ = {isa = PBXBuildFile; fileRef = 891E01AF1B16BC0400FDF43F /* libsqlite3.0.dylib */; };
		891E0F861B16C1A600B20093 /* CoreHttp.m in Sources */ = {isa = PBXBuildFile; fileRef = 891E0F771B16C1A600B20093 /* CoreHttp.m */; };
		891E0F871B16C1A600B20093 /* NSString+CoreHttp.m in Sources */ = {isa = PBXBuildFile; fileRef = 891E0F7A1B16C1A600B20093 /* NSString+CoreHttp.m */; };
		891E0F881B16C1A600B20093 /* NSData+MimeType.m in Sources */ = {isa = PBXBuildFile; fileRef = 891E0F7D1B16C1A600B20093 /* NSData+MimeType.m */; };
		891E0F891B16C1A600B20093 /* NSData+Param.m in Sources */ = {isa = PBXBuildFile; fileRef = 891E0F7F1B16C1A600B20093 /* NSData+Param.m */; };
		891E0F8A1B16C1A600B20093 /* NSString+File.m in Sources */ = {isa = PBXBuildFile; fileRef = 891E0F811B16C1A600B20093 /* NSString+File.m */; };
		891E0F8B1B16C1A600B20093 /* NSURL+File.m in Sources */ = {isa = PBXBuildFile; fileRef = 891E0F831B16C1A600B20093 /* NSURL+File.m */; };
		891E0F8C1B16C1A600B20093 /* UploadFile.m in Sources */ = {isa = PBXBuildFile; fileRef = 891E0F851B16C1A600B20093 /* UploadFile.m */; };
		891E0F951B16C40F00B20093 /* ContactVC.m in Sources */ = {isa = PBXBuildFile; fileRef = 891E0F941B16C40F00B20093 /* ContactVC.m */; };
		891E0F981B16C42E00B20093 /* ContactModel.m in Sources */ = {isa = PBXBuildFile; fileRef = 891E0F971B16C42E00B20093 /* ContactModel.m */; };
		891E0F9C1B16DBC000B20093 /* NSDictionary+Sqlite.m in Sources */ = {isa = PBXBuildFile; fileRef = 891E0F9B1B16DBC000B20093 /* NSDictionary+Sqlite.m */; };
		891E0FAB1B16E1A900B20093 /* NSString+ArcFile.m in Sources */ = {isa = PBXBuildFile; fileRef = 891E0FA81B16E1A900B20093 /* NSString+ArcFile.m */; };
		891E0FAC1B16E1A900B20093 /* CoreArchive.m in Sources */ = {isa = PBXBuildFile; fileRef = 891E0FAA1B16E1A900B20093 /* CoreArchive.m */; };
		8965A6541B11A8C40067043C /* BaseCell.m in Sources */ = {isa = PBXBuildFile; fileRef = 8965A6521B11A8C40067043C /* BaseCell.m */; };
		8965A6571B11A8E50067043C /* BaseTF.m in Sources */ = {isa = PBXBuildFile; fileRef = 8965A6561B11A8E50067043C /* BaseTF.m */; };
		8965A65F1B11AB2D0067043C /* CoreStatus.m in Sources */ = {isa = PBXBuildFile; fileRef = 8965A65B1B11AB2D0067043C /* CoreStatus.m */; };
		8965A6601B11AB2D0067043C /* Reachability.m in Sources */ = {isa = PBXBuildFile; fileRef = 8965A65E1B11AB2D0067043C /* Reachability.m */; };
		8965A6921B11AB5C0067043C /* CALayer+Anim.m in Sources */ = {isa = PBXBuildFile; fileRef = 8965A6641B11AB5C0067043C /* CALayer+Anim.m */; };
		8965A6931B11AB5C0067043C /* CALayer+Transition.m in Sources */ = {isa = PBXBuildFile; fileRef = 8965A6661B11AB5C0067043C /* CALayer+Transition.m */; };
		8965A6941B11AB5C0067043C /* NSArray+Extend.m in Sources */ = {isa = PBXBuildFile; fileRef = 8965A6691B11AB5C0067043C /* NSArray+Extend.m */; };
		8965A6951B11AB5C0067043C /* NSDate+Extend.m in Sources */ = {isa = PBXBuildFile; fileRef = 8965A66C1B11AB5C0067043C /* NSDate+Extend.m */; };
		8965A6961B11AB5C0067043C /* NSObject+Extend.m in Sources */ = {isa = PBXBuildFile; fileRef = 8965A66F1B11AB5C0067043C /* NSObject+Extend.m */; };
		8965A6971B11AB5C0067043C /* NSString+Extend.m in Sources */ = {isa = PBXBuildFile; fileRef = 8965A6721B11AB5C0067043C /* NSString+Extend.m */; };
		8965A6981B11AB5C0067043C /* NSString+Password.m in Sources */ = {isa = PBXBuildFile; fileRef = 8965A6741B11AB5C0067043C /* NSString+Password.m */; };
		8965A6991B11AB5C0067043C /* UIColor+Extend.m in Sources */ = {isa = PBXBuildFile; fileRef = 8965A6771B11AB5C0067043C /* UIColor+Extend.m */; };
		8965A69A1B11AB5C0067043C /* UIDevice+Extend.m in Sources */ = {isa = PBXBuildFile; fileRef = 8965A67A1B11AB5C0067043C /* UIDevice+Extend.m */; };
		8965A69B1B11AB5C0067043C /* UIFont+Extend.m in Sources */ = {isa = PBXBuildFile; fileRef = 8965A67D1B11AB5C0067043C /* UIFont+Extend.m */; };
		8965A69C1B11AB5C0067043C /* UIImage+Color.m in Sources */ = {isa = PBXBuildFile; fileRef = 8965A6801B11AB5C0067043C /* UIImage+Color.m */; };
		8965A69D1B11AB5C0067043C /* UIImage+Cut.m in Sources */ = {isa = PBXBuildFile; fileRef = 8965A6821B11AB5C0067043C /* UIImage+Cut.m */; };
		8965A69E1B11AB5C0067043C /* UIImage+Extend.m in Sources */ = {isa = PBXBuildFile; fileRef = 8965A6841B11AB5C0067043C /* UIImage+Extend.m */; };
		8965A69F1B11AB5C0067043C /* UIImage+FixOrientation.m in Sources */ = {isa = PBXBuildFile; fileRef = 8965A6861B11AB5C0067043C /* UIImage+FixOrientation.m */; };
		8965A6A01B11AB5C0067043C /* UIImage+Water.m in Sources */ = {isa = PBXBuildFile; fileRef = 8965A6881B11AB5C0067043C /* UIImage+Water.m */; };
		8965A6A11B11AB5C0067043C /* UITableViewCell+Extend.m in Sources */ = {isa = PBXBuildFile; fileRef = 8965A68B1B11AB5C0067043C /* UITableViewCell+Extend.m */; };
		8965A6A21B11AB5C0067043C /* UIView+Extend.m in Sources */ = {isa = PBXBuildFile; fileRef = 8965A68E1B11AB5C0067043C /* UIView+Extend.m */; };
		8965A6A31B11AB5C0067043C /* UIWindow+Launch.m in Sources */ = {isa = PBXBuildFile; fileRef = 8965A6911B11AB5C0067043C /* UIWindow+Launch.m */; };
		89B9E8E71B21407F001C054A /* NewsVC.m in Sources */ = {isa = PBXBuildFile; fileRef = 89B9E8E51B21407F001C054A /* NewsVC.m */; };
		89B9E8E81B21407F001C054A /* NewsVC.xib in Resources */ = {isa = PBXBuildFile; fileRef = 89B9E8E61B21407F001C054A /* NewsVC.xib */; };
		89B9E8EB1B2140A0001C054A /* NewsModel.m in Sources */ = {isa = PBXBuildFile; fileRef = 89B9E8EA1B2140A0001C054A /* NewsModel.m */; };
		EE58390D1AB98EDD00516AC1 /* main.m in Sources */ = {isa = PBXBuildFile; fileRef = EE58390C1AB98EDD00516AC1 /* main.m */; };
		EE5839101AB98EDD00516AC1 /* AppDelegate.m in Sources */ = {isa = PBXBuildFile; fileRef = EE58390F1AB98EDD00516AC1 /* AppDelegate.m */; };
		EE5839131AB98EDD00516AC1 /* ViewController.m in Sources */ = {isa = PBXBuildFile; fileRef = EE5839121AB98EDD00516AC1 /* ViewController.m */; };
		EE5839161AB98EDD00516AC1 /* Main.storyboard in Resources */ = {isa = PBXBuildFile; fileRef = EE5839141AB98EDD00516AC1 /* Main.storyboard */; };
		EE5839181AB98EDD00516AC1 /* Images.xcassets in Resources */ = {isa = PBXBuildFile; fileRef = EE5839171AB98EDD00516AC1 /* Images.xcassets */; };
		EE58391B1AB98EDD00516AC1 /* LaunchScreen.xib in Resources */ = {isa = PBXBuildFile; fileRef = EE5839191AB98EDD00516AC1 /* LaunchScreen.xib */; };
		EE5839271AB98EDD00516AC1 /* CoreClassTests.m in Sources */ = {isa = PBXBuildFile; fileRef = EE5839261AB98EDD00516AC1 /* CoreClassTests.m */; };
		EE58394B1AB98EE900516AC1 /* BaseNav.m in Sources */ = {isa = PBXBuildFile; fileRef = EE5839341AB98EE900516AC1 /* BaseNav.m */; };
		EE58394C1AB98EE900516AC1 /* CoreNavigationController.m in Sources */ = {isa = PBXBuildFile; fileRef = EE5839371AB98EE900516AC1 /* CoreNavigationController.m */; };
		EE58394D1AB98EE900516AC1 /* NetWork.bundle in Resources */ = {isa = PBXBuildFile; fileRef = EE5839391AB98EE900516AC1 /* NetWork.bundle */; };
		EE58394E1AB98EE900516AC1 /* ToolNetWorkSolveVC.m in Sources */ = {isa = PBXBuildFile; fileRef = EE58393B1AB98EE900516AC1 /* ToolNetWorkSolveVC.m */; };
		EE58394F1AB98EE900516AC1 /* ToolNetWorkSolveVC.xib in Resources */ = {isa = PBXBuildFile; fileRef = EE58393C1AB98EE900516AC1 /* ToolNetWorkSolveVC.xib */; };
		EE5839501AB98EE900516AC1 /* ToolNetWorkView.m in Sources */ = {isa = PBXBuildFile; fileRef = EE58393E1AB98EE900516AC1 /* ToolNetWorkView.m */; };
		EE5839511AB98EE900516AC1 /* ToolNetWorkView.xib in Resources */ = {isa = PBXBuildFile; fileRef = EE58393F1AB98EE900516AC1 /* ToolNetWorkView.xib */; };
		EE5839521AB98EE900516AC1 /* UIBarButtonItem+Appearance.m in Sources */ = {isa = PBXBuildFile; fileRef = EE5839411AB98EE900516AC1 /* UIBarButtonItem+Appearance.m */; };
		EE5839531AB98EE900516AC1 /* UINavigationController+Appearance.m in Sources */ = {isa = PBXBuildFile; fileRef = EE5839431AB98EE900516AC1 /* UINavigationController+Appearance.m */; };
		EE5839541AB98EE900516AC1 /* BaseModel.m in Sources */ = {isa = PBXBuildFile; fileRef = EE5839461AB98EE900516AC1 /* BaseModel.m */; };
/* End PBXBuildFile section */

/* Begin PBXContainerItemProxy section */
		EE5839211AB98EDD00516AC1 /* PBXContainerItemProxy */ = {
			isa = PBXContainerItemProxy;
			containerPortal = EE5838FF1AB98EDD00516AC1 /* Project object */;
			proxyType = 1;
			remoteGlobalIDString = EE5839061AB98EDD00516AC1;
			remoteInfo = CoreClass;
		};
/* End PBXContainerItemProxy section */

/* Begin PBXFileReference section */
		8906EDBD1B170B6A005C668F /* HomeVC.h */ = {isa = PBXFileReference; fileEncoding = 4; lastKnownFileType = sourcecode.c.h; path = HomeVC.h; sourceTree = "<group>"; };
		8906EDBE1B170B6A005C668F /* HomeVC.m */ = {isa = PBXFileReference; fileEncoding = 4; lastKnownFileType = sourcecode.c.objc; path = HomeVC.m; sourceTree = "<group>"; };
		8906EDC01B170C6F005C668F /* MeauModel.h */ = {isa = PBXFileReference; fileEncoding = 4; lastKnownFileType = sourcecode.c.h; path = MeauModel.h; sourceTree = "<group>"; };
		8906EDC11B170C6F005C668F /* MeauModel.m */ = {isa = PBXFileReference; fileEncoding = 4; lastKnownFileType = sourcecode.c.objc; path = MeauModel.m; sourceTree = "<group>"; };
		8906EDC41B17140C005C668F /* MJConst.h */ = {isa = PBXFileReference; fileEncoding = 4; lastKnownFileType = sourcecode.c.h; path = MJConst.h; sourceTree = "<group>"; };
		8906EDC51B17140C005C668F /* MJConst.m */ = {isa = PBXFileReference; fileEncoding = 4; lastKnownFileType = sourcecode.c.objc; path = MJConst.m; sourceTree = "<group>"; };
		8906EDC61B17140C005C668F /* MJExtension.h */ = {isa = PBXFileReference; fileEncoding = 4; lastKnownFileType = sourcecode.c.h; path = MJExtension.h; sourceTree = "<group>"; };
		8906EDC71B17140C005C668F /* MJFoundation.h */ = {isa = PBXFileReference; fileEncoding = 4; lastKnownFileType = sourcecode.c.h; path = MJFoundation.h; sourceTree = "<group>"; };
		8906EDC81B17140C005C668F /* MJFoundation.m */ = {isa = PBXFileReference; fileEncoding = 4; lastKnownFileType = sourcecode.c.objc; path = MJFoundation.m; sourceTree = "<group>"; };
		8906EDC91B17140C005C668F /* MJProperty.h */ = {isa = PBXFileReference; fileEncoding = 4; lastKnownFileType = sourcecode.c.h; path = MJProperty.h; sourceTree = "<group>"; };
		8906EDCA1B17140D005C668F /* MJProperty.m */ = {isa = PBXFileReference; fileEncoding = 4; lastKnownFileType = sourcecode.c.objc; path = MJProperty.m; sourceTree = "<group>"; };
		8906EDCB1B17140D005C668F /* MJType.h */ = {isa = PBXFileReference; fileEncoding = 4; lastKnownFileType = sourcecode.c.h; path = MJType.h; sourceTree = "<group>"; };
		8906EDCC1B17140D005C668F /* MJType.m */ = {isa = PBXFileReference; fileEncoding = 4; lastKnownFileType = sourcecode.c.objc; path = MJType.m; sourceTree = "<group>"; };
		8906EDCD1B17140D005C668F /* NSObject+MJCoding.h */ = {isa = PBXFileReference; fileEncoding = 4; lastKnownFileType = sourcecode.c.h; path = "NSObject+MJCoding.h"; sourceTree = "<group>"; };
		8906EDCE1B17140D005C668F /* NSObject+MJCoding.m */ = {isa = PBXFileReference; fileEncoding = 4; lastKnownFileType = sourcecode.c.objc; path = "NSObject+MJCoding.m"; sourceTree = "<group>"; };
		8906EDCF1B17140D005C668F /* NSObject+MJKeyValue.h */ = {isa = PBXFileReference; fileEncoding = 4; lastKnownFileType = sourcecode.c.h; path = "NSObject+MJKeyValue.h"; sourceTree = "<group>"; };
		8906EDD01B17140D005C668F /* NSObject+MJKeyValue.m */ = {isa = PBXFileReference; fileEncoding = 4; lastKnownFileType = sourcecode.c.objc; path = "NSObject+MJKeyValue.m"; sourceTree = "<group>"; };
		8906EDD11B17140D005C668F /* NSObject+MJProperty.h */ = {isa = PBXFileReference; fileEncoding = 4; lastKnownFileType = sourcecode.c.h; path = "NSObject+MJProperty.h"; sourceTree = "<group>"; };
		8906EDD21B17140D005C668F /* NSObject+MJProperty.m */ = {isa = PBXFileReference; fileEncoding = 4; lastKnownFileType = sourcecode.c.objc; path = "NSObject+MJProperty.m"; sourceTree = "<group>"; };
		8906EDD31B17140D005C668F /* NSString+MJExtension.h */ = {isa = PBXFileReference; fileEncoding = 4; lastKnownFileType = sourcecode.c.h; path = "NSString+MJExtension.h"; sourceTree = "<group>"; };
		8906EDD41B17140D005C668F /* NSString+MJExtension.m */ = {isa = PBXFileReference; fileEncoding = 4; lastKnownFileType = sourcecode.c.objc; path = "NSString+MJExtension.m"; sourceTree = "<group>"; };
		891E014E1B16B96600FDF43F /* CoreFMDB.h */ = {isa = PBXFileReference; fileEncoding = 4; lastKnownFileType = sourcecode.c.h; path = CoreFMDB.h; sourceTree = "<group>"; };
		891E014F1B16B96600FDF43F /* CoreFMDB.m */ = {isa = PBXFileReference; fileEncoding = 4; lastKnownFileType = sourcecode.c.objc; path = CoreFMDB.m; sourceTree = "<group>"; };
		891E01521B16B96600FDF43F /* NSString+CoreFMDB.h */ = {isa = PBXFileReference; fileEncoding = 4; lastKnownFileType = sourcecode.c.h; path = "NSString+CoreFMDB.h"; sourceTree = "<group>"; };
		891E01531B16B96600FDF43F /* NSString+CoreFMDB.m */ = {isa = PBXFileReference; fileEncoding = 4; lastKnownFileType = sourcecode.c.objc; path = "NSString+CoreFMDB.m"; sourceTree = "<group>"; };
		891E01551B16B96600FDF43F /* FMDatabase.h */ = {isa = PBXFileReference; fileEncoding = 4; lastKnownFileType = sourcecode.c.h; path = FMDatabase.h; sourceTree = "<group>"; };
		891E01561B16B96600FDF43F /* FMDatabase.m */ = {isa = PBXFileReference; fileEncoding = 4; lastKnownFileType = sourcecode.c.objc; path = FMDatabase.m; sourceTree = "<group>"; };
		891E01571B16B96600FDF43F /* FMDatabaseAdditions.h */ = {isa = PBXFileReference; fileEncoding = 4; lastKnownFileType = sourcecode.c.h; path = FMDatabaseAdditions.h; sourceTree = "<group>"; };
		891E01581B16B96600FDF43F /* FMDatabaseAdditions.m */ = {isa = PBXFileReference; fileEncoding = 4; lastKnownFileType = sourcecode.c.objc; path = FMDatabaseAdditions.m; sourceTree = "<group>"; };
		891E01591B16B96600FDF43F /* FMDatabasePool.h */ = {isa = PBXFileReference; fileEncoding = 4; lastKnownFileType = sourcecode.c.h; path = FMDatabasePool.h; sourceTree = "<group>"; };
		891E015A1B16B96600FDF43F /* FMDatabasePool.m */ = {isa = PBXFileReference; fileEncoding = 4; lastKnownFileType = sourcecode.c.objc; path = FMDatabasePool.m; sourceTree = "<group>"; };
		891E015B1B16B96600FDF43F /* FMDatabaseQueue.h */ = {isa = PBXFileReference; fileEncoding = 4; lastKnownFileType = sourcecode.c.h; path = FMDatabaseQueue.h; sourceTree = "<group>"; };
		891E015C1B16B96600FDF43F /* FMDatabaseQueue.m */ = {isa = PBXFileReference; fileEncoding = 4; lastKnownFileType = sourcecode.c.objc; path = FMDatabaseQueue.m; sourceTree = "<group>"; };
		891E015D1B16B96600FDF43F /* FMDB.h */ = {isa = PBXFileReference; fileEncoding = 4; lastKnownFileType = sourcecode.c.h; path = FMDB.h; sourceTree = "<group>"; };
		891E015E1B16B96600FDF43F /* FMResultSet.h */ = {isa = PBXFileReference; fileEncoding = 4; lastKnownFileType = sourcecode.c.h; path = FMResultSet.h; sourceTree = "<group>"; };
		891E015F1B16B96600FDF43F /* FMResultSet.m */ = {isa = PBXFileReference; fileEncoding = 4; lastKnownFileType = sourcecode.c.objc; path = FMResultSet.m; sourceTree = "<group>"; };
		891E01611B16B96600FDF43F /* CoreFMDBSingleton.h */ = {isa = PBXFileReference; fileEncoding = 4; lastKnownFileType = sourcecode.c.h; path = CoreFMDBSingleton.h; sourceTree = "<group>"; };
		891E018E1B16BA6700FDF43F /* BaseMoelConst.h */ = {isa = PBXFileReference; fileEncoding = 4; lastKnownFileType = sourcecode.c.h; path = BaseMoelConst.h; sourceTree = "<group>"; };
		891E018F1B16BA6700FDF43F /* BaseMoelConst.m */ = {isa = PBXFileReference; fileEncoding = 4; lastKnownFileType = sourcecode.c.objc; path = BaseMoelConst.m; sourceTree = "<group>"; };
		891E01921B16BA6700FDF43F /* NSObject+BaseModelCommon.h */ = {isa = PBXFileReference; fileEncoding = 4; lastKnownFileType = sourcecode.c.h; path = "NSObject+BaseModelCommon.h"; sourceTree = "<group>"; };
		891E01931B16BA6700FDF43F /* NSObject+BaseModelCommon.m */ = {isa = PBXFileReference; fileEncoding = 4; lastKnownFileType = sourcecode.c.objc; path = "NSObject+BaseModelCommon.m"; sourceTree = "<group>"; };
		891E01941B16BA6700FDF43F /* NSObject+Contrast.h */ = {isa = PBXFileReference; fileEncoding = 4; lastKnownFileType = sourcecode.c.h; path = "NSObject+Contrast.h"; sourceTree = "<group>"; };
		891E01951B16BA6700FDF43F /* NSObject+Contrast.m */ = {isa = PBXFileReference; fileEncoding = 4; lastKnownFileType = sourcecode.c.objc; path = "NSObject+Contrast.m"; sourceTree = "<group>"; };
		891E01961B16BA6700FDF43F /* NSObject+Create.h */ = {isa = PBXFileReference; fileEncoding = 4; lastKnownFileType = sourcecode.c.h; path = "NSObject+Create.h"; sourceTree = "<group>"; };
		891E01971B16BA6700FDF43F /* NSObject+Create.m */ = {isa = PBXFileReference; fileEncoding = 4; lastKnownFileType = sourcecode.c.objc; path = "NSObject+Create.m"; sourceTree = "<group>"; };
		891E01981B16BA6700FDF43F /* NSObject+Delete.h */ = {isa = PBXFileReference; fileEncoding = 4; lastKnownFileType = sourcecode.c.h; path = "NSObject+Delete.h"; sourceTree = "<group>"; };
		891E01991B16BA6700FDF43F /* NSObject+Delete.m */ = {isa = PBXFileReference; fileEncoding = 4; lastKnownFileType = sourcecode.c.objc; path = "NSObject+Delete.m"; sourceTree = "<group>"; };
		891E019A1B16BA6700FDF43F /* NSObject+Insert.h */ = {isa = PBXFileReference; fileEncoding = 4; lastKnownFileType = sourcecode.c.h; path = "NSObject+Insert.h"; sourceTree = "<group>"; };
		891E019B1B16BA6700FDF43F /* NSObject+Insert.m */ = {isa = PBXFileReference; fileEncoding = 4; lastKnownFileType = sourcecode.c.objc; path = "NSObject+Insert.m"; sourceTree = "<group>"; };
		891E019C1B16BA6700FDF43F /* NSObject+Save.h */ = {isa = PBXFileReference; fileEncoding = 4; lastKnownFileType = sourcecode.c.h; path = "NSObject+Save.h"; sourceTree = "<group>"; };
		891E019D1B16BA6700FDF43F /* NSObject+Save.m */ = {isa = PBXFileReference; fileEncoding = 4; lastKnownFileType = sourcecode.c.objc; path = "NSObject+Save.m"; sourceTree = "<group>"; };
		891E019E1B16BA6700FDF43F /* NSObject+Select.h */ = {isa = PBXFileReference; fileEncoding = 4; lastKnownFileType = sourcecode.c.h; path = "NSObject+Select.h"; sourceTree = "<group>"; };
		891E019F1B16BA6700FDF43F /* NSObject+Select.m */ = {isa = PBXFileReference; fileEncoding = 4; lastKnownFileType = sourcecode.c.objc; path = "NSObject+Select.m"; sourceTree = "<group>"; };
		891E01A01B16BA6700FDF43F /* NSObject+Update.h */ = {isa = PBXFileReference; fileEncoding = 4; lastKnownFileType = sourcecode.c.h; path = "NSObject+Update.h"; sourceTree = "<group>"; };
		891E01A11B16BA6700FDF43F /* NSObject+Update.m */ = {isa = PBXFileReference; fileEncoding = 4; lastKnownFileType = sourcecode.c.objc; path = "NSObject+Update.m"; sourceTree = "<group>"; };
		891E01A31B16BA6700FDF43F /* NSString+Stackoverflow.h */ = {isa = PBXFileReference; fileEncoding = 4; lastKnownFileType = sourcecode.c.h; path = "NSString+Stackoverflow.h"; sourceTree = "<group>"; };
		891E01A41B16BA6700FDF43F /* NSString+Stackoverflow.m */ = {isa = PBXFileReference; fileEncoding = 4; lastKnownFileType = sourcecode.c.objc; path = "NSString+Stackoverflow.m"; sourceTree = "<group>"; };
		891E01AF1B16BC0400FDF43F /* libsqlite3.0.dylib */ = {isa = PBXFileReference; lastKnownFileType = "compiled.mach-o.dylib"; name = libsqlite3.0.dylib; path = usr/lib/libsqlite3.0.dylib; sourceTree = SDKROOT; };
		891E01B21B16BF4400FDF43F /* BaseModelProtocol.h */ = {isa = PBXFileReference; fileEncoding = 4; lastKnownFileType = sourcecode.c.h; path = BaseModelProtocol.h; sourceTree = "<group>"; };
		891E0F761B16C1A600B20093 /* CoreHttp.h */ = {isa = PBXFileReference; fileEncoding = 4; lastKnownFileType = sourcecode.c.h; path = CoreHttp.h; sourceTree = "<group>"; };
		891E0F771B16C1A600B20093 /* CoreHttp.m */ = {isa = PBXFileReference; fileEncoding = 4; lastKnownFileType = sourcecode.c.objc; path = CoreHttp.m; sourceTree = "<group>"; };
		891E0F791B16C1A600B20093 /* NSString+CoreHttp.h */ = {isa = PBXFileReference; fileEncoding = 4; lastKnownFileType = sourcecode.c.h; path = "NSString+CoreHttp.h"; sourceTree = "<group>"; };
		891E0F7A1B16C1A600B20093 /* NSString+CoreHttp.m */ = {isa = PBXFileReference; fileEncoding = 4; lastKnownFileType = sourcecode.c.objc; path = "NSString+CoreHttp.m"; sourceTree = "<group>"; };
		891E0F7C1B16C1A600B20093 /* NSData+MimeType.h */ = {isa = PBXFileReference; fileEncoding = 4; lastKnownFileType = sourcecode.c.h; path = "NSData+MimeType.h"; sourceTree = "<group>"; };
		891E0F7D1B16C1A600B20093 /* NSData+MimeType.m */ = {isa = PBXFileReference; fileEncoding = 4; lastKnownFileType = sourcecode.c.objc; path = "NSData+MimeType.m"; sourceTree = "<group>"; };
		891E0F7E1B16C1A600B20093 /* NSData+Param.h */ = {isa = PBXFileReference; fileEncoding = 4; lastKnownFileType = sourcecode.c.h; path = "NSData+Param.h"; sourceTree = "<group>"; };
		891E0F7F1B16C1A600B20093 /* NSData+Param.m */ = {isa = PBXFileReference; fileEncoding = 4; lastKnownFileType = sourcecode.c.objc; path = "NSData+Param.m"; sourceTree = "<group>"; };
		891E0F801B16C1A600B20093 /* NSString+File.h */ = {isa = PBXFileReference; fileEncoding = 4; lastKnownFileType = sourcecode.c.h; path = "NSString+File.h"; sourceTree = "<group>"; };
		891E0F811B16C1A600B20093 /* NSString+File.m */ = {isa = PBXFileReference; fileEncoding = 4; lastKnownFileType = sourcecode.c.objc; path = "NSString+File.m"; sourceTree = "<group>"; };
		891E0F821B16C1A600B20093 /* NSURL+File.h */ = {isa = PBXFileReference; fileEncoding = 4; lastKnownFileType = sourcecode.c.h; path = "NSURL+File.h"; sourceTree = "<group>"; };
		891E0F831B16C1A600B20093 /* NSURL+File.m */ = {isa = PBXFileReference; fileEncoding = 4; lastKnownFileType = sourcecode.c.objc; path = "NSURL+File.m"; sourceTree = "<group>"; };
		891E0F841B16C1A600B20093 /* UploadFile.h */ = {isa = PBXFileReference; fileEncoding = 4; lastKnownFileType = sourcecode.c.h; path = UploadFile.h; sourceTree = "<group>"; };
		891E0F851B16C1A600B20093 /* UploadFile.m */ = {isa = PBXFileReference; fileEncoding = 4; lastKnownFileType = sourcecode.c.objc; path = UploadFile.m; sourceTree = "<group>"; };
		891E0F931B16C40F00B20093 /* ContactVC.h */ = {isa = PBXFileReference; fileEncoding = 4; lastKnownFileType = sourcecode.c.h; path = ContactVC.h; sourceTree = "<group>"; };
		891E0F941B16C40F00B20093 /* ContactVC.m */ = {isa = PBXFileReference; fileEncoding = 4; lastKnownFileType = sourcecode.c.objc; path = ContactVC.m; sourceTree = "<group>"; };
		891E0F961B16C42E00B20093 /* ContactModel.h */ = {isa = PBXFileReference; fileEncoding = 4; lastKnownFileType = sourcecode.c.h; path = ContactModel.h; sourceTree = "<group>"; };
		891E0F971B16C42E00B20093 /* ContactModel.m */ = {isa = PBXFileReference; fileEncoding = 4; lastKnownFileType = sourcecode.c.objc; path = ContactModel.m; sourceTree = "<group>"; };
		891E0F9A1B16DBC000B20093 /* NSDictionary+Sqlite.h */ = {isa = PBXFileReference; fileEncoding = 4; lastKnownFileType = sourcecode.c.h; path = "NSDictionary+Sqlite.h"; sourceTree = "<group>"; };
		891E0F9B1B16DBC000B20093 /* NSDictionary+Sqlite.m */ = {isa = PBXFileReference; fileEncoding = 4; lastKnownFileType = sourcecode.c.objc; path = "NSDictionary+Sqlite.m"; sourceTree = "<group>"; };
		891E0FA71B16E1A900B20093 /* NSString+ArcFile.h */ = {isa = PBXFileReference; fileEncoding = 4; lastKnownFileType = sourcecode.c.h; path = "NSString+ArcFile.h"; sourceTree = "<group>"; };
		891E0FA81B16E1A900B20093 /* NSString+ArcFile.m */ = {isa = PBXFileReference; fileEncoding = 4; lastKnownFileType = sourcecode.c.objc; path = "NSString+ArcFile.m"; sourceTree = "<group>"; };
		891E0FA91B16E1A900B20093 /* CoreArchive.h */ = {isa = PBXFileReference; fileEncoding = 4; lastKnownFileType = sourcecode.c.h; path = CoreArchive.h; sourceTree = "<group>"; };
		891E0FAA1B16E1A900B20093 /* CoreArchive.m */ = {isa = PBXFileReference; fileEncoding = 4; lastKnownFileType = sourcecode.c.objc; path = CoreArchive.m; sourceTree = "<group>"; };
		891E0FAE1B16E6F700B20093 /* BaseModelType.h */ = {isa = PBXFileReference; lastKnownFileType = sourcecode.c.h; path = BaseModelType.h; sourceTree = "<group>"; };
		893C7C8A1B21E179003A6D1D /* BaseCellProtocol.h */ = {isa = PBXFileReference; lastKnownFileType = sourcecode.c.h; path = BaseCellProtocol.h; sourceTree = "<group>"; };
		8965A6511B11A8C40067043C /* BaseCell.h */ = {isa = PBXFileReference; fileEncoding = 4; lastKnownFileType = sourcecode.c.h; path = BaseCell.h; sourceTree = "<group>"; };
		8965A6521B11A8C40067043C /* BaseCell.m */ = {isa = PBXFileReference; fileEncoding = 4; lastKnownFileType = sourcecode.c.objc; path = BaseCell.m; sourceTree = "<group>"; };
		8965A6551B11A8E50067043C /* BaseTF.h */ = {isa = PBXFileReference; fileEncoding = 4; lastKnownFileType = sourcecode.c.h; path = BaseTF.h; sourceTree = "<group>"; };
		8965A6561B11A8E50067043C /* BaseTF.m */ = {isa = PBXFileReference; fileEncoding = 4; lastKnownFileType = sourcecode.c.objc; path = BaseTF.m; sourceTree = "<group>"; };
		8965A65A1B11AB2D0067043C /* CoreStatus.h */ = {isa = PBXFileReference; fileEncoding = 4; lastKnownFileType = sourcecode.c.h; path = CoreStatus.h; sourceTree = "<group>"; };
		8965A65B1B11AB2D0067043C /* CoreStatus.m */ = {isa = PBXFileReference; fileEncoding = 4; lastKnownFileType = sourcecode.c.objc; path = CoreStatus.m; sourceTree = "<group>"; };
		8965A65D1B11AB2D0067043C /* Reachability.h */ = {isa = PBXFileReference; fileEncoding = 4; lastKnownFileType = sourcecode.c.h; path = Reachability.h; sourceTree = "<group>"; };
		8965A65E1B11AB2D0067043C /* Reachability.m */ = {isa = PBXFileReference; fileEncoding = 4; lastKnownFileType = sourcecode.c.objc; path = Reachability.m; sourceTree = "<group>"; };
		8965A6631B11AB5C0067043C /* CALayer+Anim.h */ = {isa = PBXFileReference; fileEncoding = 4; lastKnownFileType = sourcecode.c.h; path = "CALayer+Anim.h"; sourceTree = "<group>"; };
		8965A6641B11AB5C0067043C /* CALayer+Anim.m */ = {isa = PBXFileReference; fileEncoding = 4; lastKnownFileType = sourcecode.c.objc; path = "CALayer+Anim.m"; sourceTree = "<group>"; };
		8965A6651B11AB5C0067043C /* CALayer+Transition.h */ = {isa = PBXFileReference; fileEncoding = 4; lastKnownFileType = sourcecode.c.h; path = "CALayer+Transition.h"; sourceTree = "<group>"; };
		8965A6661B11AB5C0067043C /* CALayer+Transition.m */ = {isa = PBXFileReference; fileEncoding = 4; lastKnownFileType = sourcecode.c.objc; path = "CALayer+Transition.m"; sourceTree = "<group>"; };
		8965A6681B11AB5C0067043C /* NSArray+Extend.h */ = {isa = PBXFileReference; fileEncoding = 4; lastKnownFileType = sourcecode.c.h; path = "NSArray+Extend.h"; sourceTree = "<group>"; };
		8965A6691B11AB5C0067043C /* NSArray+Extend.m */ = {isa = PBXFileReference; fileEncoding = 4; lastKnownFileType = sourcecode.c.objc; path = "NSArray+Extend.m"; sourceTree = "<group>"; };
		8965A66B1B11AB5C0067043C /* NSDate+Extend.h */ = {isa = PBXFileReference; fileEncoding = 4; lastKnownFileType = sourcecode.c.h; path = "NSDate+Extend.h"; sourceTree = "<group>"; };
		8965A66C1B11AB5C0067043C /* NSDate+Extend.m */ = {isa = PBXFileReference; fileEncoding = 4; lastKnownFileType = sourcecode.c.objc; path = "NSDate+Extend.m"; sourceTree = "<group>"; };
		8965A66E1B11AB5C0067043C /* NSObject+Extend.h */ = {isa = PBXFileReference; fileEncoding = 4; lastKnownFileType = sourcecode.c.h; path = "NSObject+Extend.h"; sourceTree = "<group>"; };
		8965A66F1B11AB5C0067043C /* NSObject+Extend.m */ = {isa = PBXFileReference; fileEncoding = 4; lastKnownFileType = sourcecode.c.objc; path = "NSObject+Extend.m"; sourceTree = "<group>"; };
		8965A6711B11AB5C0067043C /* NSString+Extend.h */ = {isa = PBXFileReference; fileEncoding = 4; lastKnownFileType = sourcecode.c.h; path = "NSString+Extend.h"; sourceTree = "<group>"; };
		8965A6721B11AB5C0067043C /* NSString+Extend.m */ = {isa = PBXFileReference; fileEncoding = 4; lastKnownFileType = sourcecode.c.objc; path = "NSString+Extend.m"; sourceTree = "<group>"; };
		8965A6731B11AB5C0067043C /* NSString+Password.h */ = {isa = PBXFileReference; fileEncoding = 4; lastKnownFileType = sourcecode.c.h; path = "NSString+Password.h"; sourceTree = "<group>"; };
		8965A6741B11AB5C0067043C /* NSString+Password.m */ = {isa = PBXFileReference; fileEncoding = 4; lastKnownFileType = sourcecode.c.objc; path = "NSString+Password.m"; sourceTree = "<group>"; };
		8965A6761B11AB5C0067043C /* UIColor+Extend.h */ = {isa = PBXFileReference; fileEncoding = 4; lastKnownFileType = sourcecode.c.h; path = "UIColor+Extend.h"; sourceTree = "<group>"; };
		8965A6771B11AB5C0067043C /* UIColor+Extend.m */ = {isa = PBXFileReference; fileEncoding = 4; lastKnownFileType = sourcecode.c.objc; path = "UIColor+Extend.m"; sourceTree = "<group>"; };
		8965A6791B11AB5C0067043C /* UIDevice+Extend.h */ = {isa = PBXFileReference; fileEncoding = 4; lastKnownFileType = sourcecode.c.h; path = "UIDevice+Extend.h"; sourceTree = "<group>"; };
		8965A67A1B11AB5C0067043C /* UIDevice+Extend.m */ = {isa = PBXFileReference; fileEncoding = 4; lastKnownFileType = sourcecode.c.objc; path = "UIDevice+Extend.m"; sourceTree = "<group>"; };
		8965A67C1B11AB5C0067043C /* UIFont+Extend.h */ = {isa = PBXFileReference; fileEncoding = 4; lastKnownFileType = sourcecode.c.h; path = "UIFont+Extend.h"; sourceTree = "<group>"; };
		8965A67D1B11AB5C0067043C /* UIFont+Extend.m */ = {isa = PBXFileReference; fileEncoding = 4; lastKnownFileType = sourcecode.c.objc; path = "UIFont+Extend.m"; sourceTree = "<group>"; };
		8965A67F1B11AB5C0067043C /* UIImage+Color.h */ = {isa = PBXFileReference; fileEncoding = 4; lastKnownFileType = sourcecode.c.h; path = "UIImage+Color.h"; sourceTree = "<group>"; };
		8965A6801B11AB5C0067043C /* UIImage+Color.m */ = {isa = PBXFileReference; fileEncoding = 4; lastKnownFileType = sourcecode.c.objc; path = "UIImage+Color.m"; sourceTree = "<group>"; };
		8965A6811B11AB5C0067043C /* UIImage+Cut.h */ = {isa = PBXFileReference; fileEncoding = 4; lastKnownFileType = sourcecode.c.h; path = "UIImage+Cut.h"; sourceTree = "<group>"; };
		8965A6821B11AB5C0067043C /* UIImage+Cut.m */ = {isa = PBXFileReference; fileEncoding = 4; lastKnownFileType = sourcecode.c.objc; path = "UIImage+Cut.m"; sourceTree = "<group>"; };
		8965A6831B11AB5C0067043C /* UIImage+Extend.h */ = {isa = PBXFileReference; fileEncoding = 4; lastKnownFileType = sourcecode.c.h; path = "UIImage+Extend.h"; sourceTree = "<group>"; };
		8965A6841B11AB5C0067043C /* UIImage+Extend.m */ = {isa = PBXFileReference; fileEncoding = 4; lastKnownFileType = sourcecode.c.objc; path = "UIImage+Extend.m"; sourceTree = "<group>"; };
		8965A6851B11AB5C0067043C /* UIImage+FixOrientation.h */ = {isa = PBXFileReference; fileEncoding = 4; lastKnownFileType = sourcecode.c.h; path = "UIImage+FixOrientation.h"; sourceTree = "<group>"; };
		8965A6861B11AB5C0067043C /* UIImage+FixOrientation.m */ = {isa = PBXFileReference; fileEncoding = 4; lastKnownFileType = sourcecode.c.objc; path = "UIImage+FixOrientation.m"; sourceTree = "<group>"; };
		8965A6871B11AB5C0067043C /* UIImage+Water.h */ = {isa = PBXFileReference; fileEncoding = 4; lastKnownFileType = sourcecode.c.h; path = "UIImage+Water.h"; sourceTree = "<group>"; };
		8965A6881B11AB5C0067043C /* UIImage+Water.m */ = {isa = PBXFileReference; fileEncoding = 4; lastKnownFileType = sourcecode.c.objc; path = "UIImage+Water.m"; sourceTree = "<group>"; };
		8965A68A1B11AB5C0067043C /* UITableViewCell+Extend.h */ = {isa = PBXFileReference; fileEncoding = 4; lastKnownFileType = sourcecode.c.h; path = "UITableViewCell+Extend.h"; sourceTree = "<group>"; };
		8965A68B1B11AB5C0067043C /* UITableViewCell+Extend.m */ = {isa = PBXFileReference; fileEncoding = 4; lastKnownFileType = sourcecode.c.objc; path = "UITableViewCell+Extend.m"; sourceTree = "<group>"; };
		8965A68D1B11AB5C0067043C /* UIView+Extend.h */ = {isa = PBXFileReference; fileEncoding = 4; lastKnownFileType = sourcecode.c.h; path = "UIView+Extend.h"; sourceTree = "<group>"; };
		8965A68E1B11AB5C0067043C /* UIView+Extend.m */ = {isa = PBXFileReference; fileEncoding = 4; lastKnownFileType = sourcecode.c.objc; path = "UIView+Extend.m"; sourceTree = "<group>"; };
		8965A6901B11AB5C0067043C /* UIWindow+Launch.h */ = {isa = PBXFileReference; fileEncoding = 4; lastKnownFileType = sourcecode.c.h; path = "UIWindow+Launch.h"; sourceTree = "<group>"; };
		8965A6911B11AB5C0067043C /* UIWindow+Launch.m */ = {isa = PBXFileReference; fileEncoding = 4; lastKnownFileType = sourcecode.c.objc; path = "UIWindow+Launch.m"; sourceTree = "<group>"; };
		897884831B219D3500033B01 /* BasePageModelProtocol.h */ = {isa = PBXFileReference; lastKnownFileType = sourcecode.c.h; path = BasePageModelProtocol.h; sourceTree = "<group>"; };
		89B9E8DC1B213A9C001C054A /* ReadMe.h */ = {isa = PBXFileReference; lastKnownFileType = sourcecode.c.h; path = ReadMe.h; sourceTree = "<group>"; };
		89B9E8E41B21407F001C054A /* NewsVC.h */ = {isa = PBXFileReference; fileEncoding = 4; lastKnownFileType = sourcecode.c.h; path = NewsVC.h; sourceTree = "<group>"; };
		89B9E8E51B21407F001C054A /* NewsVC.m */ = {isa = PBXFileReference; fileEncoding = 4; lastKnownFileType = sourcecode.c.objc; path = NewsVC.m; sourceTree = "<group>"; };
		89B9E8E61B21407F001C054A /* NewsVC.xib */ = {isa = PBXFileReference; fileEncoding = 4; lastKnownFileType = file.xib; path = NewsVC.xib; sourceTree = "<group>"; };
		89B9E8E91B2140A0001C054A /* NewsModel.h */ = {isa = PBXFileReference; fileEncoding = 4; lastKnownFileType = sourcecode.c.h; path = NewsModel.h; sourceTree = "<group>"; };
		89B9E8EA1B2140A0001C054A /* NewsModel.m */ = {isa = PBXFileReference; fileEncoding = 4; lastKnownFileType = sourcecode.c.objc; path = NewsModel.m; sourceTree = "<group>"; };
		EE5839071AB98EDD00516AC1 /* CoreClass.app */ = {isa = PBXFileReference; explicitFileType = wrapper.application; includeInIndex = 0; path = CoreClass.app; sourceTree = BUILT_PRODUCTS_DIR; };
		EE58390B1AB98EDD00516AC1 /* Info.plist */ = {isa = PBXFileReference; lastKnownFileType = text.plist.xml; path = Info.plist; sourceTree = "<group>"; };
		EE58390C1AB98EDD00516AC1 /* main.m */ = {isa = PBXFileReference; lastKnownFileType = sourcecode.c.objc; path = main.m; sourceTree = "<group>"; };
		EE58390E1AB98EDD00516AC1 /* AppDelegate.h */ = {isa = PBXFileReference; lastKnownFileType = sourcecode.c.h; path = AppDelegate.h; sourceTree = "<group>"; };
		EE58390F1AB98EDD00516AC1 /* AppDelegate.m */ = {isa = PBXFileReference; lastKnownFileType = sourcecode.c.objc; path = AppDelegate.m; sourceTree = "<group>"; };
		EE5839111AB98EDD00516AC1 /* ViewController.h */ = {isa = PBXFileReference; lastKnownFileType = sourcecode.c.h; path = ViewController.h; sourceTree = "<group>"; };
		EE5839121AB98EDD00516AC1 /* ViewController.m */ = {isa = PBXFileReference; lastKnownFileType = sourcecode.c.objc; path = ViewController.m; sourceTree = "<group>"; };
		EE5839151AB98EDD00516AC1 /* Base */ = {isa = PBXFileReference; lastKnownFileType = file.storyboard; name = Base; path = Base.lproj/Main.storyboard; sourceTree = "<group>"; };
		EE5839171AB98EDD00516AC1 /* Images.xcassets */ = {isa = PBXFileReference; lastKnownFileType = folder.assetcatalog; path = Images.xcassets; sourceTree = "<group>"; };
		EE58391A1AB98EDD00516AC1 /* Base */ = {isa = PBXFileReference; lastKnownFileType = file.xib; name = Base; path = Base.lproj/LaunchScreen.xib; sourceTree = "<group>"; };
		EE5839201AB98EDD00516AC1 /* CoreClassTests.xctest */ = {isa = PBXFileReference; explicitFileType = wrapper.cfbundle; includeInIndex = 0; path = CoreClassTests.xctest; sourceTree = BUILT_PRODUCTS_DIR; };
		EE5839251AB98EDD00516AC1 /* Info.plist */ = {isa = PBXFileReference; lastKnownFileType = text.plist.xml; path = Info.plist; sourceTree = "<group>"; };
		EE5839261AB98EDD00516AC1 /* CoreClassTests.m */ = {isa = PBXFileReference; lastKnownFileType = sourcecode.c.objc; path = CoreClassTests.m; sourceTree = "<group>"; };
		EE5839331AB98EE900516AC1 /* BaseNav.h */ = {isa = PBXFileReference; fileEncoding = 4; lastKnownFileType = sourcecode.c.h; path = BaseNav.h; sourceTree = "<group>"; };
		EE5839341AB98EE900516AC1 /* BaseNav.m */ = {isa = PBXFileReference; fileEncoding = 4; lastKnownFileType = sourcecode.c.objc; path = BaseNav.m; sourceTree = "<group>"; };
		EE5839361AB98EE900516AC1 /* CoreNavigationController.h */ = {isa = PBXFileReference; fileEncoding = 4; lastKnownFileType = sourcecode.c.h; path = CoreNavigationController.h; sourceTree = "<group>"; };
		EE5839371AB98EE900516AC1 /* CoreNavigationController.m */ = {isa = PBXFileReference; fileEncoding = 4; lastKnownFileType = sourcecode.c.objc; path = CoreNavigationController.m; sourceTree = "<group>"; };
		EE5839391AB98EE900516AC1 /* NetWork.bundle */ = {isa = PBXFileReference; lastKnownFileType = "wrapper.plug-in"; path = NetWork.bundle; sourceTree = "<group>"; };
		EE58393A1AB98EE900516AC1 /* ToolNetWorkSolveVC.h */ = {isa = PBXFileReference; fileEncoding = 4; lastKnownFileType = sourcecode.c.h; path = ToolNetWorkSolveVC.h; sourceTree = "<group>"; };
		EE58393B1AB98EE900516AC1 /* ToolNetWorkSolveVC.m */ = {isa = PBXFileReference; fileEncoding = 4; lastKnownFileType = sourcecode.c.objc; path = ToolNetWorkSolveVC.m; sourceTree = "<group>"; };
		EE58393C1AB98EE900516AC1 /* ToolNetWorkSolveVC.xib */ = {isa = PBXFileReference; fileEncoding = 4; lastKnownFileType = file.xib; path = ToolNetWorkSolveVC.xib; sourceTree = "<group>"; };
		EE58393D1AB98EE900516AC1 /* ToolNetWorkView.h */ = {isa = PBXFileReference; fileEncoding = 4; lastKnownFileType = sourcecode.c.h; path = ToolNetWorkView.h; sourceTree = "<group>"; };
		EE58393E1AB98EE900516AC1 /* ToolNetWorkView.m */ = {isa = PBXFileReference; fileEncoding = 4; lastKnownFileType = sourcecode.c.objc; path = ToolNetWorkView.m; sourceTree = "<group>"; };
		EE58393F1AB98EE900516AC1 /* ToolNetWorkView.xib */ = {isa = PBXFileReference; fileEncoding = 4; lastKnownFileType = file.xib; path = ToolNetWorkView.xib; sourceTree = "<group>"; };
		EE5839401AB98EE900516AC1 /* UIBarButtonItem+Appearance.h */ = {isa = PBXFileReference; fileEncoding = 4; lastKnownFileType = sourcecode.c.h; path = "UIBarButtonItem+Appearance.h"; sourceTree = "<group>"; };
		EE5839411AB98EE900516AC1 /* UIBarButtonItem+Appearance.m */ = {isa = PBXFileReference; fileEncoding = 4; lastKnownFileType = sourcecode.c.objc; path = "UIBarButtonItem+Appearance.m"; sourceTree = "<group>"; };
		EE5839421AB98EE900516AC1 /* UINavigationController+Appearance.h */ = {isa = PBXFileReference; fileEncoding = 4; lastKnownFileType = sourcecode.c.h; path = "UINavigationController+Appearance.h"; sourceTree = "<group>"; };
		EE5839431AB98EE900516AC1 /* UINavigationController+Appearance.m */ = {isa = PBXFileReference; fileEncoding = 4; lastKnownFileType = sourcecode.c.objc; path = "UINavigationController+Appearance.m"; sourceTree = "<group>"; };
		EE5839451AB98EE900516AC1 /* BaseModel.h */ = {isa = PBXFileReference; fileEncoding = 4; lastKnownFileType = sourcecode.c.h; path = BaseModel.h; sourceTree = "<group>"; };
		EE5839461AB98EE900516AC1 /* BaseModel.m */ = {isa = PBXFileReference; fileEncoding = 4; lastKnownFileType = sourcecode.c.objc; path = BaseModel.m; sourceTree = "<group>"; };
/* End PBXFileReference section */

/* Begin PBXFrameworksBuildPhase section */
		EE5839041AB98EDD00516AC1 /* Frameworks */ = {
			isa = PBXFrameworksBuildPhase;
			buildActionMask = 2147483647;
			files = (
				891E01B01B16BC0400FDF43F /* libsqlite3.0.dylib in Frameworks */,
			);
			runOnlyForDeploymentPostprocessing = 0;
		};
		EE58391D1AB98EDD00516AC1 /* Frameworks */ = {
			isa = PBXFrameworksBuildPhase;
			buildActionMask = 2147483647;
			files = (
			);
			runOnlyForDeploymentPostprocessing = 0;
		};
/* End PBXFrameworksBuildPhase section */

/* Begin PBXGroup section */
		8906EDB91B170B3E005C668F /* Home */ = {
			isa = PBXGroup;
			children = (
				8906EDBC1B170B50005C668F /* Controller */,
				8906EDBB1B170B4C005C668F /* Model */,
				8906EDBA1B170B48005C668F /* View */,
			);
			name = Home;
			sourceTree = "<group>";
		};
		8906EDBA1B170B48005C668F /* View */ = {
			isa = PBXGroup;
			children = (
			);
			name = View;
			sourceTree = "<group>";
		};
		8906EDBB1B170B4C005C668F /* Model */ = {
			isa = PBXGroup;
			children = (
				8906EDC01B170C6F005C668F /* MeauModel.h */,
				8906EDC11B170C6F005C668F /* MeauModel.m */,
			);
			name = Model;
			sourceTree = "<group>";
		};
		8906EDBC1B170B50005C668F /* Controller */ = {
			isa = PBXGroup;
			children = (
				8906EDBD1B170B6A005C668F /* HomeVC.h */,
				8906EDBE1B170B6A005C668F /* HomeVC.m */,
			);
			name = Controller;
			sourceTree = "<group>";
		};
		8906EDC31B17140C005C668F /* MJExtension */ = {
			isa = PBXGroup;
			children = (
				8906EDC41B17140C005C668F /* MJConst.h */,
				8906EDC51B17140C005C668F /* MJConst.m */,
				8906EDC61B17140C005C668F /* MJExtension.h */,
				8906EDC71B17140C005C668F /* MJFoundation.h */,
				8906EDC81B17140C005C668F /* MJFoundation.m */,
				8906EDC91B17140C005C668F /* MJProperty.h */,
				8906EDCA1B17140D005C668F /* MJProperty.m */,
				8906EDCB1B17140D005C668F /* MJType.h */,
				8906EDCC1B17140D005C668F /* MJType.m */,
				8906EDCD1B17140D005C668F /* NSObject+MJCoding.h */,
				8906EDCE1B17140D005C668F /* NSObject+MJCoding.m */,
				8906EDCF1B17140D005C668F /* NSObject+MJKeyValue.h */,
				8906EDD01B17140D005C668F /* NSObject+MJKeyValue.m */,
				8906EDD11B17140D005C668F /* NSObject+MJProperty.h */,
				8906EDD21B17140D005C668F /* NSObject+MJProperty.m */,
				8906EDD31B17140D005C668F /* NSString+MJExtension.h */,
				8906EDD41B17140D005C668F /* NSString+MJExtension.m */,
			);
			path = MJExtension;
			sourceTree = "<group>";
		};
		891E014D1B16B96600FDF43F /* CoreFMDB */ = {
			isa = PBXGroup;
			children = (
				891E014E1B16B96600FDF43F /* CoreFMDB.h */,
				891E014F1B16B96600FDF43F /* CoreFMDB.m */,
				891E01501B16B96600FDF43F /* Lib */,
			);
			path = CoreFMDB;
			sourceTree = "<group>";
		};
		891E01501B16B96600FDF43F /* Lib */ = {
			isa = PBXGroup;
			children = (
				891E01511B16B96600FDF43F /* Category */,
				891E01541B16B96600FDF43F /* fmdb */,
				891E01601B16B96600FDF43F /* Singleton */,
			);
			path = Lib;
			sourceTree = "<group>";
		};
		891E01511B16B96600FDF43F /* Category */ = {
			isa = PBXGroup;
			children = (
				891E01521B16B96600FDF43F /* NSString+CoreFMDB.h */,
				891E01531B16B96600FDF43F /* NSString+CoreFMDB.m */,
			);
			path = Category;
			sourceTree = "<group>";
		};
		891E01541B16B96600FDF43F /* fmdb */ = {
			isa = PBXGroup;
			children = (
				891E01551B16B96600FDF43F /* FMDatabase.h */,
				891E01561B16B96600FDF43F /* FMDatabase.m */,
				891E01571B16B96600FDF43F /* FMDatabaseAdditions.h */,
				891E01581B16B96600FDF43F /* FMDatabaseAdditions.m */,
				891E01591B16B96600FDF43F /* FMDatabasePool.h */,
				891E015A1B16B96600FDF43F /* FMDatabasePool.m */,
				891E015B1B16B96600FDF43F /* FMDatabaseQueue.h */,
				891E015C1B16B96600FDF43F /* FMDatabaseQueue.m */,
				891E015D1B16B96600FDF43F /* FMDB.h */,
				891E015E1B16B96600FDF43F /* FMResultSet.h */,
				891E015F1B16B96600FDF43F /* FMResultSet.m */,
			);
			path = fmdb;
			sourceTree = "<group>";
		};
		891E01601B16B96600FDF43F /* Singleton */ = {
			isa = PBXGroup;
			children = (
				891E01611B16B96600FDF43F /* CoreFMDBSingleton.h */,
			);
			path = Singleton;
			sourceTree = "<group>";
		};
		891E018C1B16BA6700FDF43F /* Lib */ = {
			isa = PBXGroup;
			children = (
				891E0FAD1B16E6E800B20093 /* Type */,
				891E01B11B16BF2C00FDF43F /* Protocol */,
				891E018D1B16BA6700FDF43F /* BaseMoelConst */,
				891E01901B16BA6700FDF43F /* Category */,
			);
			path = Lib;
			sourceTree = "<group>";
		};
		891E018D1B16BA6700FDF43F /* BaseMoelConst */ = {
			isa = PBXGroup;
			children = (
				891E018E1B16BA6700FDF43F /* BaseMoelConst.h */,
				891E018F1B16BA6700FDF43F /* BaseMoelConst.m */,
			);
			path = BaseMoelConst;
			sourceTree = "<group>";
		};
		891E01901B16BA6700FDF43F /* Category */ = {
			isa = PBXGroup;
			children = (
				891E0F991B16DB9300B20093 /* NSDictionary */,
				891E01911B16BA6700FDF43F /* NSObject */,
				891E01A21B16BA6700FDF43F /* NSString */,
			);
			path = Category;
			sourceTree = "<group>";
		};
		891E01911B16BA6700FDF43F /* NSObject */ = {
			isa = PBXGroup;
			children = (
				891E01921B16BA6700FDF43F /* NSObject+BaseModelCommon.h */,
				891E01931B16BA6700FDF43F /* NSObject+BaseModelCommon.m */,
				891E01941B16BA6700FDF43F /* NSObject+Contrast.h */,
				891E01951B16BA6700FDF43F /* NSObject+Contrast.m */,
				891E01961B16BA6700FDF43F /* NSObject+Create.h */,
				891E01971B16BA6700FDF43F /* NSObject+Create.m */,
				891E01981B16BA6700FDF43F /* NSObject+Delete.h */,
				891E01991B16BA6700FDF43F /* NSObject+Delete.m */,
				891E019A1B16BA6700FDF43F /* NSObject+Insert.h */,
				891E019B1B16BA6700FDF43F /* NSObject+Insert.m */,
				891E019C1B16BA6700FDF43F /* NSObject+Save.h */,
				891E019D1B16BA6700FDF43F /* NSObject+Save.m */,
				891E019E1B16BA6700FDF43F /* NSObject+Select.h */,
				891E019F1B16BA6700FDF43F /* NSObject+Select.m */,
				891E01A01B16BA6700FDF43F /* NSObject+Update.h */,
				891E01A11B16BA6700FDF43F /* NSObject+Update.m */,
			);
			path = NSObject;
			sourceTree = "<group>";
		};
		891E01A21B16BA6700FDF43F /* NSString */ = {
			isa = PBXGroup;
			children = (
				891E01A31B16BA6700FDF43F /* NSString+Stackoverflow.h */,
				891E01A41B16BA6700FDF43F /* NSString+Stackoverflow.m */,
			);
			path = NSString;
			sourceTree = "<group>";
		};
		891E01B11B16BF2C00FDF43F /* Protocol */ = {
			isa = PBXGroup;
			children = (
				891E01B21B16BF4400FDF43F /* BaseModelProtocol.h */,
				897884831B219D3500033B01 /* BasePageModelProtocol.h */,
			);
			path = Protocol;
			sourceTree = "<group>";
		};
		891E0F751B16C1A600B20093 /* CoreHttp */ = {
			isa = PBXGroup;
			children = (
				891E0F761B16C1A600B20093 /* CoreHttp.h */,
				891E0F771B16C1A600B20093 /* CoreHttp.m */,
				891E0F781B16C1A600B20093 /* NSString+CoreHttp */,
				891E0F7B1B16C1A600B20093 /* Upload */,
			);
			path = CoreHttp;
			sourceTree = "<group>";
		};
		891E0F781B16C1A600B20093 /* NSString+CoreHttp */ = {
			isa = PBXGroup;
			children = (
				891E0F791B16C1A600B20093 /* NSString+CoreHttp.h */,
				891E0F7A1B16C1A600B20093 /* NSString+CoreHttp.m */,
			);
			path = "NSString+CoreHttp";
			sourceTree = "<group>";
		};
		891E0F7B1B16C1A600B20093 /* Upload */ = {
			isa = PBXGroup;
			children = (
				891E0F7C1B16C1A600B20093 /* NSData+MimeType.h */,
				891E0F7D1B16C1A600B20093 /* NSData+MimeType.m */,
				891E0F7E1B16C1A600B20093 /* NSData+Param.h */,
				891E0F7F1B16C1A600B20093 /* NSData+Param.m */,
				891E0F801B16C1A600B20093 /* NSString+File.h */,
				891E0F811B16C1A600B20093 /* NSString+File.m */,
				891E0F821B16C1A600B20093 /* NSURL+File.h */,
				891E0F831B16C1A600B20093 /* NSURL+File.m */,
				891E0F841B16C1A600B20093 /* UploadFile.h */,
				891E0F851B16C1A600B20093 /* UploadFile.m */,
			);
			path = Upload;
			sourceTree = "<group>";
		};
		891E0F8D1B16C37700B20093 /* APP */ = {
			isa = PBXGroup;
			children = (
				891E0F8E1B16C38A00B20093 /* Modules */,
				EE58390E1AB98EDD00516AC1 /* AppDelegate.h */,
				EE58390F1AB98EDD00516AC1 /* AppDelegate.m */,
				EE5839111AB98EDD00516AC1 /* ViewController.h */,
				EE5839121AB98EDD00516AC1 /* ViewController.m */,
				EE5839141AB98EDD00516AC1 /* Main.storyboard */,
			);
			name = APP;
			sourceTree = "<group>";
		};
		891E0F8E1B16C38A00B20093 /* Modules */ = {
			isa = PBXGroup;
			children = (
				89B9E8DD1B213FC0001C054A /* News */,
				8906EDB91B170B3E005C668F /* Home */,
				891E0F8F1B16C39B00B20093 /* Contact */,
			);
			name = Modules;
			sourceTree = "<group>";
		};
		891E0F8F1B16C39B00B20093 /* Contact */ = {
			isa = PBXGroup;
			children = (
				891E0F921B16C3BE00B20093 /* Controller */,
				891E0F911B16C3B700B20093 /* Model */,
				891E0F901B16C3AF00B20093 /* View */,
			);
			name = Contact;
			sourceTree = "<group>";
		};
		891E0F901B16C3AF00B20093 /* View */ = {
			isa = PBXGroup;
			children = (
			);
			name = View;
			sourceTree = "<group>";
		};
		891E0F911B16C3B700B20093 /* Model */ = {
			isa = PBXGroup;
			children = (
				891E0F961B16C42E00B20093 /* ContactModel.h */,
				891E0F971B16C42E00B20093 /* ContactModel.m */,
			);
			name = Model;
			sourceTree = "<group>";
		};
		891E0F921B16C3BE00B20093 /* Controller */ = {
			isa = PBXGroup;
			children = (
				891E0F931B16C40F00B20093 /* ContactVC.h */,
				891E0F941B16C40F00B20093 /* ContactVC.m */,
			);
			name = Controller;
			sourceTree = "<group>";
		};
		891E0F991B16DB9300B20093 /* NSDictionary */ = {
			isa = PBXGroup;
			children = (
				891E0F9A1B16DBC000B20093 /* NSDictionary+Sqlite.h */,
				891E0F9B1B16DBC000B20093 /* NSDictionary+Sqlite.m */,
			);
			path = NSDictionary;
			sourceTree = "<group>";
		};
		891E0FA51B16E1A900B20093 /* CoreArchive */ = {
			isa = PBXGroup;
			children = (
				891E0FA61B16E1A900B20093 /* Category */,
				891E0FA91B16E1A900B20093 /* CoreArchive.h */,
				891E0FAA1B16E1A900B20093 /* CoreArchive.m */,
			);
			path = CoreArchive;
			sourceTree = "<group>";
		};
		891E0FA61B16E1A900B20093 /* Category */ = {
			isa = PBXGroup;
			children = (
				891E0FA71B16E1A900B20093 /* NSString+ArcFile.h */,
				891E0FA81B16E1A900B20093 /* NSString+ArcFile.m */,
			);
			path = Category;
			sourceTree = "<group>";
		};
		891E0FAD1B16E6E800B20093 /* Type */ = {
			isa = PBXGroup;
			children = (
				891E0FAE1B16E6F700B20093 /* BaseModelType.h */,
			);
			path = Type;
			sourceTree = "<group>";
		};
		8965A64F1B11A8C40067043C /* View */ = {
			isa = PBXGroup;
			children = (
				8965A6501B11A8C40067043C /* TableViewCell */,
				8965A6531B11A8C40067043C /* TextField */,
			);
			path = View;
			sourceTree = "<group>";
		};
		8965A6501B11A8C40067043C /* TableViewCell */ = {
			isa = PBXGroup;
			children = (
				8965A6511B11A8C40067043C /* BaseCell.h */,
				8965A6521B11A8C40067043C /* BaseCell.m */,
				893C7C8A1B21E179003A6D1D /* BaseCellProtocol.h */,
			);
			path = TableViewCell;
			sourceTree = "<group>";
		};
		8965A6531B11A8C40067043C /* TextField */ = {
			isa = PBXGroup;
			children = (
				8965A6551B11A8E50067043C /* BaseTF.h */,
				8965A6561B11A8E50067043C /* BaseTF.m */,
			);
			path = TextField;
			sourceTree = "<group>";
		};
		8965A6581B11AA3C0067043C /* Frameworks */ = {
			isa = PBXGroup;
			children = (
				8906EDC31B17140C005C668F /* MJExtension */,
				891E0FA51B16E1A900B20093 /* CoreArchive */,
				891E0F751B16C1A600B20093 /* CoreHttp */,
				891E014D1B16B96600FDF43F /* CoreFMDB */,
				8965A6611B11AB5C0067043C /* CoreCategory */,
				8965A6591B11AB2D0067043C /* CoreStatus */,
			);
			path = Frameworks;
			sourceTree = "<group>";
		};
		8965A6591B11AB2D0067043C /* CoreStatus */ = {
			isa = PBXGroup;
			children = (
				8965A65A1B11AB2D0067043C /* CoreStatus.h */,
				8965A65B1B11AB2D0067043C /* CoreStatus.m */,
				8965A65C1B11AB2D0067043C /* Reachability */,
			);
			path = CoreStatus;
			sourceTree = "<group>";
		};
		8965A65C1B11AB2D0067043C /* Reachability */ = {
			isa = PBXGroup;
			children = (
				8965A65D1B11AB2D0067043C /* Reachability.h */,
				8965A65E1B11AB2D0067043C /* Reachability.m */,
			);
			path = Reachability;
			sourceTree = "<group>";
		};
		8965A6611B11AB5C0067043C /* CoreCategory */ = {
			isa = PBXGroup;
			children = (
				8965A6621B11AB5C0067043C /* CALayer */,
				8965A6671B11AB5C0067043C /* NSArray */,
				8965A66A1B11AB5C0067043C /* NSDate */,
				8965A66D1B11AB5C0067043C /* NSObject */,
				8965A6701B11AB5C0067043C /* NSString */,
				8965A6751B11AB5C0067043C /* UIColor */,
				8965A6781B11AB5C0067043C /* UIDevice */,
				8965A67B1B11AB5C0067043C /* UIFont */,
				8965A67E1B11AB5C0067043C /* UIImage */,
				8965A6891B11AB5C0067043C /* UITableViewCell */,
				8965A68C1B11AB5C0067043C /* UIView */,
				8965A68F1B11AB5C0067043C /* UIWindow */,
			);
			path = CoreCategory;
			sourceTree = "<group>";
		};
		8965A6621B11AB5C0067043C /* CALayer */ = {
			isa = PBXGroup;
			children = (
				8965A6631B11AB5C0067043C /* CALayer+Anim.h */,
				8965A6641B11AB5C0067043C /* CALayer+Anim.m */,
				8965A6651B11AB5C0067043C /* CALayer+Transition.h */,
				8965A6661B11AB5C0067043C /* CALayer+Transition.m */,
			);
			path = CALayer;
			sourceTree = "<group>";
		};
		8965A6671B11AB5C0067043C /* NSArray */ = {
			isa = PBXGroup;
			children = (
				8965A6681B11AB5C0067043C /* NSArray+Extend.h */,
				8965A6691B11AB5C0067043C /* NSArray+Extend.m */,
			);
			path = NSArray;
			sourceTree = "<group>";
		};
		8965A66A1B11AB5C0067043C /* NSDate */ = {
			isa = PBXGroup;
			children = (
				8965A66B1B11AB5C0067043C /* NSDate+Extend.h */,
				8965A66C1B11AB5C0067043C /* NSDate+Extend.m */,
			);
			path = NSDate;
			sourceTree = "<group>";
		};
		8965A66D1B11AB5C0067043C /* NSObject */ = {
			isa = PBXGroup;
			children = (
				8965A66E1B11AB5C0067043C /* NSObject+Extend.h */,
				8965A66F1B11AB5C0067043C /* NSObject+Extend.m */,
			);
			path = NSObject;
			sourceTree = "<group>";
		};
		8965A6701B11AB5C0067043C /* NSString */ = {
			isa = PBXGroup;
			children = (
				8965A6711B11AB5C0067043C /* NSString+Extend.h */,
				8965A6721B11AB5C0067043C /* NSString+Extend.m */,
				8965A6731B11AB5C0067043C /* NSString+Password.h */,
				8965A6741B11AB5C0067043C /* NSString+Password.m */,
			);
			path = NSString;
			sourceTree = "<group>";
		};
		8965A6751B11AB5C0067043C /* UIColor */ = {
			isa = PBXGroup;
			children = (
				8965A6761B11AB5C0067043C /* UIColor+Extend.h */,
				8965A6771B11AB5C0067043C /* UIColor+Extend.m */,
			);
			path = UIColor;
			sourceTree = "<group>";
		};
		8965A6781B11AB5C0067043C /* UIDevice */ = {
			isa = PBXGroup;
			children = (
				8965A6791B11AB5C0067043C /* UIDevice+Extend.h */,
				8965A67A1B11AB5C0067043C /* UIDevice+Extend.m */,
			);
			path = UIDevice;
			sourceTree = "<group>";
		};
		8965A67B1B11AB5C0067043C /* UIFont */ = {
			isa = PBXGroup;
			children = (
				8965A67C1B11AB5C0067043C /* UIFont+Extend.h */,
				8965A67D1B11AB5C0067043C /* UIFont+Extend.m */,
			);
			path = UIFont;
			sourceTree = "<group>";
		};
		8965A67E1B11AB5C0067043C /* UIImage */ = {
			isa = PBXGroup;
			children = (
				8965A67F1B11AB5C0067043C /* UIImage+Color.h */,
				8965A6801B11AB5C0067043C /* UIImage+Color.m */,
				8965A6811B11AB5C0067043C /* UIImage+Cut.h */,
				8965A6821B11AB5C0067043C /* UIImage+Cut.m */,
				8965A6831B11AB5C0067043C /* UIImage+Extend.h */,
				8965A6841B11AB5C0067043C /* UIImage+Extend.m */,
				8965A6851B11AB5C0067043C /* UIImage+FixOrientation.h */,
				8965A6861B11AB5C0067043C /* UIImage+FixOrientation.m */,
				8965A6871B11AB5C0067043C /* UIImage+Water.h */,
				8965A6881B11AB5C0067043C /* UIImage+Water.m */,
			);
			path = UIImage;
			sourceTree = "<group>";
		};
		8965A6891B11AB5C0067043C /* UITableViewCell */ = {
			isa = PBXGroup;
			children = (
				8965A68A1B11AB5C0067043C /* UITableViewCell+Extend.h */,
				8965A68B1B11AB5C0067043C /* UITableViewCell+Extend.m */,
			);
			path = UITableViewCell;
			sourceTree = "<group>";
		};
		8965A68C1B11AB5C0067043C /* UIView */ = {
			isa = PBXGroup;
			children = (
				8965A68D1B11AB5C0067043C /* UIView+Extend.h */,
				8965A68E1B11AB5C0067043C /* UIView+Extend.m */,
			);
			path = UIView;
			sourceTree = "<group>";
		};
		8965A68F1B11AB5C0067043C /* UIWindow */ = {
			isa = PBXGroup;
			children = (
				8965A6901B11AB5C0067043C /* UIWindow+Launch.h */,
				8965A6911B11AB5C0067043C /* UIWindow+Launch.m */,
			);
			path = UIWindow;
			sourceTree = "<group>";
		};
		89B9E8DD1B213FC0001C054A /* News */ = {
			isa = PBXGroup;
			children = (
				89B9E8E01B213FD9001C054A /* Controller */,
				89B9E8DF1B213FD3001C054A /* Model */,
				89B9E8DE1B213FCE001C054A /* View */,
			);
			name = News;
			sourceTree = "<group>";
		};
		89B9E8DE1B213FCE001C054A /* View */ = {
			isa = PBXGroup;
			children = (
			);
			name = View;
			sourceTree = "<group>";
		};
		89B9E8DF1B213FD3001C054A /* Model */ = {
			isa = PBXGroup;
			children = (
				89B9E8E91B2140A0001C054A /* NewsModel.h */,
				89B9E8EA1B2140A0001C054A /* NewsModel.m */,
			);
			name = Model;
			sourceTree = "<group>";
		};
		89B9E8E01B213FD9001C054A /* Controller */ = {
			isa = PBXGroup;
			children = (
				89B9E8E41B21407F001C054A /* NewsVC.h */,
				89B9E8E51B21407F001C054A /* NewsVC.m */,
				89B9E8E61B21407F001C054A /* NewsVC.xib */,
			);
			name = Controller;
			sourceTree = "<group>";
		};
		EE5838FE1AB98EDD00516AC1 = {
			isa = PBXGroup;
			children = (
				EE5839091AB98EDD00516AC1 /* CoreClass */,
				EE5839231AB98EDD00516AC1 /* CoreClassTests */,
				EE5839081AB98EDD00516AC1 /* Products */,
			);
			sourceTree = "<group>";
		};
		EE5839081AB98EDD00516AC1 /* Products */ = {
			isa = PBXGroup;
			children = (
				EE5839071AB98EDD00516AC1 /* CoreClass.app */,
				EE5839201AB98EDD00516AC1 /* CoreClassTests.xctest */,
			);
			name = Products;
			sourceTree = "<group>";
		};
		EE5839091AB98EDD00516AC1 /* CoreClass */ = {
			isa = PBXGroup;
			children = (
				EE5839301AB98EE900516AC1 /* CoreClass */,
				8965A6581B11AA3C0067043C /* Frameworks */,
				891E0F8D1B16C37700B20093 /* APP */,
				EE5839171AB98EDD00516AC1 /* Images.xcassets */,
				EE5839191AB98EDD00516AC1 /* LaunchScreen.xib */,
				EE58390A1AB98EDD00516AC1 /* Supporting Files */,
			);
			path = CoreClass;
			sourceTree = "<group>";
		};
		EE58390A1AB98EDD00516AC1 /* Supporting Files */ = {
			isa = PBXGroup;
			children = (
				891E01AF1B16BC0400FDF43F /* libsqlite3.0.dylib */,
				EE58390B1AB98EDD00516AC1 /* Info.plist */,
				EE58390C1AB98EDD00516AC1 /* main.m */,
			);
			name = "Supporting Files";
			sourceTree = "<group>";
		};
		EE5839231AB98EDD00516AC1 /* CoreClassTests */ = {
			isa = PBXGroup;
			children = (
				EE5839261AB98EDD00516AC1 /* CoreClassTests.m */,
				EE5839241AB98EDD00516AC1 /* Supporting Files */,
			);
			path = CoreClassTests;
			sourceTree = "<group>";
		};
		EE5839241AB98EDD00516AC1 /* Supporting Files */ = {
			isa = PBXGroup;
			children = (
				EE5839251AB98EDD00516AC1 /* Info.plist */,
			);
			name = "Supporting Files";
			sourceTree = "<group>";
		};
		EE5839301AB98EE900516AC1 /* CoreClass */ = {
			isa = PBXGroup;
			children = (
				8965A64F1B11A8C40067043C /* View */,
				EE5839311AB98EE900516AC1 /* Controller */,
				EE5839441AB98EE900516AC1 /* Model */,
			);
			path = CoreClass;
			sourceTree = "<group>";
		};
		EE5839311AB98EE900516AC1 /* Controller */ = {
			isa = PBXGroup;
			children = (
				EE5839321AB98EE900516AC1 /* Nav */,
			);
			path = Controller;
			sourceTree = "<group>";
		};
		EE5839321AB98EE900516AC1 /* Nav */ = {
			isa = PBXGroup;
			children = (
				EE5839331AB98EE900516AC1 /* BaseNav.h */,
				EE5839341AB98EE900516AC1 /* BaseNav.m */,
				EE5839351AB98EE900516AC1 /* CoreNavigationController */,
				EE5839381AB98EE900516AC1 /* Lib */,
			);
			path = Nav;
			sourceTree = "<group>";
		};
		EE5839351AB98EE900516AC1 /* CoreNavigationController */ = {
			isa = PBXGroup;
			children = (
				EE5839361AB98EE900516AC1 /* CoreNavigationController.h */,
				EE5839371AB98EE900516AC1 /* CoreNavigationController.m */,
			);
			path = CoreNavigationController;
			sourceTree = "<group>";
		};
		EE5839381AB98EE900516AC1 /* Lib */ = {
			isa = PBXGroup;
			children = (
				EE5839391AB98EE900516AC1 /* NetWork.bundle */,
				EE58393A1AB98EE900516AC1 /* ToolNetWorkSolveVC.h */,
				EE58393B1AB98EE900516AC1 /* ToolNetWorkSolveVC.m */,
				EE58393C1AB98EE900516AC1 /* ToolNetWorkSolveVC.xib */,
				EE58393D1AB98EE900516AC1 /* ToolNetWorkView.h */,
				EE58393E1AB98EE900516AC1 /* ToolNetWorkView.m */,
				EE58393F1AB98EE900516AC1 /* ToolNetWorkView.xib */,
				EE5839401AB98EE900516AC1 /* UIBarButtonItem+Appearance.h */,
				EE5839411AB98EE900516AC1 /* UIBarButtonItem+Appearance.m */,
				EE5839421AB98EE900516AC1 /* UINavigationController+Appearance.h */,
				EE5839431AB98EE900516AC1 /* UINavigationController+Appearance.m */,
			);
			path = Lib;
			sourceTree = "<group>";
		};
		EE5839441AB98EE900516AC1 /* Model */ = {
			isa = PBXGroup;
			children = (
				891E018C1B16BA6700FDF43F /* Lib */,
				EE5839451AB98EE900516AC1 /* BaseModel.h */,
				EE5839461AB98EE900516AC1 /* BaseModel.m */,
				89B9E8DC1B213A9C001C054A /* ReadMe.h */,
			);
			path = Model;
			sourceTree = "<group>";
		};
/* End PBXGroup section */

/* Begin PBXNativeTarget section */
		EE5839061AB98EDD00516AC1 /* CoreClass */ = {
			isa = PBXNativeTarget;
			buildConfigurationList = EE58392A1AB98EDD00516AC1 /* Build configuration list for PBXNativeTarget "CoreClass" */;
			buildPhases = (
				EE5839031AB98EDD00516AC1 /* Sources */,
				EE5839041AB98EDD00516AC1 /* Frameworks */,
				EE5839051AB98EDD00516AC1 /* Resources */,
			);
			buildRules = (
			);
			dependencies = (
			);
			name = CoreClass;
			productName = CoreClass;
			productReference = EE5839071AB98EDD00516AC1 /* CoreClass.app */;
			productType = "com.apple.product-type.application";
		};
		EE58391F1AB98EDD00516AC1 /* CoreClassTests */ = {
			isa = PBXNativeTarget;
			buildConfigurationList = EE58392D1AB98EDD00516AC1 /* Build configuration list for PBXNativeTarget "CoreClassTests" */;
			buildPhases = (
				EE58391C1AB98EDD00516AC1 /* Sources */,
				EE58391D1AB98EDD00516AC1 /* Frameworks */,
				EE58391E1AB98EDD00516AC1 /* Resources */,
			);
			buildRules = (
			);
			dependencies = (
				EE5839221AB98EDD00516AC1 /* PBXTargetDependency */,
			);
			name = CoreClassTests;
			productName = CoreClassTests;
			productReference = EE5839201AB98EDD00516AC1 /* CoreClassTests.xctest */;
			productType = "com.apple.product-type.bundle.unit-test";
		};
/* End PBXNativeTarget section */

/* Begin PBXProject section */
		EE5838FF1AB98EDD00516AC1 /* Project object */ = {
			isa = PBXProject;
			attributes = {
				LastUpgradeCheck = 0610;
				ORGANIZATIONNAME = muxi;
				TargetAttributes = {
					EE5839061AB98EDD00516AC1 = {
						CreatedOnToolsVersion = 6.1.1;
					};
					EE58391F1AB98EDD00516AC1 = {
						CreatedOnToolsVersion = 6.1.1;
						TestTargetID = EE5839061AB98EDD00516AC1;
					};
				};
			};
			buildConfigurationList = EE5839021AB98EDD00516AC1 /* Build configuration list for PBXProject "CoreClass" */;
			compatibilityVersion = "Xcode 3.2";
			developmentRegion = English;
			hasScannedForEncodings = 0;
			knownRegions = (
				en,
				Base,
			);
			mainGroup = EE5838FE1AB98EDD00516AC1;
			productRefGroup = EE5839081AB98EDD00516AC1 /* Products */;
			projectDirPath = "";
			projectRoot = "";
			targets = (
				EE5839061AB98EDD00516AC1 /* CoreClass */,
				EE58391F1AB98EDD00516AC1 /* CoreClassTests */,
			);
		};
/* End PBXProject section */

/* Begin PBXResourcesBuildPhase section */
		EE5839051AB98EDD00516AC1 /* Resources */ = {
			isa = PBXResourcesBuildPhase;
			buildActionMask = 2147483647;
			files = (
				EE58394D1AB98EE900516AC1 /* NetWork.bundle in Resources */,
				EE5839161AB98EDD00516AC1 /* Main.storyboard in Resources */,
				EE58394F1AB98EE900516AC1 /* ToolNetWorkSolveVC.xib in Resources */,
				EE58391B1AB98EDD00516AC1 /* LaunchScreen.xib in Resources */,
				89B9E8E81B21407F001C054A /* NewsVC.xib in Resources */,
				EE5839181AB98EDD00516AC1 /* Images.xcassets in Resources */,
				EE5839511AB98EE900516AC1 /* ToolNetWorkView.xib in Resources */,
			);
			runOnlyForDeploymentPostprocessing = 0;
		};
		EE58391E1AB98EDD00516AC1 /* Resources */ = {
			isa = PBXResourcesBuildPhase;
			buildActionMask = 2147483647;
			files = (
			);
			runOnlyForDeploymentPostprocessing = 0;
		};
/* End PBXResourcesBuildPhase section */

/* Begin PBXSourcesBuildPhase section */
		EE5839031AB98EDD00516AC1 /* Sources */ = {
			isa = PBXSourcesBuildPhase;
			buildActionMask = 2147483647;
			files = (
				8906EDD91B17140D005C668F /* NSObject+MJCoding.m in Sources */,
				8906EDDA1B17140D005C668F /* NSObject+MJKeyValue.m in Sources */,
				891E0F891B16C1A600B20093 /* NSData+Param.m in Sources */,
				EE5839521AB98EE900516AC1 /* UIBarButtonItem+Appearance.m in Sources */,
				8906EDD51B17140D005C668F /* MJConst.m in Sources */,
				8965A6A11B11AB5C0067043C /* UITableViewCell+Extend.m in Sources */,
				8965A6961B11AB5C0067043C /* NSObject+Extend.m in Sources */,
				891E01A81B16BA6700FDF43F /* NSObject+Create.m in Sources */,
				891E01A71B16BA6700FDF43F /* NSObject+Contrast.m in Sources */,
				EE58394B1AB98EE900516AC1 /* BaseNav.m in Sources */,
				891E01A91B16BA6700FDF43F /* NSObject+Delete.m in Sources */,
				8965A6951B11AB5C0067043C /* NSDate+Extend.m in Sources */,
				891E0F951B16C40F00B20093 /* ContactVC.m in Sources */,
				EE5839501AB98EE900516AC1 /* ToolNetWorkView.m in Sources */,
				8965A6921B11AB5C0067043C /* CALayer+Anim.m in Sources */,
				EE5839131AB98EDD00516AC1 /* ViewController.m in Sources */,
				8965A6A31B11AB5C0067043C /* UIWindow+Launch.m in Sources */,
				8965A6571B11A8E50067043C /* BaseTF.m in Sources */,
				891E01AC1B16BA6700FDF43F /* NSObject+Select.m in Sources */,
				891E01621B16B96600FDF43F /* CoreFMDB.m in Sources */,
				891E01A61B16BA6700FDF43F /* NSObject+BaseModelCommon.m in Sources */,
				891E01671B16B96600FDF43F /* FMDatabaseQueue.m in Sources */,
				8965A69D1B11AB5C0067043C /* UIImage+Cut.m in Sources */,
				8906EDDC1B17140D005C668F /* NSString+MJExtension.m in Sources */,
				8965A6931B11AB5C0067043C /* CALayer+Transition.m in Sources */,
				8965A69F1B11AB5C0067043C /* UIImage+FixOrientation.m in Sources */,
				8965A6A21B11AB5C0067043C /* UIView+Extend.m in Sources */,
				891E01681B16B96600FDF43F /* FMResultSet.m in Sources */,
				8906EDBF1B170B6A005C668F /* HomeVC.m in Sources */,
				891E01651B16B96600FDF43F /* FMDatabaseAdditions.m in Sources */,
				8965A6981B11AB5C0067043C /* NSString+Password.m in Sources */,
				891E0F8B1B16C1A600B20093 /* NSURL+File.m in Sources */,
				891E01641B16B96600FDF43F /* FMDatabase.m in Sources */,
				891E0F881B16C1A600B20093 /* NSData+MimeType.m in Sources */,
				891E01661B16B96600FDF43F /* FMDatabasePool.m in Sources */,
				8965A69B1B11AB5C0067043C /* UIFont+Extend.m in Sources */,
				8906EDD61B17140D005C668F /* MJFoundation.m in Sources */,
				EE5839101AB98EDD00516AC1 /* AppDelegate.m in Sources */,
				8906EDDB1B17140D005C668F /* NSObject+MJProperty.m in Sources */,
				8965A69C1B11AB5C0067043C /* UIImage+Color.m in Sources */,
				891E0F861B16C1A600B20093 /* CoreHttp.m in Sources */,
				8965A69A1B11AB5C0067043C /* UIDevice+Extend.m in Sources */,
				EE58394E1AB98EE900516AC1 /* ToolNetWorkSolveVC.m in Sources */,
				891E01AD1B16BA6700FDF43F /* NSObject+Update.m in Sources */,
				89B9E8EB1B2140A0001C054A /* NewsModel.m in Sources */,
				EE5839531AB98EE900516AC1 /* UINavigationController+Appearance.m in Sources */,
				891E0F8C1B16C1A600B20093 /* UploadFile.m in Sources */,
				EE58390D1AB98EDD00516AC1 /* main.m in Sources */,
				8906EDD71B17140D005C668F /* MJProperty.m in Sources */,
				EE5839541AB98EE900516AC1 /* BaseModel.m in Sources */,
				8965A6A01B11AB5C0067043C /* UIImage+Water.m in Sources */,
				8965A6941B11AB5C0067043C /* NSArray+Extend.m in Sources */,
				8906EDC21B170C6F005C668F /* MeauModel.m in Sources */,
				891E01AE1B16BA6700FDF43F /* NSString+Stackoverflow.m in Sources */,
				891E0F871B16C1A600B20093 /* NSString+CoreHttp.m in Sources */,
				8906EDD81B17140D005C668F /* MJType.m in Sources */,
				8965A69E1B11AB5C0067043C /* UIImage+Extend.m in Sources */,
				891E0F981B16C42E00B20093 /* ContactModel.m in Sources */,
				89B9E8E71B21407F001C054A /* NewsVC.m in Sources */,
				891E01AB1B16BA6700FDF43F /* NSObject+Save.m in Sources */,
				8965A6601B11AB2D0067043C /* Reachability.m in Sources */,
				8965A65F1B11AB2D0067043C /* CoreStatus.m in Sources */,
				8965A6541B11A8C40067043C /* BaseCell.m in Sources */,
				891E01AA1B16BA6700FDF43F /* NSObject+Insert.m in Sources */,
				891E0F8A1B16C1A600B20093 /* NSString+File.m in Sources */,
				891E0F9C1B16DBC000B20093 /* NSDictionary+Sqlite.m in Sources */,
				891E0FAC1B16E1A900B20093 /* CoreArchive.m in Sources */,
				EE58394C1AB98EE900516AC1 /* CoreNavigationController.m in Sources */,
				891E0FAB1B16E1A900B20093 /* NSString+ArcFile.m in Sources */,
				8965A6971B11AB5C0067043C /* NSString+Extend.m in Sources */,
				8965A6991B11AB5C0067043C /* UIColor+Extend.m in Sources */,
				891E01A51B16BA6700FDF43F /* BaseMoelConst.m in Sources */,
				891E01631B16B96600FDF43F /* NSString+CoreFMDB.m in Sources */,
			);
			runOnlyForDeploymentPostprocessing = 0;
		};
		EE58391C1AB98EDD00516AC1 /* Sources */ = {
			isa = PBXSourcesBuildPhase;
			buildActionMask = 2147483647;
			files = (
				EE5839271AB98EDD00516AC1 /* CoreClassTests.m in Sources */,
			);
			runOnlyForDeploymentPostprocessing = 0;
		};
/* End PBXSourcesBuildPhase section */

/* Begin PBXTargetDependency section */
		EE5839221AB98EDD00516AC1 /* PBXTargetDependency */ = {
			isa = PBXTargetDependency;
			target = EE5839061AB98EDD00516AC1 /* CoreClass */;
			targetProxy = EE5839211AB98EDD00516AC1 /* PBXContainerItemProxy */;
		};
/* End PBXTargetDependency section */

/* Begin PBXVariantGroup section */
		EE5839141AB98EDD00516AC1 /* Main.storyboard */ = {
			isa = PBXVariantGroup;
			children = (
				EE5839151AB98EDD00516AC1 /* Base */,
			);
			name = Main.storyboard;
			sourceTree = "<group>";
		};
		EE5839191AB98EDD00516AC1 /* LaunchScreen.xib */ = {
			isa = PBXVariantGroup;
			children = (
				EE58391A1AB98EDD00516AC1 /* Base */,
			);
			name = LaunchScreen.xib;
			sourceTree = "<group>";
		};
/* End PBXVariantGroup section */

/* Begin XCBuildConfiguration section */
		EE5839281AB98EDD00516AC1 /* Debug */ = {
			isa = XCBuildConfiguration;
			buildSettings = {
				ALWAYS_SEARCH_USER_PATHS = NO;
				CLANG_CXX_LANGUAGE_STANDARD = "gnu++0x";
				CLANG_CXX_LIBRARY = "libc++";
				CLANG_ENABLE_MODULES = YES;
				CLANG_ENABLE_OBJC_ARC = YES;
				CLANG_WARN_BOOL_CONVERSION = YES;
				CLANG_WARN_CONSTANT_CONVERSION = YES;
				CLANG_WARN_DIRECT_OBJC_ISA_USAGE = YES_ERROR;
				CLANG_WARN_EMPTY_BODY = YES;
				CLANG_WARN_ENUM_CONVERSION = YES;
				CLANG_WARN_INT_CONVERSION = YES;
				CLANG_WARN_OBJC_ROOT_CLASS = YES_ERROR;
				CLANG_WARN_UNREACHABLE_CODE = YES;
				CLANG_WARN__DUPLICATE_METHOD_MATCH = YES;
				"CODE_SIGN_IDENTITY[sdk=iphoneos*]" = "iPhone Developer";
				COPY_PHASE_STRIP = NO;
				ENABLE_STRICT_OBJC_MSGSEND = YES;
				GCC_C_LANGUAGE_STANDARD = gnu99;
				GCC_DYNAMIC_NO_PIC = NO;
				GCC_OPTIMIZATION_LEVEL = 0;
				GCC_PREPROCESSOR_DEFINITIONS = (
					"DEBUG=1",
					"$(inherited)",
				);
				GCC_SYMBOLS_PRIVATE_EXTERN = NO;
				GCC_WARN_64_TO_32_BIT_CONVERSION = YES;
				GCC_WARN_ABOUT_RETURN_TYPE = YES_ERROR;
				GCC_WARN_UNDECLARED_SELECTOR = YES;
				GCC_WARN_UNINITIALIZED_AUTOS = YES_AGGRESSIVE;
				GCC_WARN_UNUSED_FUNCTION = YES;
				GCC_WARN_UNUSED_VARIABLE = YES;
				IPHONEOS_DEPLOYMENT_TARGET = 8.1;
				MTL_ENABLE_DEBUG_INFO = YES;
				ONLY_ACTIVE_ARCH = YES;
				SDKROOT = iphoneos;
			};
			name = Debug;
		};
		EE5839291AB98EDD00516AC1 /* Release */ = {
			isa = XCBuildConfiguration;
			buildSettings = {
				ALWAYS_SEARCH_USER_PATHS = NO;
				CLANG_CXX_LANGUAGE_STANDARD = "gnu++0x";
				CLANG_CXX_LIBRARY = "libc++";
				CLANG_ENABLE_MODULES = YES;
				CLANG_ENABLE_OBJC_ARC = YES;
				CLANG_WARN_BOOL_CONVERSION = YES;
				CLANG_WARN_CONSTANT_CONVERSION = YES;
				CLANG_WARN_DIRECT_OBJC_ISA_USAGE = YES_ERROR;
				CLANG_WARN_EMPTY_BODY = YES;
				CLANG_WARN_ENUM_CONVERSION = YES;
				CLANG_WARN_INT_CONVERSION = YES;
				CLANG_WARN_OBJC_ROOT_CLASS = YES_ERROR;
				CLANG_WARN_UNREACHABLE_CODE = YES;
				CLANG_WARN__DUPLICATE_METHOD_MATCH = YES;
				"CODE_SIGN_IDENTITY[sdk=iphoneos*]" = "iPhone Developer";
				COPY_PHASE_STRIP = YES;
				ENABLE_NS_ASSERTIONS = NO;
				ENABLE_STRICT_OBJC_MSGSEND = YES;
				GCC_C_LANGUAGE_STANDARD = gnu99;
				GCC_WARN_64_TO_32_BIT_CONVERSION = YES;
				GCC_WARN_ABOUT_RETURN_TYPE = YES_ERROR;
				GCC_WARN_UNDECLARED_SELECTOR = YES;
				GCC_WARN_UNINITIALIZED_AUTOS = YES_AGGRESSIVE;
				GCC_WARN_UNUSED_FUNCTION = YES;
				GCC_WARN_UNUSED_VARIABLE = YES;
				IPHONEOS_DEPLOYMENT_TARGET = 8.1;
				MTL_ENABLE_DEBUG_INFO = NO;
				SDKROOT = iphoneos;
				VALIDATE_PRODUCT = YES;
			};
			name = Release;
		};
		EE58392B1AB98EDD00516AC1 /* Debug */ = {
			isa = XCBuildConfiguration;
			buildSettings = {
				ASSETCATALOG_COMPILER_APPICON_NAME = AppIcon;
				ASSETCATALOG_COMPILER_LAUNCHIMAGE_NAME = LaunchImage;
				INFOPLIST_FILE = CoreClass/Info.plist;
				IPHONEOS_DEPLOYMENT_TARGET = 7.0;
				LD_RUNPATH_SEARCH_PATHS = "$(inherited) @executable_path/Frameworks";
				PRODUCT_NAME = "$(TARGET_NAME)";
			};
			name = Debug;
		};
		EE58392C1AB98EDD00516AC1 /* Release */ = {
			isa = XCBuildConfiguration;
			buildSettings = {
				ASSETCATALOG_COMPILER_APPICON_NAME = AppIcon;
				ASSETCATALOG_COMPILER_LAUNCHIMAGE_NAME = LaunchImage;
				INFOPLIST_FILE = CoreClass/Info.plist;
				IPHONEOS_DEPLOYMENT_TARGET = 7.0;
				LD_RUNPATH_SEARCH_PATHS = "$(inherited) @executable_path/Frameworks";
				PRODUCT_NAME = "$(TARGET_NAME)";
			};
			name = Release;
		};
		EE58392E1AB98EDD00516AC1 /* Debug */ = {
			isa = XCBuildConfiguration;
			buildSettings = {
				BUNDLE_LOADER = "$(TEST_HOST)";
				FRAMEWORK_SEARCH_PATHS = (
					"$(SDKROOT)/Developer/Library/Frameworks",
					"$(inherited)",
				);
				GCC_PREPROCESSOR_DEFINITIONS = (
					"DEBUG=1",
					"$(inherited)",
				);
				INFOPLIST_FILE = CoreClassTests/Info.plist;
				LD_RUNPATH_SEARCH_PATHS = "$(inherited) @executable_path/Frameworks @loader_path/Frameworks";
				PRODUCT_NAME = "$(TARGET_NAME)";
				TEST_HOST = "$(BUILT_PRODUCTS_DIR)/CoreClass.app/CoreClass";
			};
			name = Debug;
		};
		EE58392F1AB98EDD00516AC1 /* Release */ = {
			isa = XCBuildConfiguration;
			buildSettings = {
				BUNDLE_LOADER = "$(TEST_HOST)";
				FRAMEWORK_SEARCH_PATHS = (
					"$(SDKROOT)/Developer/Library/Frameworks",
					"$(inherited)",
				);
				INFOPLIST_FILE = CoreClassTests/Info.plist;
				LD_RUNPATH_SEARCH_PATHS = "$(inherited) @executable_path/Frameworks @loader_path/Frameworks";
				PRODUCT_NAME = "$(TARGET_NAME)";
				TEST_HOST = "$(BUILT_PRODUCTS_DIR)/CoreClass.app/CoreClass";
			};
			name = Release;
		};
/* End XCBuildConfiguration section */

/* Begin XCConfigurationList section */
		EE5839021AB98EDD00516AC1 /* Build configuration list for PBXProject "CoreClass" */ = {
			isa = XCConfigurationList;
			buildConfigurations = (
				EE5839281AB98EDD00516AC1 /* Debug */,
				EE5839291AB98EDD00516AC1 /* Release */,
			);
			defaultConfigurationIsVisible = 0;
			defaultConfigurationName = Release;
		};
		EE58392A1AB98EDD00516AC1 /* Build configuration list for PBXNativeTarget "CoreClass" */ = {
			isa = XCConfigurationList;
			buildConfigurations = (
				EE58392B1AB98EDD00516AC1 /* Debug */,
				EE58392C1AB98EDD00516AC1 /* Release */,
			);
			defaultConfigurationIsVisible = 0;
			defaultConfigurationName = Release;
		};
		EE58392D1AB98EDD00516AC1 /* Build configuration list for PBXNativeTarget "CoreClassTests" */ = {
			isa = XCConfigurationList;
			buildConfigurations = (
				EE58392E1AB98EDD00516AC1 /* Debug */,
				EE58392F1AB98EDD00516AC1 /* Release */,
			);
			defaultConfigurationIsVisible = 0;
			defaultConfigurationName = Release;
		};
/* End XCConfigurationList section */
	};
	rootObject = EE5838FF1AB98EDD00516AC1 /* Project object */;
}
