// !$*UTF8*$!
{
	archiveVersion = 1;
	classes = {
	};
	objectVersion = 46;
	objects = {

/* Begin PBXBuildFile section */
		EE58390D1AB98EDD00516AC1 /* main.m in Sources */ = {isa = PBXBuildFile; fileRef = EE58390C1AB98EDD00516AC1 /* main.m */; };
		EE5839101AB98EDD00516AC1 /* AppDelegate.m in Sources */ = {isa = PBXBuildFile; fileRef = EE58390F1AB98EDD00516AC1 /* AppDelegate.m */; };
		EE5839131AB98EDD00516AC1 /* ViewController.m in Sources */ = {isa = PBXBuildFile; fileRef = EE5839121AB98EDD00516AC1 /* ViewController.m */; };
		EE5839161AB98EDD00516AC1 /* Main.storyboard in Resources */ = {isa = PBXBuildFile; fileRef = EE5839141AB98EDD00516AC1 /* Main.storyboard */; };
		EE5839181AB98EDD00516AC1 /* Images.xcassets in Resources */ = {isa = PBXBuildFile; fileRef = EE5839171AB98EDD00516AC1 /* Images.xcassets */; };
		EE58391B1AB98EDD00516AC1 /* LaunchScreen.xib in Resources */ = {isa = PBXBuildFile; fileRef = EE5839191AB98EDD00516AC1 /* LaunchScreen.xib */; };
		EE5839271AB98EDD00516AC1 /* CoreClassTests.m in Sources */ = {isa = PBXBuildFile; fileRef = EE5839261AB98EDD00516AC1 /* CoreClassTests.m */; };
		EE58394B1AB98EE900516AC1 /* BaseNav.m in Sources */ = {isa = PBXBuildFile; fileRef = EE5839341AB98EE900516AC1 /* BaseNav.m */; };
		EE58394C1AB98EE900516AC1 /* CoreNavigationController.m in Sources */ = {isa = PBXBuildFile; fileRef = EE5839371AB98EE900516AC1 /* CoreNavigationController.m */; };
		EE58394D1AB98EE900516AC1 /* NetWork.bundle in Resources */ = {isa = PBXBuildFile; fileRef = EE5839391AB98EE900516AC1 /* NetWork.bundle */; };
		EE58394E1AB98EE900516AC1 /* ToolNetWorkSolveVC.m in Sources */ = {isa = PBXBuildFile; fileRef = EE58393B1AB98EE900516AC1 /* ToolNetWorkSolveVC.m */; };
		EE58394F1AB98EE900516AC1 /* ToolNetWorkSolveVC.xib in Resources */ = {isa = PBXBuildFile; fileRef = EE58393C1AB98EE900516AC1 /* ToolNetWorkSolveVC.xib */; };
		EE5839501AB98EE900516AC1 /* ToolNetWorkView.m in Sources */ = {isa = PBXBuildFile; fileRef = EE58393E1AB98EE900516AC1 /* ToolNetWorkView.m */; };
		EE5839511AB98EE900516AC1 /* ToolNetWorkView.xib in Resources */ = {isa = PBXBuildFile; fileRef = EE58393F1AB98EE900516AC1 /* ToolNetWorkView.xib */; };
		EE5839521AB98EE900516AC1 /* UIBarButtonItem+Appearance.m in Sources */ = {isa = PBXBuildFile; fileRef = EE5839411AB98EE900516AC1 /* UIBarButtonItem+Appearance.m */; };
		EE5839531AB98EE900516AC1 /* UINavigationController+Appearance.m in Sources */ = {isa = PBXBuildFile; fileRef = EE5839431AB98EE900516AC1 /* UINavigationController+Appearance.m */; };
		EE5839541AB98EE900516AC1 /* BaseModel.m in Sources */ = {isa = PBXBuildFile; fileRef = EE5839461AB98EE900516AC1 /* BaseModel.m */; };
		EE5839551AB98EE900516AC1 /* BaseCell.m in Sources */ = {isa = PBXBuildFile; fileRef = EE58394A1AB98EE900516AC1 /* BaseCell.m */; };
/* End PBXBuildFile section */

/* Begin PBXContainerItemProxy section */
		EE5839211AB98EDD00516AC1 /* PBXContainerItemProxy */ = {
			isa = PBXContainerItemProxy;
			containerPortal = EE5838FF1AB98EDD00516AC1 /* Project object */;
			proxyType = 1;
			remoteGlobalIDString = EE5839061AB98EDD00516AC1;
			remoteInfo = CoreClass;
		};
/* End PBXContainerItemProxy section */

/* Begin PBXFileReference section */
		EE5839071AB98EDD00516AC1 /* CoreClass.app */ = {isa = PBXFileReference; explicitFileType = wrapper.application; includeInIndex = 0; path = CoreClass.app; sourceTree = BUILT_PRODUCTS_DIR; };
		EE58390B1AB98EDD00516AC1 /* Info.plist */ = {isa = PBXFileReference; lastKnownFileType = text.plist.xml; path = Info.plist; sourceTree = "<group>"; };
		EE58390C1AB98EDD00516AC1 /* main.m */ = {isa = PBXFileReference; lastKnownFileType = sourcecode.c.objc; path = main.m; sourceTree = "<group>"; };
		EE58390E1AB98EDD00516AC1 /* AppDelegate.h */ = {isa = PBXFileReference; lastKnownFileType = sourcecode.c.h; path = AppDelegate.h; sourceTree = "<group>"; };
		EE58390F1AB98EDD00516AC1 /* AppDelegate.m */ = {isa = PBXFileReference; lastKnownFileType = sourcecode.c.objc; path = AppDelegate.m; sourceTree = "<group>"; };
		EE5839111AB98EDD00516AC1 /* ViewController.h */ = {isa = PBXFileReference; lastKnownFileType = sourcecode.c.h; path = ViewController.h; sourceTree = "<group>"; };
		EE5839121AB98EDD00516AC1 /* ViewController.m */ = {isa = PBXFileReference; lastKnownFileType = sourcecode.c.objc; path = ViewController.m; sourceTree = "<group>"; };
		EE5839151AB98EDD00516AC1 /* Base */ = {isa = PBXFileReference; lastKnownFileType = file.storyboard; name = Base; path = Base.lproj/Main.storyboard; sourceTree = "<group>"; };
		EE5839171AB98EDD00516AC1 /* Images.xcassets */ = {isa = PBXFileReference; lastKnownFileType = folder.assetcatalog; path = Images.xcassets; sourceTree = "<group>"; };
		EE58391A1AB98EDD00516AC1 /* Base */ = {isa = PBXFileReference; lastKnownFileType = file.xib; name = Base; path = Base.lproj/LaunchScreen.xib; sourceTree = "<group>"; };
		EE5839201AB98EDD00516AC1 /* CoreClassTests.xctest */ = {isa = PBXFileReference; explicitFileType = wrapper.cfbundle; includeInIndex = 0; path = CoreClassTests.xctest; sourceTree = BUILT_PRODUCTS_DIR; };
		EE5839251AB98EDD00516AC1 /* Info.plist */ = {isa = PBXFileReference; lastKnownFileType = text.plist.xml; path = Info.plist; sourceTree = "<group>"; };
		EE5839261AB98EDD00516AC1 /* CoreClassTests.m */ = {isa = PBXFileReference; lastKnownFileType = sourcecode.c.objc; path = CoreClassTests.m; sourceTree = "<group>"; };
		EE5839331AB98EE900516AC1 /* BaseNav.h */ = {isa = PBXFileReference; fileEncoding = 4; lastKnownFileType = sourcecode.c.h; path = BaseNav.h; sourceTree = "<group>"; };
		EE5839341AB98EE900516AC1 /* BaseNav.m */ = {isa = PBXFileReference; fileEncoding = 4; lastKnownFileType = sourcecode.c.objc; path = BaseNav.m; sourceTree = "<group>"; };
		EE5839361AB98EE900516AC1 /* CoreNavigationController.h */ = {isa = PBXFileReference; fileEncoding = 4; lastKnownFileType = sourcecode.c.h; path = CoreNavigationController.h; sourceTree = "<group>"; };
		EE5839371AB98EE900516AC1 /* CoreNavigationController.m */ = {isa = PBXFileReference; fileEncoding = 4; lastKnownFileType = sourcecode.c.objc; path = CoreNavigationController.m; sourceTree = "<group>"; };
		EE5839391AB98EE900516AC1 /* NetWork.bundle */ = {isa = PBXFileReference; lastKnownFileType = "wrapper.plug-in"; path = NetWork.bundle; sourceTree = "<group>"; };
		EE58393A1AB98EE900516AC1 /* ToolNetWorkSolveVC.h */ = {isa = PBXFileReference; fileEncoding = 4; lastKnownFileType = sourcecode.c.h; path = ToolNetWorkSolveVC.h; sourceTree = "<group>"; };
		EE58393B1AB98EE900516AC1 /* ToolNetWorkSolveVC.m */ = {isa = PBXFileReference; fileEncoding = 4; lastKnownFileType = sourcecode.c.objc; path = ToolNetWorkSolveVC.m; sourceTree = "<group>"; };
		EE58393C1AB98EE900516AC1 /* ToolNetWorkSolveVC.xib */ = {isa = PBXFileReference; fileEncoding = 4; lastKnownFileType = file.xib; path = ToolNetWorkSolveVC.xib; sourceTree = "<group>"; };
		EE58393D1AB98EE900516AC1 /* ToolNetWorkView.h */ = {isa = PBXFileReference; fileEncoding = 4; lastKnownFileType = sourcecode.c.h; path = ToolNetWorkView.h; sourceTree = "<group>"; };
		EE58393E1AB98EE900516AC1 /* ToolNetWorkView.m */ = {isa = PBXFileReference; fileEncoding = 4; lastKnownFileType = sourcecode.c.objc; path = ToolNetWorkView.m; sourceTree = "<group>"; };
		EE58393F1AB98EE900516AC1 /* ToolNetWorkView.xib */ = {isa = PBXFileReference; fileEncoding = 4; lastKnownFileType = file.xib; path = ToolNetWorkView.xib; sourceTree = "<group>"; };
		EE5839401AB98EE900516AC1 /* UIBarButtonItem+Appearance.h */ = {isa = PBXFileReference; fileEncoding = 4; lastKnownFileType = sourcecode.c.h; path = "UIBarButtonItem+Appearance.h"; sourceTree = "<group>"; };
		EE5839411AB98EE900516AC1 /* UIBarButtonItem+Appearance.m */ = {isa = PBXFileReference; fileEncoding = 4; lastKnownFileType = sourcecode.c.objc; path = "UIBarButtonItem+Appearance.m"; sourceTree = "<group>"; };
		EE5839421AB98EE900516AC1 /* UINavigationController+Appearance.h */ = {isa = PBXFileReference; fileEncoding = 4; lastKnownFileType = sourcecode.c.h; path = "UINavigationController+Appearance.h"; sourceTree = "<group>"; };
		EE5839431AB98EE900516AC1 /* UINavigationController+Appearance.m */ = {isa = PBXFileReference; fileEncoding = 4; lastKnownFileType = sourcecode.c.objc; path = "UINavigationController+Appearance.m"; sourceTree = "<group>"; };
		EE5839451AB98EE900516AC1 /* BaseModel.h */ = {isa = PBXFileReference; fileEncoding = 4; lastKnownFileType = sourcecode.c.h; path = BaseModel.h; sourceTree = "<group>"; };
		EE5839461AB98EE900516AC1 /* BaseModel.m */ = {isa = PBXFileReference; fileEncoding = 4; lastKnownFileType = sourcecode.c.objc; path = BaseModel.m; sourceTree = "<group>"; };
		EE5839491AB98EE900516AC1 /* BaseCell.h */ = {isa = PBXFileReference; fileEncoding = 4; lastKnownFileType = sourcecode.c.h; path = BaseCell.h; sourceTree = "<group>"; };
		EE58394A1AB98EE900516AC1 /* BaseCell.m */ = {isa = PBXFileReference; fileEncoding = 4; lastKnownFileType = sourcecode.c.objc; path = BaseCell.m; sourceTree = "<group>"; };
/* End PBXFileReference section */

/* Begin PBXFrameworksBuildPhase section */
		EE5839041AB98EDD00516AC1 /* Frameworks */ = {
			isa = PBXFrameworksBuildPhase;
			buildActionMask = 2147483647;
			files = (
			);
			runOnlyForDeploymentPostprocessing = 0;
		};
		EE58391D1AB98EDD00516AC1 /* Frameworks */ = {
			isa = PBXFrameworksBuildPhase;
			buildActionMask = 2147483647;
			files = (
			);
			runOnlyForDeploymentPostprocessing = 0;
		};
/* End PBXFrameworksBuildPhase section */

/* Begin PBXGroup section */
		EE5838FE1AB98EDD00516AC1 = {
			isa = PBXGroup;
			children = (
				EE5839091AB98EDD00516AC1 /* CoreClass */,
				EE5839231AB98EDD00516AC1 /* CoreClassTests */,
				EE5839081AB98EDD00516AC1 /* Products */,
			);
			sourceTree = "<group>";
		};
		EE5839081AB98EDD00516AC1 /* Products */ = {
			isa = PBXGroup;
			children = (
				EE5839071AB98EDD00516AC1 /* CoreClass.app */,
				EE5839201AB98EDD00516AC1 /* CoreClassTests.xctest */,
			);
			name = Products;
			sourceTree = "<group>";
		};
		EE5839091AB98EDD00516AC1 /* CoreClass */ = {
			isa = PBXGroup;
			children = (
				EE5839301AB98EE900516AC1 /* CoreClass */,
				EE58390E1AB98EDD00516AC1 /* AppDelegate.h */,
				EE58390F1AB98EDD00516AC1 /* AppDelegate.m */,
				EE5839111AB98EDD00516AC1 /* ViewController.h */,
				EE5839121AB98EDD00516AC1 /* ViewController.m */,
				EE5839141AB98EDD00516AC1 /* Main.storyboard */,
				EE5839171AB98EDD00516AC1 /* Images.xcassets */,
				EE5839191AB98EDD00516AC1 /* LaunchScreen.xib */,
				EE58390A1AB98EDD00516AC1 /* Supporting Files */,
			);
			path = CoreClass;
			sourceTree = "<group>";
		};
		EE58390A1AB98EDD00516AC1 /* Supporting Files */ = {
			isa = PBXGroup;
			children = (
				EE58390B1AB98EDD00516AC1 /* Info.plist */,
				EE58390C1AB98EDD00516AC1 /* main.m */,
			);
			name = "Supporting Files";
			sourceTree = "<group>";
		};
		EE5839231AB98EDD00516AC1 /* CoreClassTests */ = {
			isa = PBXGroup;
			children = (
				EE5839261AB98EDD00516AC1 /* CoreClassTests.m */,
				EE5839241AB98EDD00516AC1 /* Supporting Files */,
			);
			path = CoreClassTests;
			sourceTree = "<group>";
		};
		EE5839241AB98EDD00516AC1 /* Supporting Files */ = {
			isa = PBXGroup;
			children = (
				EE5839251AB98EDD00516AC1 /* Info.plist */,
			);
			name = "Supporting Files";
			sourceTree = "<group>";
		};
		EE5839301AB98EE900516AC1 /* CoreClass */ = {
			isa = PBXGroup;
			children = (
				EE5839311AB98EE900516AC1 /* Controller */,
				EE5839441AB98EE900516AC1 /* Model */,
				EE5839471AB98EE900516AC1 /* View */,
			);
			path = CoreClass;
			sourceTree = "<group>";
		};
		EE5839311AB98EE900516AC1 /* Controller */ = {
			isa = PBXGroup;
			children = (
				EE5839321AB98EE900516AC1 /* Nav */,
			);
			path = Controller;
			sourceTree = "<group>";
		};
		EE5839321AB98EE900516AC1 /* Nav */ = {
			isa = PBXGroup;
			children = (
				EE5839331AB98EE900516AC1 /* BaseNav.h */,
				EE5839341AB98EE900516AC1 /* BaseNav.m */,
				EE5839351AB98EE900516AC1 /* CoreNavigationController */,
				EE5839381AB98EE900516AC1 /* Lib */,
			);
			path = Nav;
			sourceTree = "<group>";
		};
		EE5839351AB98EE900516AC1 /* CoreNavigationController */ = {
			isa = PBXGroup;
			children = (
				EE5839361AB98EE900516AC1 /* CoreNavigationController.h */,
				EE5839371AB98EE900516AC1 /* CoreNavigationController.m */,
			);
			path = CoreNavigationController;
			sourceTree = "<group>";
		};
		EE5839381AB98EE900516AC1 /* Lib */ = {
			isa = PBXGroup;
			children = (
				EE5839391AB98EE900516AC1 /* NetWork.bundle */,
				EE58393A1AB98EE900516AC1 /* ToolNetWorkSolveVC.h */,
				EE58393B1AB98EE900516AC1 /* ToolNetWorkSolveVC.m */,
				EE58393C1AB98EE900516AC1 /* ToolNetWorkSolveVC.xib */,
				EE58393D1AB98EE900516AC1 /* ToolNetWorkView.h */,
				EE58393E1AB98EE900516AC1 /* ToolNetWorkView.m */,
				EE58393F1AB98EE900516AC1 /* ToolNetWorkView.xib */,
				EE5839401AB98EE900516AC1 /* UIBarButtonItem+Appearance.h */,
				EE5839411AB98EE900516AC1 /* UIBarButtonItem+Appearance.m */,
				EE5839421AB98EE900516AC1 /* UINavigationController+Appearance.h */,
				EE5839431AB98EE900516AC1 /* UINavigationController+Appearance.m */,
			);
			path = Lib;
			sourceTree = "<group>";
		};
		EE5839441AB98EE900516AC1 /* Model */ = {
			isa = PBXGroup;
			children = (
				EE5839451AB98EE900516AC1 /* BaseModel.h */,
				EE5839461AB98EE900516AC1 /* BaseModel.m */,
			);
			path = Model;
			sourceTree = "<group>";
		};
		EE5839471AB98EE900516AC1 /* View */ = {
			isa = PBXGroup;
			children = (
				EE5839481AB98EE900516AC1 /* UITableViewCell */,
			);
			path = View;
			sourceTree = "<group>";
		};
		EE5839481AB98EE900516AC1 /* UITableViewCell */ = {
			isa = PBXGroup;
			children = (
				EE5839491AB98EE900516AC1 /* BaseCell.h */,
				EE58394A1AB98EE900516AC1 /* BaseCell.m */,
			);
			path = UITableViewCell;
			sourceTree = "<group>";
		};
/* End PBXGroup section */

/* Begin PBXNativeTarget section */
		EE5839061AB98EDD00516AC1 /* CoreClass */ = {
			isa = PBXNativeTarget;
			buildConfigurationList = EE58392A1AB98EDD00516AC1 /* Build configuration list for PBXNativeTarget "CoreClass" */;
			buildPhases = (
				EE5839031AB98EDD00516AC1 /* Sources */,
				EE5839041AB98EDD00516AC1 /* Frameworks */,
				EE5839051AB98EDD00516AC1 /* Resources */,
			);
			buildRules = (
			);
			dependencies = (
			);
			name = CoreClass;
			productName = CoreClass;
			productReference = EE5839071AB98EDD00516AC1 /* CoreClass.app */;
			productType = "com.apple.product-type.application";
		};
		EE58391F1AB98EDD00516AC1 /* CoreClassTests */ = {
			isa = PBXNativeTarget;
			buildConfigurationList = EE58392D1AB98EDD00516AC1 /* Build configuration list for PBXNativeTarget "CoreClassTests" */;
			buildPhases = (
				EE58391C1AB98EDD00516AC1 /* Sources */,
				EE58391D1AB98EDD00516AC1 /* Frameworks */,
				EE58391E1AB98EDD00516AC1 /* Resources */,
			);
			buildRules = (
			);
			dependencies = (
				EE5839221AB98EDD00516AC1 /* PBXTargetDependency */,
			);
			name = CoreClassTests;
			productName = CoreClassTests;
			productReference = EE5839201AB98EDD00516AC1 /* CoreClassTests.xctest */;
			productType = "com.apple.product-type.bundle.unit-test";
		};
/* End PBXNativeTarget section */

/* Begin PBXProject section */
		EE5838FF1AB98EDD00516AC1 /* Project object */ = {
			isa = PBXProject;
			attributes = {
				LastUpgradeCheck = 0610;
				ORGANIZATIONNAME = muxi;
				TargetAttributes = {
					EE5839061AB98EDD00516AC1 = {
						CreatedOnToolsVersion = 6.1.1;
					};
					EE58391F1AB98EDD00516AC1 = {
						CreatedOnToolsVersion = 6.1.1;
						TestTargetID = EE5839061AB98EDD00516AC1;
					};
				};
			};
			buildConfigurationList = EE5839021AB98EDD00516AC1 /* Build configuration list for PBXProject "CoreClass" */;
			compatibilityVersion = "Xcode 3.2";
			developmentRegion = English;
			hasScannedForEncodings = 0;
			knownRegions = (
				en,
				Base,
			);
			mainGroup = EE5838FE1AB98EDD00516AC1;
			productRefGroup = EE5839081AB98EDD00516AC1 /* Products */;
			projectDirPath = "";
			projectRoot = "";
			targets = (
				EE5839061AB98EDD00516AC1 /* CoreClass */,
				EE58391F1AB98EDD00516AC1 /* CoreClassTests */,
			);
		};
/* End PBXProject section */

/* Begin PBXResourcesBuildPhase section */
		EE5839051AB98EDD00516AC1 /* Resources */ = {
			isa = PBXResourcesBuildPhase;
			buildActionMask = 2147483647;
			files = (
				EE58394D1AB98EE900516AC1 /* NetWork.bundle in Resources */,
				EE5839161AB98EDD00516AC1 /* Main.storyboard in Resources */,
				EE58394F1AB98EE900516AC1 /* ToolNetWorkSolveVC.xib in Resources */,
				EE58391B1AB98EDD00516AC1 /* LaunchScreen.xib in Resources */,
				EE5839181AB98EDD00516AC1 /* Images.xcassets in Resources */,
				EE5839511AB98EE900516AC1 /* ToolNetWorkView.xib in Resources */,
			);
			runOnlyForDeploymentPostprocessing = 0;
		};
		EE58391E1AB98EDD00516AC1 /* Resources */ = {
			isa = PBXResourcesBuildPhase;
			buildActionMask = 2147483647;
			files = (
			);
			runOnlyForDeploymentPostprocessing = 0;
		};
/* End PBXResourcesBuildPhase section */

/* Begin PBXSourcesBuildPhase section */
		EE5839031AB98EDD00516AC1 /* Sources */ = {
			isa = PBXSourcesBuildPhase;
			buildActionMask = 2147483647;
			files = (
				EE5839521AB98EE900516AC1 /* UIBarButtonItem+Appearance.m in Sources */,
				EE58394B1AB98EE900516AC1 /* BaseNav.m in Sources */,
				EE5839501AB98EE900516AC1 /* ToolNetWorkView.m in Sources */,
				EE5839131AB98EDD00516AC1 /* ViewController.m in Sources */,
				EE5839101AB98EDD00516AC1 /* AppDelegate.m in Sources */,
				EE58394E1AB98EE900516AC1 /* ToolNetWorkSolveVC.m in Sources */,
				EE5839531AB98EE900516AC1 /* UINavigationController+Appearance.m in Sources */,
				EE58390D1AB98EDD00516AC1 /* main.m in Sources */,
				EE5839541AB98EE900516AC1 /* BaseModel.m in Sources */,
				EE5839551AB98EE900516AC1 /* BaseCell.m in Sources */,
				EE58394C1AB98EE900516AC1 /* CoreNavigationController.m in Sources */,
			);
			runOnlyForDeploymentPostprocessing = 0;
		};
		EE58391C1AB98EDD00516AC1 /* Sources */ = {
			isa = PBXSourcesBuildPhase;
			buildActionMask = 2147483647;
			files = (
				EE5839271AB98EDD00516AC1 /* CoreClassTests.m in Sources */,
			);
			runOnlyForDeploymentPostprocessing = 0;
		};
/* End PBXSourcesBuildPhase section */

/* Begin PBXTargetDependency section */
		EE5839221AB98EDD00516AC1 /* PBXTargetDependency */ = {
			isa = PBXTargetDependency;
			target = EE5839061AB98EDD00516AC1 /* CoreClass */;
			targetProxy = EE5839211AB98EDD00516AC1 /* PBXContainerItemProxy */;
		};
/* End PBXTargetDependency section */

/* Begin PBXVariantGroup section */
		EE5839141AB98EDD00516AC1 /* Main.storyboard */ = {
			isa = PBXVariantGroup;
			children = (
				EE5839151AB98EDD00516AC1 /* Base */,
			);
			name = Main.storyboard;
			sourceTree = "<group>";
		};
		EE5839191AB98EDD00516AC1 /* LaunchScreen.xib */ = {
			isa = PBXVariantGroup;
			children = (
				EE58391A1AB98EDD00516AC1 /* Base */,
			);
			name = LaunchScreen.xib;
			sourceTree = "<group>";
		};
/* End PBXVariantGroup section */

/* Begin XCBuildConfiguration section */
		EE5839281AB98EDD00516AC1 /* Debug */ = {
			isa = XCBuildConfiguration;
			buildSettings = {
				ALWAYS_SEARCH_USER_PATHS = NO;
				CLANG_CXX_LANGUAGE_STANDARD = "gnu++0x";
				CLANG_CXX_LIBRARY = "libc++";
				CLANG_ENABLE_MODULES = YES;
				CLANG_ENABLE_OBJC_ARC = YES;
				CLANG_WARN_BOOL_CONVERSION = YES;
				CLANG_WARN_CONSTANT_CONVERSION = YES;
				CLANG_WARN_DIRECT_OBJC_ISA_USAGE = YES_ERROR;
				CLANG_WARN_EMPTY_BODY = YES;
				CLANG_WARN_ENUM_CONVERSION = YES;
				CLANG_WARN_INT_CONVERSION = YES;
				CLANG_WARN_OBJC_ROOT_CLASS = YES_ERROR;
				CLANG_WARN_UNREACHABLE_CODE = YES;
				CLANG_WARN__DUPLICATE_METHOD_MATCH = YES;
				"CODE_SIGN_IDENTITY[sdk=iphoneos*]" = "iPhone Developer";
				COPY_PHASE_STRIP = NO;
				ENABLE_STRICT_OBJC_MSGSEND = YES;
				GCC_C_LANGUAGE_STANDARD = gnu99;
				GCC_DYNAMIC_NO_PIC = NO;
				GCC_OPTIMIZATION_LEVEL = 0;
				GCC_PREPROCESSOR_DEFINITIONS = (
					"DEBUG=1",
					"$(inherited)",
				);
				GCC_SYMBOLS_PRIVATE_EXTERN = NO;
				GCC_WARN_64_TO_32_BIT_CONVERSION = YES;
				GCC_WARN_ABOUT_RETURN_TYPE = YES_ERROR;
				GCC_WARN_UNDECLARED_SELECTOR = YES;
				GCC_WARN_UNINITIALIZED_AUTOS = YES_AGGRESSIVE;
				GCC_WARN_UNUSED_FUNCTION = YES;
				GCC_WARN_UNUSED_VARIABLE = YES;
				IPHONEOS_DEPLOYMENT_TARGET = 8.1;
				MTL_ENABLE_DEBUG_INFO = YES;
				ONLY_ACTIVE_ARCH = YES;
				SDKROOT = iphoneos;
			};
			name = Debug;
		};
		EE5839291AB98EDD00516AC1 /* Release */ = {
			isa = XCBuildConfiguration;
			buildSettings = {
				ALWAYS_SEARCH_USER_PATHS = NO;
				CLANG_CXX_LANGUAGE_STANDARD = "gnu++0x";
				CLANG_CXX_LIBRARY = "libc++";
				CLANG_ENABLE_MODULES = YES;
				CLANG_ENABLE_OBJC_ARC = YES;
				CLANG_WARN_BOOL_CONVERSION = YES;
				CLANG_WARN_CONSTANT_CONVERSION = YES;
				CLANG_WARN_DIRECT_OBJC_ISA_USAGE = YES_ERROR;
				CLANG_WARN_EMPTY_BODY = YES;
				CLANG_WARN_ENUM_CONVERSION = YES;
				CLANG_WARN_INT_CONVERSION = YES;
				CLANG_WARN_OBJC_ROOT_CLASS = YES_ERROR;
				CLANG_WARN_UNREACHABLE_CODE = YES;
				CLANG_WARN__DUPLICATE_METHOD_MATCH = YES;
				"CODE_SIGN_IDENTITY[sdk=iphoneos*]" = "iPhone Developer";
				COPY_PHASE_STRIP = YES;
				ENABLE_NS_ASSERTIONS = NO;
				ENABLE_STRICT_OBJC_MSGSEND = YES;
				GCC_C_LANGUAGE_STANDARD = gnu99;
				GCC_WARN_64_TO_32_BIT_CONVERSION = YES;
				GCC_WARN_ABOUT_RETURN_TYPE = YES_ERROR;
				GCC_WARN_UNDECLARED_SELECTOR = YES;
				GCC_WARN_UNINITIALIZED_AUTOS = YES_AGGRESSIVE;
				GCC_WARN_UNUSED_FUNCTION = YES;
				GCC_WARN_UNUSED_VARIABLE = YES;
				IPHONEOS_DEPLOYMENT_TARGET = 8.1;
				MTL_ENABLE_DEBUG_INFO = NO;
				SDKROOT = iphoneos;
				VALIDATE_PRODUCT = YES;
			};
			name = Release;
		};
		EE58392B1AB98EDD00516AC1 /* Debug */ = {
			isa = XCBuildConfiguration;
			buildSettings = {
				ASSETCATALOG_COMPILER_APPICON_NAME = AppIcon;
				INFOPLIST_FILE = CoreClass/Info.plist;
				LD_RUNPATH_SEARCH_PATHS = "$(inherited) @executable_path/Frameworks";
				PRODUCT_NAME = "$(TARGET_NAME)";
			};
			name = Debug;
		};
		EE58392C1AB98EDD00516AC1 /* Release */ = {
			isa = XCBuildConfiguration;
			buildSettings = {
				ASSETCATALOG_COMPILER_APPICON_NAME = AppIcon;
				INFOPLIST_FILE = CoreClass/Info.plist;
				LD_RUNPATH_SEARCH_PATHS = "$(inherited) @executable_path/Frameworks";
				PRODUCT_NAME = "$(TARGET_NAME)";
			};
			name = Release;
		};
		EE58392E1AB98EDD00516AC1 /* Debug */ = {
			isa = XCBuildConfiguration;
			buildSettings = {
				BUNDLE_LOADER = "$(TEST_HOST)";
				FRAMEWORK_SEARCH_PATHS = (
					"$(SDKROOT)/Developer/Library/Frameworks",
					"$(inherited)",
				);
				GCC_PREPROCESSOR_DEFINITIONS = (
					"DEBUG=1",
					"$(inherited)",
				);
				INFOPLIST_FILE = CoreClassTests/Info.plist;
				LD_RUNPATH_SEARCH_PATHS = "$(inherited) @executable_path/Frameworks @loader_path/Frameworks";
				PRODUCT_NAME = "$(TARGET_NAME)";
				TEST_HOST = "$(BUILT_PRODUCTS_DIR)/CoreClass.app/CoreClass";
			};
			name = Debug;
		};
		EE58392F1AB98EDD00516AC1 /* Release */ = {
			isa = XCBuildConfiguration;
			buildSettings = {
				BUNDLE_LOADER = "$(TEST_HOST)";
				FRAMEWORK_SEARCH_PATHS = (
					"$(SDKROOT)/Developer/Library/Frameworks",
					"$(inherited)",
				);
				INFOPLIST_FILE = CoreClassTests/Info.plist;
				LD_RUNPATH_SEARCH_PATHS = "$(inherited) @executable_path/Frameworks @loader_path/Frameworks";
				PRODUCT_NAME = "$(TARGET_NAME)";
				TEST_HOST = "$(BUILT_PRODUCTS_DIR)/CoreClass.app/CoreClass";
			};
			name = Release;
		};
/* End XCBuildConfiguration section */

/* Begin XCConfigurationList section */
		EE5839021AB98EDD00516AC1 /* Build configuration list for PBXProject "CoreClass" */ = {
			isa = XCConfigurationList;
			buildConfigurations = (
				EE5839281AB98EDD00516AC1 /* Debug */,
				EE5839291AB98EDD00516AC1 /* Release */,
			);
			defaultConfigurationIsVisible = 0;
			defaultConfigurationName = Release;
		};
		EE58392A1AB98EDD00516AC1 /* Build configuration list for PBXNativeTarget "CoreClass" */ = {
			isa = XCConfigurationList;
			buildConfigurations = (
				EE58392B1AB98EDD00516AC1 /* Debug */,
				EE58392C1AB98EDD00516AC1 /* Release */,
			);
			defaultConfigurationIsVisible = 0;
		};
		EE58392D1AB98EDD00516AC1 /* Build configuration list for PBXNativeTarget "CoreClassTests" */ = {
			isa = XCConfigurationList;
			buildConfigurations = (
				EE58392E1AB98EDD00516AC1 /* Debug */,
				EE58392F1AB98EDD00516AC1 /* Release */,
			);
			defaultConfigurationIsVisible = 0;
		};
/* End XCConfigurationList section */
	};
	rootObject = EE5838FF1AB98EDD00516AC1 /* Project object */;
}
