// !$*UTF8*$!
{
	archiveVersion = 1;
	classes = {
	};
	objectVersion = 46;
	objects = {

/* Begin PBXBuildFile section */
		891E01621B16B96600FDF43F /* CoreFMDB.m in Sources */ = {isa = PBXBuildFile; fileRef = 891E014F1B16B96600FDF43F /* CoreFMDB.m */; };
		891E01631B16B96600FDF43F /* NSString+CoreFMDB.m in Sources */ = {isa = PBXBuildFile; fileRef = 891E01531B16B96600FDF43F /* NSString+CoreFMDB.m */; };
		891E01641B16B96600FDF43F /* FMDatabase.m in Sources */ = {isa = PBXBuildFile; fileRef = 891E01561B16B96600FDF43F /* FMDatabase.m */; };
		891E01651B16B96600FDF43F /* FMDatabaseAdditions.m in Sources */ = {isa = PBXBuildFile; fileRef = 891E01581B16B96600FDF43F /* FMDatabaseAdditions.m */; };
		891E01661B16B96600FDF43F /* FMDatabasePool.m in Sources */ = {isa = PBXBuildFile; fileRef = 891E015A1B16B96600FDF43F /* FMDatabasePool.m */; };
		891E01671B16B96600FDF43F /* FMDatabaseQueue.m in Sources */ = {isa = PBXBuildFile; fileRef = 891E015C1B16B96600FDF43F /* FMDatabaseQueue.m */; };
		891E01681B16B96600FDF43F /* FMResultSet.m in Sources */ = {isa = PBXBuildFile; fileRef = 891E015F1B16B96600FDF43F /* FMResultSet.m */; };
		891E01B01B16BC0400FDF43F /* libsqlite3.0.dylib in Frameworks */ = {isa = PBXBuildFile; fileRef = 891E01AF1B16BC0400FDF43F /* libsqlite3.0.dylib */; };
		891E0F861B16C1A600B20093 /* CoreHttp.m in Sources */ = {isa = PBXBuildFile; fileRef = 891E0F771B16C1A600B20093 /* CoreHttp.m */; };
		891E0F871B16C1A600B20093 /* NSString+CoreHttp.m in Sources */ = {isa = PBXBuildFile; fileRef = 891E0F7A1B16C1A600B20093 /* NSString+CoreHttp.m */; };
		891E0F881B16C1A600B20093 /* NSData+MimeType.m in Sources */ = {isa = PBXBuildFile; fileRef = 891E0F7D1B16C1A600B20093 /* NSData+MimeType.m */; };
		891E0F891B16C1A600B20093 /* NSData+Param.m in Sources */ = {isa = PBXBuildFile; fileRef = 891E0F7F1B16C1A600B20093 /* NSData+Param.m */; };
		891E0F8A1B16C1A600B20093 /* NSString+File.m in Sources */ = {isa = PBXBuildFile; fileRef = 891E0F811B16C1A600B20093 /* NSString+File.m */; };
		891E0F8B1B16C1A600B20093 /* NSURL+File.m in Sources */ = {isa = PBXBuildFile; fileRef = 891E0F831B16C1A600B20093 /* NSURL+File.m */; };
		891E0F8C1B16C1A600B20093 /* UploadFile.m in Sources */ = {isa = PBXBuildFile; fileRef = 891E0F851B16C1A600B20093 /* UploadFile.m */; };
		891E0FAB1B16E1A900B20093 /* NSString+ArcFile.m in Sources */ = {isa = PBXBuildFile; fileRef = 891E0FA81B16E1A900B20093 /* NSString+ArcFile.m */; };
		891E0FAC1B16E1A900B20093 /* CoreArchive.m in Sources */ = {isa = PBXBuildFile; fileRef = 891E0FAA1B16E1A900B20093 /* CoreArchive.m */; };
		8955C1FB1B24291800135D55 /* BaseNav.m in Sources */ = {isa = PBXBuildFile; fileRef = 8955C1BB1B24291800135D55 /* BaseNav.m */; };
		8955C1FC1B24291800135D55 /* CoreNavigationController.m in Sources */ = {isa = PBXBuildFile; fileRef = 8955C1BE1B24291800135D55 /* CoreNavigationController.m */; };
		8955C1FD1B24291800135D55 /* NetWork.bundle in Resources */ = {isa = PBXBuildFile; fileRef = 8955C1C01B24291800135D55 /* NetWork.bundle */; };
		8955C1FE1B24291800135D55 /* ToolNetWorkSolveVC.m in Sources */ = {isa = PBXBuildFile; fileRef = 8955C1C21B24291800135D55 /* ToolNetWorkSolveVC.m */; };
		8955C1FF1B24291800135D55 /* ToolNetWorkSolveVC.xib in Resources */ = {isa = PBXBuildFile; fileRef = 8955C1C31B24291800135D55 /* ToolNetWorkSolveVC.xib */; };
		8955C2001B24291800135D55 /* ToolNetWorkView.m in Sources */ = {isa = PBXBuildFile; fileRef = 8955C1C51B24291800135D55 /* ToolNetWorkView.m */; };
		8955C2011B24291800135D55 /* ToolNetWorkView.xib in Resources */ = {isa = PBXBuildFile; fileRef = 8955C1C61B24291800135D55 /* ToolNetWorkView.xib */; };
		8955C2021B24291800135D55 /* UIBarButtonItem+Appearance.m in Sources */ = {isa = PBXBuildFile; fileRef = 8955C1C81B24291800135D55 /* UIBarButtonItem+Appearance.m */; };
		8955C2031B24291800135D55 /* UINavigationController+Appearance.m in Sources */ = {isa = PBXBuildFile; fileRef = 8955C1CA1B24291800135D55 /* UINavigationController+Appearance.m */; };
		8955C2041B24291800135D55 /* BaseModel.m in Sources */ = {isa = PBXBuildFile; fileRef = 8955C1CD1B24291800135D55 /* BaseModel.m */; };
		8955C2051B24291800135D55 /* BaseMoelConst.m in Sources */ = {isa = PBXBuildFile; fileRef = 8955C1D11B24291800135D55 /* BaseMoelConst.m */; };
		8955C2061B24291800135D55 /* NSDictionary+Sqlite.m in Sources */ = {isa = PBXBuildFile; fileRef = 8955C1D51B24291800135D55 /* NSDictionary+Sqlite.m */; };
		8955C2071B24291800135D55 /* NSObject+BaseModelCommon.m in Sources */ = {isa = PBXBuildFile; fileRef = 8955C1D81B24291800135D55 /* NSObject+BaseModelCommon.m */; };
		8955C2081B24291800135D55 /* NSObject+Contrast.m in Sources */ = {isa = PBXBuildFile; fileRef = 8955C1DA1B24291800135D55 /* NSObject+Contrast.m */; };
		8955C2091B24291800135D55 /* NSObject+Create.m in Sources */ = {isa = PBXBuildFile; fileRef = 8955C1DC1B24291800135D55 /* NSObject+Create.m */; };
		8955C20A1B24291800135D55 /* NSObject+Delete.m in Sources */ = {isa = PBXBuildFile; fileRef = 8955C1DE1B24291800135D55 /* NSObject+Delete.m */; };
		8955C20B1B24291800135D55 /* NSObject+Insert.m in Sources */ = {isa = PBXBuildFile; fileRef = 8955C1E01B24291800135D55 /* NSObject+Insert.m */; };
		8955C20C1B24291800135D55 /* NSObject+Save.m in Sources */ = {isa = PBXBuildFile; fileRef = 8955C1E21B24291800135D55 /* NSObject+Save.m */; };
		8955C20D1B24291800135D55 /* NSObject+Select.m in Sources */ = {isa = PBXBuildFile; fileRef = 8955C1E41B24291800135D55 /* NSObject+Select.m */; };
		8955C20E1B24291800135D55 /* NSObject+Update.m in Sources */ = {isa = PBXBuildFile; fileRef = 8955C1E61B24291800135D55 /* NSObject+Update.m */; };
		8955C20F1B24291800135D55 /* NSString+Stackoverflow.m in Sources */ = {isa = PBXBuildFile; fileRef = 8955C1E91B24291800135D55 /* NSString+Stackoverflow.m */; };
		8955C2101B24291800135D55 /* BaseCollectionViewCell.m in Sources */ = {isa = PBXBuildFile; fileRef = 8955C1F31B24291800135D55 /* BaseCollectionViewCell.m */; };
		8955C2111B24291800135D55 /* BaseTableViewCell.m in Sources */ = {isa = PBXBuildFile; fileRef = 8955C1F71B24291800135D55 /* BaseTableViewCell.m */; };
		8955C2121B24291800135D55 /* BaseTF.m in Sources */ = {isa = PBXBuildFile; fileRef = 8955C1FA1B24291800135D55 /* BaseTF.m */; };
		8965A65F1B11AB2D0067043C /* CoreStatus.m in Sources */ = {isa = PBXBuildFile; fileRef = 8965A65B1B11AB2D0067043C /* CoreStatus.m */; };
		8965A6601B11AB2D0067043C /* Reachability.m in Sources */ = {isa = PBXBuildFile; fileRef = 8965A65E1B11AB2D0067043C /* Reachability.m */; };
		8965A6921B11AB5C0067043C /* CALayer+Anim.m in Sources */ = {isa = PBXBuildFile; fileRef = 8965A6641B11AB5C0067043C /* CALayer+Anim.m */; };
		8965A6931B11AB5C0067043C /* CALayer+Transition.m in Sources */ = {isa = PBXBuildFile; fileRef = 8965A6661B11AB5C0067043C /* CALayer+Transition.m */; };
		8965A6941B11AB5C0067043C /* NSArray+Extend.m in Sources */ = {isa = PBXBuildFile; fileRef = 8965A6691B11AB5C0067043C /* NSArray+Extend.m */; };
		8965A6951B11AB5C0067043C /* NSDate+Extend.m in Sources */ = {isa = PBXBuildFile; fileRef = 8965A66C1B11AB5C0067043C /* NSDate+Extend.m */; };
		8965A6961B11AB5C0067043C /* NSObject+Extend.m in Sources */ = {isa = PBXBuildFile; fileRef = 8965A66F1B11AB5C0067043C /* NSObject+Extend.m */; };
		8965A6971B11AB5C0067043C /* NSString+Extend.m in Sources */ = {isa = PBXBuildFile; fileRef = 8965A6721B11AB5C0067043C /* NSString+Extend.m */; };
		8965A6981B11AB5C0067043C /* NSString+Password.m in Sources */ = {isa = PBXBuildFile; fileRef = 8965A6741B11AB5C0067043C /* NSString+Password.m */; };
		8965A6991B11AB5C0067043C /* UIColor+Extend.m in Sources */ = {isa = PBXBuildFile; fileRef = 8965A6771B11AB5C0067043C /* UIColor+Extend.m */; };
		8965A69A1B11AB5C0067043C /* UIDevice+Extend.m in Sources */ = {isa = PBXBuildFile; fileRef = 8965A67A1B11AB5C0067043C /* UIDevice+Extend.m */; };
		8965A69B1B11AB5C0067043C /* UIFont+Extend.m in Sources */ = {isa = PBXBuildFile; fileRef = 8965A67D1B11AB5C0067043C /* UIFont+Extend.m */; };
		8965A69C1B11AB5C0067043C /* UIImage+Color.m in Sources */ = {isa = PBXBuildFile; fileRef = 8965A6801B11AB5C0067043C /* UIImage+Color.m */; };
		8965A69D1B11AB5C0067043C /* UIImage+Cut.m in Sources */ = {isa = PBXBuildFile; fileRef = 8965A6821B11AB5C0067043C /* UIImage+Cut.m */; };
		8965A69E1B11AB5C0067043C /* UIImage+Extend.m in Sources */ = {isa = PBXBuildFile; fileRef = 8965A6841B11AB5C0067043C /* UIImage+Extend.m */; };
		8965A69F1B11AB5C0067043C /* UIImage+FixOrientation.m in Sources */ = {isa = PBXBuildFile; fileRef = 8965A6861B11AB5C0067043C /* UIImage+FixOrientation.m */; };
		8965A6A01B11AB5C0067043C /* UIImage+Water.m in Sources */ = {isa = PBXBuildFile; fileRef = 8965A6881B11AB5C0067043C /* UIImage+Water.m */; };
		8965A6A11B11AB5C0067043C /* UITableViewCell+Extend.m in Sources */ = {isa = PBXBuildFile; fileRef = 8965A68B1B11AB5C0067043C /* UITableViewCell+Extend.m */; };
		8965A6A21B11AB5C0067043C /* UIView+Extend.m in Sources */ = {isa = PBXBuildFile; fileRef = 8965A68E1B11AB5C0067043C /* UIView+Extend.m */; };
		8965A6A31B11AB5C0067043C /* UIWindow+Launch.m in Sources */ = {isa = PBXBuildFile; fileRef = 8965A6911B11AB5C0067043C /* UIWindow+Launch.m */; };
		896959DF1B280A660047DBFB /* BaseGradientView.m in Sources */ = {isa = PBXBuildFile; fileRef = 896959DE1B280A660047DBFB /* BaseGradientView.m */; };
		89A75F941B4FBEF6002F02B9 /* tip.png in Resources */ = {isa = PBXBuildFile; fileRef = 89A75F931B4FBEF6002F02B9 /* tip.png */; };
		89C157E41B3B8C1B00893E99 /* BaseTextView.m in Sources */ = {isa = PBXBuildFile; fileRef = 89C157E31B3B8C1B00893E99 /* BaseTextView.m */; };
		89CB4FD41B44E80E00B9C214 /* Student.m in Sources */ = {isa = PBXBuildFile; fileRef = 89CB4FD31B44E80E00B9C214 /* Student.m */; };
		89CB4FE71B44EA2500B9C214 /* MJConst.m in Sources */ = {isa = PBXBuildFile; fileRef = 89CB4FD71B44EA2500B9C214 /* MJConst.m */; };
		89CB4FE81B44EA2500B9C214 /* MJFoundation.m in Sources */ = {isa = PBXBuildFile; fileRef = 89CB4FDA1B44EA2500B9C214 /* MJFoundation.m */; };
		89CB4FE91B44EA2500B9C214 /* MJProperty.m in Sources */ = {isa = PBXBuildFile; fileRef = 89CB4FDC1B44EA2500B9C214 /* MJProperty.m */; };
		89CB4FEA1B44EA2500B9C214 /* MJType.m in Sources */ = {isa = PBXBuildFile; fileRef = 89CB4FDE1B44EA2500B9C214 /* MJType.m */; };
		89CB4FEB1B44EA2500B9C214 /* NSObject+MJCoding.m in Sources */ = {isa = PBXBuildFile; fileRef = 89CB4FE01B44EA2500B9C214 /* NSObject+MJCoding.m */; };
		89CB4FEC1B44EA2500B9C214 /* NSObject+MJKeyValue.m in Sources */ = {isa = PBXBuildFile; fileRef = 89CB4FE21B44EA2500B9C214 /* NSObject+MJKeyValue.m */; };
		89CB4FED1B44EA2500B9C214 /* NSObject+MJProperty.m in Sources */ = {isa = PBXBuildFile; fileRef = 89CB4FE41B44EA2500B9C214 /* NSObject+MJProperty.m */; };
		89CB4FEE1B44EA2500B9C214 /* NSString+MJExtension.m in Sources */ = {isa = PBXBuildFile; fileRef = 89CB4FE61B44EA2500B9C214 /* NSString+MJExtension.m */; };
		89CB4FF11B44EAB700B9C214 /* Pen.m in Sources */ = {isa = PBXBuildFile; fileRef = 89CB4FF01B44EAB700B9C214 /* Pen.m */; };
		89CB51351B451A2B00B9C214 /* User.m in Sources */ = {isa = PBXBuildFile; fileRef = 89CB51341B451A2B00B9C214 /* User.m */; };
		89CB513D1B453CE300B9C214 /* FBShimmeringLayer.m in Sources */ = {isa = PBXBuildFile; fileRef = 89CB513A1B453CE300B9C214 /* FBShimmeringLayer.m */; };
		89CB513E1B453CE300B9C214 /* FBShimmeringView.m in Sources */ = {isa = PBXBuildFile; fileRef = 89CB513C1B453CE300B9C214 /* FBShimmeringView.m */; };
		89CB51401B45447000B9C214 /* show.gif in Resources */ = {isa = PBXBuildFile; fileRef = 89CB513F1B45447000B9C214 /* show.gif */; };
		EE58390D1AB98EDD00516AC1 /* main.m in Sources */ = {isa = PBXBuildFile; fileRef = EE58390C1AB98EDD00516AC1 /* main.m */; };
		EE5839101AB98EDD00516AC1 /* AppDelegate.m in Sources */ = {isa = PBXBuildFile; fileRef = EE58390F1AB98EDD00516AC1 /* AppDelegate.m */; };
		EE5839131AB98EDD00516AC1 /* ViewController.m in Sources */ = {isa = PBXBuildFile; fileRef = EE5839121AB98EDD00516AC1 /* ViewController.m */; };
		EE5839161AB98EDD00516AC1 /* Main.storyboard in Resources */ = {isa = PBXBuildFile; fileRef = EE5839141AB98EDD00516AC1 /* Main.storyboard */; };
		EE5839181AB98EDD00516AC1 /* Images.xcassets in Resources */ = {isa = PBXBuildFile; fileRef = EE5839171AB98EDD00516AC1 /* Images.xcassets */; };
		EE58391B1AB98EDD00516AC1 /* LaunchScreen.xib in Resources */ = {isa = PBXBuildFile; fileRef = EE5839191AB98EDD00516AC1 /* LaunchScreen.xib */; };
		EE5839271AB98EDD00516AC1 /* CoreClassTests.m in Sources */ = {isa = PBXBuildFile; fileRef = EE5839261AB98EDD00516AC1 /* CoreClassTests.m */; };
/* End PBXBuildFile section */

/* Begin PBXContainerItemProxy section */
		EE5839211AB98EDD00516AC1 /* PBXContainerItemProxy */ = {
			isa = PBXContainerItemProxy;
			containerPortal = EE5838FF1AB98EDD00516AC1 /* Project object */;
			proxyType = 1;
			remoteGlobalIDString = EE5839061AB98EDD00516AC1;
			remoteInfo = CoreClass;
		};
/* End PBXContainerItemProxy section */

/* Begin PBXFileReference section */
		891E014E1B16B96600FDF43F /* CoreFMDB.h */ = {isa = PBXFileReference; fileEncoding = 4; lastKnownFileType = sourcecode.c.h; path = CoreFMDB.h; sourceTree = "<group>"; };
		891E014F1B16B96600FDF43F /* CoreFMDB.m */ = {isa = PBXFileReference; fileEncoding = 4; lastKnownFileType = sourcecode.c.objc; path = CoreFMDB.m; sourceTree = "<group>"; };
		891E01521B16B96600FDF43F /* NSString+CoreFMDB.h */ = {isa = PBXFileReference; fileEncoding = 4; lastKnownFileType = sourcecode.c.h; path = "NSString+CoreFMDB.h"; sourceTree = "<group>"; };
		891E01531B16B96600FDF43F /* NSString+CoreFMDB.m */ = {isa = PBXFileReference; fileEncoding = 4; lastKnownFileType = sourcecode.c.objc; path = "NSString+CoreFMDB.m"; sourceTree = "<group>"; };
		891E01551B16B96600FDF43F /* FMDatabase.h */ = {isa = PBXFileReference; fileEncoding = 4; lastKnownFileType = sourcecode.c.h; path = FMDatabase.h; sourceTree = "<group>"; };
		891E01561B16B96600FDF43F /* FMDatabase.m */ = {isa = PBXFileReference; fileEncoding = 4; lastKnownFileType = sourcecode.c.objc; path = FMDatabase.m; sourceTree = "<group>"; };
		891E01571B16B96600FDF43F /* FMDatabaseAdditions.h */ = {isa = PBXFileReference; fileEncoding = 4; lastKnownFileType = sourcecode.c.h; path = FMDatabaseAdditions.h; sourceTree = "<group>"; };
		891E01581B16B96600FDF43F /* FMDatabaseAdditions.m */ = {isa = PBXFileReference; fileEncoding = 4; lastKnownFileType = sourcecode.c.objc; path = FMDatabaseAdditions.m; sourceTree = "<group>"; };
		891E01591B16B96600FDF43F /* FMDatabasePool.h */ = {isa = PBXFileReference; fileEncoding = 4; lastKnownFileType = sourcecode.c.h; path = FMDatabasePool.h; sourceTree = "<group>"; };
		891E015A1B16B96600FDF43F /* FMDatabasePool.m */ = {isa = PBXFileReference; fileEncoding = 4; lastKnownFileType = sourcecode.c.objc; path = FMDatabasePool.m; sourceTree = "<group>"; };
		891E015B1B16B96600FDF43F /* FMDatabaseQueue.h */ = {isa = PBXFileReference; fileEncoding = 4; lastKnownFileType = sourcecode.c.h; path = FMDatabaseQueue.h; sourceTree = "<group>"; };
		891E015C1B16B96600FDF43F /* FMDatabaseQueue.m */ = {isa = PBXFileReference; fileEncoding = 4; lastKnownFileType = sourcecode.c.objc; path = FMDatabaseQueue.m; sourceTree = "<group>"; };
		891E015D1B16B96600FDF43F /* FMDB.h */ = {isa = PBXFileReference; fileEncoding = 4; lastKnownFileType = sourcecode.c.h; path = FMDB.h; sourceTree = "<group>"; };
		891E015E1B16B96600FDF43F /* FMResultSet.h */ = {isa = PBXFileReference; fileEncoding = 4; lastKnownFileType = sourcecode.c.h; path = FMResultSet.h; sourceTree = "<group>"; };
		891E015F1B16B96600FDF43F /* FMResultSet.m */ = {isa = PBXFileReference; fileEncoding = 4; lastKnownFileType = sourcecode.c.objc; path = FMResultSet.m; sourceTree = "<group>"; };
		891E01611B16B96600FDF43F /* CoreFMDBSingleton.h */ = {isa = PBXFileReference; fileEncoding = 4; lastKnownFileType = sourcecode.c.h; path = CoreFMDBSingleton.h; sourceTree = "<group>"; };
		891E01AF1B16BC0400FDF43F /* libsqlite3.0.dylib */ = {isa = PBXFileReference; lastKnownFileType = "compiled.mach-o.dylib"; name = libsqlite3.0.dylib; path = usr/lib/libsqlite3.0.dylib; sourceTree = SDKROOT; };
		891E0F761B16C1A600B20093 /* CoreHttp.h */ = {isa = PBXFileReference; fileEncoding = 4; lastKnownFileType = sourcecode.c.h; path = CoreHttp.h; sourceTree = "<group>"; };
		891E0F771B16C1A600B20093 /* CoreHttp.m */ = {isa = PBXFileReference; fileEncoding = 4; lastKnownFileType = sourcecode.c.objc; path = CoreHttp.m; sourceTree = "<group>"; };
		891E0F791B16C1A600B20093 /* NSString+CoreHttp.h */ = {isa = PBXFileReference; fileEncoding = 4; lastKnownFileType = sourcecode.c.h; path = "NSString+CoreHttp.h"; sourceTree = "<group>"; };
		891E0F7A1B16C1A600B20093 /* NSString+CoreHttp.m */ = {isa = PBXFileReference; fileEncoding = 4; lastKnownFileType = sourcecode.c.objc; path = "NSString+CoreHttp.m"; sourceTree = "<group>"; };
		891E0F7C1B16C1A600B20093 /* NSData+MimeType.h */ = {isa = PBXFileReference; fileEncoding = 4; lastKnownFileType = sourcecode.c.h; path = "NSData+MimeType.h"; sourceTree = "<group>"; };
		891E0F7D1B16C1A600B20093 /* NSData+MimeType.m */ = {isa = PBXFileReference; fileEncoding = 4; lastKnownFileType = sourcecode.c.objc; path = "NSData+MimeType.m"; sourceTree = "<group>"; };
		891E0F7E1B16C1A600B20093 /* NSData+Param.h */ = {isa = PBXFileReference; fileEncoding = 4; lastKnownFileType = sourcecode.c.h; path = "NSData+Param.h"; sourceTree = "<group>"; };
		891E0F7F1B16C1A600B20093 /* NSData+Param.m */ = {isa = PBXFileReference; fileEncoding = 4; lastKnownFileType = sourcecode.c.objc; path = "NSData+Param.m"; sourceTree = "<group>"; };
		891E0F801B16C1A600B20093 /* NSString+File.h */ = {isa = PBXFileReference; fileEncoding = 4; lastKnownFileType = sourcecode.c.h; path = "NSString+File.h"; sourceTree = "<group>"; };
		891E0F811B16C1A600B20093 /* NSString+File.m */ = {isa = PBXFileReference; fileEncoding = 4; lastKnownFileType = sourcecode.c.objc; path = "NSString+File.m"; sourceTree = "<group>"; };
		891E0F821B16C1A600B20093 /* NSURL+File.h */ = {isa = PBXFileReference; fileEncoding = 4; lastKnownFileType = sourcecode.c.h; path = "NSURL+File.h"; sourceTree = "<group>"; };
		891E0F831B16C1A600B20093 /* NSURL+File.m */ = {isa = PBXFileReference; fileEncoding = 4; lastKnownFileType = sourcecode.c.objc; path = "NSURL+File.m"; sourceTree = "<group>"; };
		891E0F841B16C1A600B20093 /* UploadFile.h */ = {isa = PBXFileReference; fileEncoding = 4; lastKnownFileType = sourcecode.c.h; path = UploadFile.h; sourceTree = "<group>"; };
		891E0F851B16C1A600B20093 /* UploadFile.m */ = {isa = PBXFileReference; fileEncoding = 4; lastKnownFileType = sourcecode.c.objc; path = UploadFile.m; sourceTree = "<group>"; };
		891E0FA71B16E1A900B20093 /* NSString+ArcFile.h */ = {isa = PBXFileReference; fileEncoding = 4; lastKnownFileType = sourcecode.c.h; path = "NSString+ArcFile.h"; sourceTree = "<group>"; };
		891E0FA81B16E1A900B20093 /* NSString+ArcFile.m */ = {isa = PBXFileReference; fileEncoding = 4; lastKnownFileType = sourcecode.c.objc; path = "NSString+ArcFile.m"; sourceTree = "<group>"; };
		891E0FA91B16E1A900B20093 /* CoreArchive.h */ = {isa = PBXFileReference; fileEncoding = 4; lastKnownFileType = sourcecode.c.h; path = CoreArchive.h; sourceTree = "<group>"; };
		891E0FAA1B16E1A900B20093 /* CoreArchive.m */ = {isa = PBXFileReference; fileEncoding = 4; lastKnownFileType = sourcecode.c.objc; path = CoreArchive.m; sourceTree = "<group>"; };
		8955C1BA1B24291800135D55 /* BaseNav.h */ = {isa = PBXFileReference; fileEncoding = 4; lastKnownFileType = sourcecode.c.h; path = BaseNav.h; sourceTree = "<group>"; };
		8955C1BB1B24291800135D55 /* BaseNav.m */ = {isa = PBXFileReference; fileEncoding = 4; lastKnownFileType = sourcecode.c.objc; path = BaseNav.m; sourceTree = "<group>"; };
		8955C1BD1B24291800135D55 /* CoreNavigationController.h */ = {isa = PBXFileReference; fileEncoding = 4; lastKnownFileType = sourcecode.c.h; path = CoreNavigationController.h; sourceTree = "<group>"; };
		8955C1BE1B24291800135D55 /* CoreNavigationController.m */ = {isa = PBXFileReference; fileEncoding = 4; lastKnownFileType = sourcecode.c.objc; path = CoreNavigationController.m; sourceTree = "<group>"; };
		8955C1C01B24291800135D55 /* NetWork.bundle */ = {isa = PBXFileReference; lastKnownFileType = "wrapper.plug-in"; path = NetWork.bundle; sourceTree = "<group>"; };
		8955C1C11B24291800135D55 /* ToolNetWorkSolveVC.h */ = {isa = PBXFileReference; fileEncoding = 4; lastKnownFileType = sourcecode.c.h; path = ToolNetWorkSolveVC.h; sourceTree = "<group>"; };
		8955C1C21B24291800135D55 /* ToolNetWorkSolveVC.m */ = {isa = PBXFileReference; fileEncoding = 4; lastKnownFileType = sourcecode.c.objc; path = ToolNetWorkSolveVC.m; sourceTree = "<group>"; };
		8955C1C31B24291800135D55 /* ToolNetWorkSolveVC.xib */ = {isa = PBXFileReference; fileEncoding = 4; lastKnownFileType = file.xib; path = ToolNetWorkSolveVC.xib; sourceTree = "<group>"; };
		8955C1C41B24291800135D55 /* ToolNetWorkView.h */ = {isa = PBXFileReference; fileEncoding = 4; lastKnownFileType = sourcecode.c.h; path = ToolNetWorkView.h; sourceTree = "<group>"; };
		8955C1C51B24291800135D55 /* ToolNetWorkView.m */ = {isa = PBXFileReference; fileEncoding = 4; lastKnownFileType = sourcecode.c.objc; path = ToolNetWorkView.m; sourceTree = "<group>"; };
		8955C1C61B24291800135D55 /* ToolNetWorkView.xib */ = {isa = PBXFileReference; fileEncoding = 4; lastKnownFileType = file.xib; path = ToolNetWorkView.xib; sourceTree = "<group>"; };
		8955C1C71B24291800135D55 /* UIBarButtonItem+Appearance.h */ = {isa = PBXFileReference; fileEncoding = 4; lastKnownFileType = sourcecode.c.h; path = "UIBarButtonItem+Appearance.h"; sourceTree = "<group>"; };
		8955C1C81B24291800135D55 /* UIBarButtonItem+Appearance.m */ = {isa = PBXFileReference; fileEncoding = 4; lastKnownFileType = sourcecode.c.objc; path = "UIBarButtonItem+Appearance.m"; sourceTree = "<group>"; };
		8955C1C91B24291800135D55 /* UINavigationController+Appearance.h */ = {isa = PBXFileReference; fileEncoding = 4; lastKnownFileType = sourcecode.c.h; path = "UINavigationController+Appearance.h"; sourceTree = "<group>"; };
		8955C1CA1B24291800135D55 /* UINavigationController+Appearance.m */ = {isa = PBXFileReference; fileEncoding = 4; lastKnownFileType = sourcecode.c.objc; path = "UINavigationController+Appearance.m"; sourceTree = "<group>"; };
		8955C1CC1B24291800135D55 /* BaseModel.h */ = {isa = PBXFileReference; fileEncoding = 4; lastKnownFileType = sourcecode.c.h; path = BaseModel.h; sourceTree = "<group>"; };
		8955C1CD1B24291800135D55 /* BaseModel.m */ = {isa = PBXFileReference; fileEncoding = 4; lastKnownFileType = sourcecode.c.objc; path = BaseModel.m; sourceTree = "<group>"; };
		8955C1D01B24291800135D55 /* BaseMoelConst.h */ = {isa = PBXFileReference; fileEncoding = 4; lastKnownFileType = sourcecode.c.h; path = BaseMoelConst.h; sourceTree = "<group>"; };
		8955C1D11B24291800135D55 /* BaseMoelConst.m */ = {isa = PBXFileReference; fileEncoding = 4; lastKnownFileType = sourcecode.c.objc; path = BaseMoelConst.m; sourceTree = "<group>"; };
		8955C1D41B24291800135D55 /* NSDictionary+Sqlite.h */ = {isa = PBXFileReference; fileEncoding = 4; lastKnownFileType = sourcecode.c.h; path = "NSDictionary+Sqlite.h"; sourceTree = "<group>"; };
		8955C1D51B24291800135D55 /* NSDictionary+Sqlite.m */ = {isa = PBXFileReference; fileEncoding = 4; lastKnownFileType = sourcecode.c.objc; path = "NSDictionary+Sqlite.m"; sourceTree = "<group>"; };
		8955C1D71B24291800135D55 /* NSObject+BaseModelCommon.h */ = {isa = PBXFileReference; fileEncoding = 4; lastKnownFileType = sourcecode.c.h; path = "NSObject+BaseModelCommon.h"; sourceTree = "<group>"; };
		8955C1D81B24291800135D55 /* NSObject+BaseModelCommon.m */ = {isa = PBXFileReference; fileEncoding = 4; lastKnownFileType = sourcecode.c.objc; path = "NSObject+BaseModelCommon.m"; sourceTree = "<group>"; };
		8955C1D91B24291800135D55 /* NSObject+Contrast.h */ = {isa = PBXFileReference; fileEncoding = 4; lastKnownFileType = sourcecode.c.h; path = "NSObject+Contrast.h"; sourceTree = "<group>"; };
		8955C1DA1B24291800135D55 /* NSObject+Contrast.m */ = {isa = PBXFileReference; fileEncoding = 4; lastKnownFileType = sourcecode.c.objc; path = "NSObject+Contrast.m"; sourceTree = "<group>"; };
		8955C1DB1B24291800135D55 /* NSObject+Create.h */ = {isa = PBXFileReference; fileEncoding = 4; lastKnownFileType = sourcecode.c.h; path = "NSObject+Create.h"; sourceTree = "<group>"; };
		8955C1DC1B24291800135D55 /* NSObject+Create.m */ = {isa = PBXFileReference; fileEncoding = 4; lastKnownFileType = sourcecode.c.objc; path = "NSObject+Create.m"; sourceTree = "<group>"; };
		8955C1DD1B24291800135D55 /* NSObject+Delete.h */ = {isa = PBXFileReference; fileEncoding = 4; lastKnownFileType = sourcecode.c.h; path = "NSObject+Delete.h"; sourceTree = "<group>"; };
		8955C1DE1B24291800135D55 /* NSObject+Delete.m */ = {isa = PBXFileReference; fileEncoding = 4; lastKnownFileType = sourcecode.c.objc; path = "NSObject+Delete.m"; sourceTree = "<group>"; };
		8955C1DF1B24291800135D55 /* NSObject+Insert.h */ = {isa = PBXFileReference; fileEncoding = 4; lastKnownFileType = sourcecode.c.h; path = "NSObject+Insert.h"; sourceTree = "<group>"; };
		8955C1E01B24291800135D55 /* NSObject+Insert.m */ = {isa = PBXFileReference; fileEncoding = 4; lastKnownFileType = sourcecode.c.objc; path = "NSObject+Insert.m"; sourceTree = "<group>"; };
		8955C1E11B24291800135D55 /* NSObject+Save.h */ = {isa = PBXFileReference; fileEncoding = 4; lastKnownFileType = sourcecode.c.h; path = "NSObject+Save.h"; sourceTree = "<group>"; };
		8955C1E21B24291800135D55 /* NSObject+Save.m */ = {isa = PBXFileReference; fileEncoding = 4; lastKnownFileType = sourcecode.c.objc; path = "NSObject+Save.m"; sourceTree = "<group>"; };
		8955C1E31B24291800135D55 /* NSObject+Select.h */ = {isa = PBXFileReference; fileEncoding = 4; lastKnownFileType = sourcecode.c.h; path = "NSObject+Select.h"; sourceTree = "<group>"; };
		8955C1E41B24291800135D55 /* NSObject+Select.m */ = {isa = PBXFileReference; fileEncoding = 4; lastKnownFileType = sourcecode.c.objc; path = "NSObject+Select.m"; sourceTree = "<group>"; };
		8955C1E51B24291800135D55 /* NSObject+Update.h */ = {isa = PBXFileReference; fileEncoding = 4; lastKnownFileType = sourcecode.c.h; path = "NSObject+Update.h"; sourceTree = "<group>"; };
		8955C1E61B24291800135D55 /* NSObject+Update.m */ = {isa = PBXFileReference; fileEncoding = 4; lastKnownFileType = sourcecode.c.objc; path = "NSObject+Update.m"; sourceTree = "<group>"; };
		8955C1E81B24291800135D55 /* NSString+Stackoverflow.h */ = {isa = PBXFileReference; fileEncoding = 4; lastKnownFileType = sourcecode.c.h; path = "NSString+Stackoverflow.h"; sourceTree = "<group>"; };
		8955C1E91B24291800135D55 /* NSString+Stackoverflow.m */ = {isa = PBXFileReference; fileEncoding = 4; lastKnownFileType = sourcecode.c.objc; path = "NSString+Stackoverflow.m"; sourceTree = "<group>"; };
		8955C1EB1B24291800135D55 /* BaseModelProtocol.h */ = {isa = PBXFileReference; fileEncoding = 4; lastKnownFileType = sourcecode.c.h; path = BaseModelProtocol.h; sourceTree = "<group>"; };
		8955C1EC1B24291800135D55 /* BasePageModelProtocol.h */ = {isa = PBXFileReference; fileEncoding = 4; lastKnownFileType = sourcecode.c.h; path = BasePageModelProtocol.h; sourceTree = "<group>"; };
		8955C1EE1B24291800135D55 /* BaseModelType.h */ = {isa = PBXFileReference; fileEncoding = 4; lastKnownFileType = sourcecode.c.h; path = BaseModelType.h; sourceTree = "<group>"; };
		8955C1EF1B24291800135D55 /* ReadMe.h */ = {isa = PBXFileReference; fileEncoding = 4; lastKnownFileType = sourcecode.c.h; path = ReadMe.h; sourceTree = "<group>"; };
		8955C1F21B24291800135D55 /* BaseCollectionViewCell.h */ = {isa = PBXFileReference; fileEncoding = 4; lastKnownFileType = sourcecode.c.h; path = BaseCollectionViewCell.h; sourceTree = "<group>"; };
		8955C1F31B24291800135D55 /* BaseCollectionViewCell.m */ = {isa = PBXFileReference; fileEncoding = 4; lastKnownFileType = sourcecode.c.objc; path = BaseCollectionViewCell.m; sourceTree = "<group>"; };
		8955C1F51B24291800135D55 /* BaseCellProtocol.h */ = {isa = PBXFileReference; fileEncoding = 4; lastKnownFileType = sourcecode.c.h; path = BaseCellProtocol.h; sourceTree = "<group>"; };
		8955C1F61B24291800135D55 /* BaseTableViewCell.h */ = {isa = PBXFileReference; fileEncoding = 4; lastKnownFileType = sourcecode.c.h; path = BaseTableViewCell.h; sourceTree = "<group>"; };
		8955C1F71B24291800135D55 /* BaseTableViewCell.m */ = {isa = PBXFileReference; fileEncoding = 4; lastKnownFileType = sourcecode.c.objc; path = BaseTableViewCell.m; sourceTree = "<group>"; };
		8955C1F91B24291800135D55 /* BaseTF.h */ = {isa = PBXFileReference; fileEncoding = 4; lastKnownFileType = sourcecode.c.h; path = BaseTF.h; sourceTree = "<group>"; };
		8955C1FA1B24291800135D55 /* BaseTF.m */ = {isa = PBXFileReference; fileEncoding = 4; lastKnownFileType = sourcecode.c.objc; path = BaseTF.m; sourceTree = "<group>"; };
		8965A65A1B11AB2D0067043C /* CoreStatus.h */ = {isa = PBXFileReference; fileEncoding = 4; lastKnownFileType = sourcecode.c.h; path = CoreStatus.h; sourceTree = "<group>"; };
		8965A65B1B11AB2D0067043C /* CoreStatus.m */ = {isa = PBXFileReference; fileEncoding = 4; lastKnownFileType = sourcecode.c.objc; path = CoreStatus.m; sourceTree = "<group>"; };
		8965A65D1B11AB2D0067043C /* Reachability.h */ = {isa = PBXFileReference; fileEncoding = 4; lastKnownFileType = sourcecode.c.h; path = Reachability.h; sourceTree = "<group>"; };
		8965A65E1B11AB2D0067043C /* Reachability.m */ = {isa = PBXFileReference; fileEncoding = 4; lastKnownFileType = sourcecode.c.objc; path = Reachability.m; sourceTree = "<group>"; };
		8965A6631B11AB5C0067043C /* CALayer+Anim.h */ = {isa = PBXFileReference; fileEncoding = 4; lastKnownFileType = sourcecode.c.h; path = "CALayer+Anim.h"; sourceTree = "<group>"; };
		8965A6641B11AB5C0067043C /* CALayer+Anim.m */ = {isa = PBXFileReference; fileEncoding = 4; lastKnownFileType = sourcecode.c.objc; path = "CALayer+Anim.m"; sourceTree = "<group>"; };
		8965A6651B11AB5C0067043C /* CALayer+Transition.h */ = {isa = PBXFileReference; fileEncoding = 4; lastKnownFileType = sourcecode.c.h; path = "CALayer+Transition.h"; sourceTree = "<group>"; };
		8965A6661B11AB5C0067043C /* CALayer+Transition.m */ = {isa = PBXFileReference; fileEncoding = 4; lastKnownFileType = sourcecode.c.objc; path = "CALayer+Transition.m"; sourceTree = "<group>"; };
		8965A6681B11AB5C0067043C /* NSArray+Extend.h */ = {isa = PBXFileReference; fileEncoding = 4; lastKnownFileType = sourcecode.c.h; path = "NSArray+Extend.h"; sourceTree = "<group>"; };
		8965A6691B11AB5C0067043C /* NSArray+Extend.m */ = {isa = PBXFileReference; fileEncoding = 4; lastKnownFileType = sourcecode.c.objc; path = "NSArray+Extend.m"; sourceTree = "<group>"; };
		8965A66B1B11AB5C0067043C /* NSDate+Extend.h */ = {isa = PBXFileReference; fileEncoding = 4; lastKnownFileType = sourcecode.c.h; path = "NSDate+Extend.h"; sourceTree = "<group>"; };
		8965A66C1B11AB5C0067043C /* NSDate+Extend.m */ = {isa = PBXFileReference; fileEncoding = 4; lastKnownFileType = sourcecode.c.objc; path = "NSDate+Extend.m"; sourceTree = "<group>"; };
		8965A66E1B11AB5C0067043C /* NSObject+Extend.h */ = {isa = PBXFileReference; fileEncoding = 4; lastKnownFileType = sourcecode.c.h; path = "NSObject+Extend.h"; sourceTree = "<group>"; };
		8965A66F1B11AB5C0067043C /* NSObject+Extend.m */ = {isa = PBXFileReference; fileEncoding = 4; lastKnownFileType = sourcecode.c.objc; path = "NSObject+Extend.m"; sourceTree = "<group>"; };
		8965A6711B11AB5C0067043C /* NSString+Extend.h */ = {isa = PBXFileReference; fileEncoding = 4; lastKnownFileType = sourcecode.c.h; path = "NSString+Extend.h"; sourceTree = "<group>"; };
		8965A6721B11AB5C0067043C /* NSString+Extend.m */ = {isa = PBXFileReference; fileEncoding = 4; lastKnownFileType = sourcecode.c.objc; path = "NSString+Extend.m"; sourceTree = "<group>"; };
		8965A6731B11AB5C0067043C /* NSString+Password.h */ = {isa = PBXFileReference; fileEncoding = 4; lastKnownFileType = sourcecode.c.h; path = "NSString+Password.h"; sourceTree = "<group>"; };
		8965A6741B11AB5C0067043C /* NSString+Password.m */ = {isa = PBXFileReference; fileEncoding = 4; lastKnownFileType = sourcecode.c.objc; path = "NSString+Password.m"; sourceTree = "<group>"; };
		8965A6761B11AB5C0067043C /* UIColor+Extend.h */ = {isa = PBXFileReference; fileEncoding = 4; lastKnownFileType = sourcecode.c.h; path = "UIColor+Extend.h"; sourceTree = "<group>"; };
		8965A6771B11AB5C0067043C /* UIColor+Extend.m */ = {isa = PBXFileReference; fileEncoding = 4; lastKnownFileType = sourcecode.c.objc; path = "UIColor+Extend.m"; sourceTree = "<group>"; };
		8965A6791B11AB5C0067043C /* UIDevice+Extend.h */ = {isa = PBXFileReference; fileEncoding = 4; lastKnownFileType = sourcecode.c.h; path = "UIDevice+Extend.h"; sourceTree = "<group>"; };
		8965A67A1B11AB5C0067043C /* UIDevice+Extend.m */ = {isa = PBXFileReference; fileEncoding = 4; lastKnownFileType = sourcecode.c.objc; path = "UIDevice+Extend.m"; sourceTree = "<group>"; };
		8965A67C1B11AB5C0067043C /* UIFont+Extend.h */ = {isa = PBXFileReference; fileEncoding = 4; lastKnownFileType = sourcecode.c.h; path = "UIFont+Extend.h"; sourceTree = "<group>"; };
		8965A67D1B11AB5C0067043C /* UIFont+Extend.m */ = {isa = PBXFileReference; fileEncoding = 4; lastKnownFileType = sourcecode.c.objc; path = "UIFont+Extend.m"; sourceTree = "<group>"; };
		8965A67F1B11AB5C0067043C /* UIImage+Color.h */ = {isa = PBXFileReference; fileEncoding = 4; lastKnownFileType = sourcecode.c.h; path = "UIImage+Color.h"; sourceTree = "<group>"; };
		8965A6801B11AB5C0067043C /* UIImage+Color.m */ = {isa = PBXFileReference; fileEncoding = 4; lastKnownFileType = sourcecode.c.objc; path = "UIImage+Color.m"; sourceTree = "<group>"; };
		8965A6811B11AB5C0067043C /* UIImage+Cut.h */ = {isa = PBXFileReference; fileEncoding = 4; lastKnownFileType = sourcecode.c.h; path = "UIImage+Cut.h"; sourceTree = "<group>"; };
		8965A6821B11AB5C0067043C /* UIImage+Cut.m */ = {isa = PBXFileReference; fileEncoding = 4; lastKnownFileType = sourcecode.c.objc; path = "UIImage+Cut.m"; sourceTree = "<group>"; };
		8965A6831B11AB5C0067043C /* UIImage+Extend.h */ = {isa = PBXFileReference; fileEncoding = 4; lastKnownFileType = sourcecode.c.h; path = "UIImage+Extend.h"; sourceTree = "<group>"; };
		8965A6841B11AB5C0067043C /* UIImage+Extend.m */ = {isa = PBXFileReference; fileEncoding = 4; lastKnownFileType = sourcecode.c.objc; path = "UIImage+Extend.m"; sourceTree = "<group>"; };
		8965A6851B11AB5C0067043C /* UIImage+FixOrientation.h */ = {isa = PBXFileReference; fileEncoding = 4; lastKnownFileType = sourcecode.c.h; path = "UIImage+FixOrientation.h"; sourceTree = "<group>"; };
		8965A6861B11AB5C0067043C /* UIImage+FixOrientation.m */ = {isa = PBXFileReference; fileEncoding = 4; lastKnownFileType = sourcecode.c.objc; path = "UIImage+FixOrientation.m"; sourceTree = "<group>"; };
		8965A6871B11AB5C0067043C /* UIImage+Water.h */ = {isa = PBXFileReference; fileEncoding = 4; lastKnownFileType = sourcecode.c.h; path = "UIImage+Water.h"; sourceTree = "<group>"; };
		8965A6881B11AB5C0067043C /* UIImage+Water.m */ = {isa = PBXFileReference; fileEncoding = 4; lastKnownFileType = sourcecode.c.objc; path = "UIImage+Water.m"; sourceTree = "<group>"; };
		8965A68A1B11AB5C0067043C /* UITableViewCell+Extend.h */ = {isa = PBXFileReference; fileEncoding = 4; lastKnownFileType = sourcecode.c.h; path = "UITableViewCell+Extend.h"; sourceTree = "<group>"; };
		8965A68B1B11AB5C0067043C /* UITableViewCell+Extend.m */ = {isa = PBXFileReference; fileEncoding = 4; lastKnownFileType = sourcecode.c.objc; path = "UITableViewCell+Extend.m"; sourceTree = "<group>"; };
		8965A68D1B11AB5C0067043C /* UIView+Extend.h */ = {isa = PBXFileReference; fileEncoding = 4; lastKnownFileType = sourcecode.c.h; path = "UIView+Extend.h"; sourceTree = "<group>"; };
		8965A68E1B11AB5C0067043C /* UIView+Extend.m */ = {isa = PBXFileReference; fileEncoding = 4; lastKnownFileType = sourcecode.c.objc; path = "UIView+Extend.m"; sourceTree = "<group>"; };
		8965A6901B11AB5C0067043C /* UIWindow+Launch.h */ = {isa = PBXFileReference; fileEncoding = 4; lastKnownFileType = sourcecode.c.h; path = "UIWindow+Launch.h"; sourceTree = "<group>"; };
		8965A6911B11AB5C0067043C /* UIWindow+Launch.m */ = {isa = PBXFileReference; fileEncoding = 4; lastKnownFileType = sourcecode.c.objc; path = "UIWindow+Launch.m"; sourceTree = "<group>"; };
		896959DD1B280A660047DBFB /* BaseGradientView.h */ = {isa = PBXFileReference; fileEncoding = 4; lastKnownFileType = sourcecode.c.h; path = BaseGradientView.h; sourceTree = "<group>"; };
		896959DE1B280A660047DBFB /* BaseGradientView.m */ = {isa = PBXFileReference; fileEncoding = 4; lastKnownFileType = sourcecode.c.objc; path = BaseGradientView.m; sourceTree = "<group>"; };
		89A75F931B4FBEF6002F02B9 /* tip.png */ = {isa = PBXFileReference; lastKnownFileType = image.png; path = tip.png; sourceTree = "<group>"; };
		89C157E21B3B8C1B00893E99 /* BaseTextView.h */ = {isa = PBXFileReference; fileEncoding = 4; lastKnownFileType = sourcecode.c.h; path = BaseTextView.h; sourceTree = "<group>"; };
		89C157E31B3B8C1B00893E99 /* BaseTextView.m */ = {isa = PBXFileReference; fileEncoding = 4; lastKnownFileType = sourcecode.c.objc; path = BaseTextView.m; sourceTree = "<group>"; };
		89CB4FD21B44E80E00B9C214 /* Student.h */ = {isa = PBXFileReference; fileEncoding = 4; lastKnownFileType = sourcecode.c.h; path = Student.h; sourceTree = "<group>"; };
		89CB4FD31B44E80E00B9C214 /* Student.m */ = {isa = PBXFileReference; fileEncoding = 4; lastKnownFileType = sourcecode.c.objc; path = Student.m; sourceTree = "<group>"; };
		89CB4FD61B44EA2500B9C214 /* MJConst.h */ = {isa = PBXFileReference; fileEncoding = 4; lastKnownFileType = sourcecode.c.h; path = MJConst.h; sourceTree = "<group>"; };
		89CB4FD71B44EA2500B9C214 /* MJConst.m */ = {isa = PBXFileReference; fileEncoding = 4; lastKnownFileType = sourcecode.c.objc; path = MJConst.m; sourceTree = "<group>"; };
		89CB4FD81B44EA2500B9C214 /* MJExtension.h */ = {isa = PBXFileReference; fileEncoding = 4; lastKnownFileType = sourcecode.c.h; path = MJExtension.h; sourceTree = "<group>"; };
		89CB4FD91B44EA2500B9C214 /* MJFoundation.h */ = {isa = PBXFileReference; fileEncoding = 4; lastKnownFileType = sourcecode.c.h; path = MJFoundation.h; sourceTree = "<group>"; };
		89CB4FDA1B44EA2500B9C214 /* MJFoundation.m */ = {isa = PBXFileReference; fileEncoding = 4; lastKnownFileType = sourcecode.c.objc; path = MJFoundation.m; sourceTree = "<group>"; };
		89CB4FDB1B44EA2500B9C214 /* MJProperty.h */ = {isa = PBXFileReference; fileEncoding = 4; lastKnownFileType = sourcecode.c.h; path = MJProperty.h; sourceTree = "<group>"; };
		89CB4FDC1B44EA2500B9C214 /* MJProperty.m */ = {isa = PBXFileReference; fileEncoding = 4; lastKnownFileType = sourcecode.c.objc; path = MJProperty.m; sourceTree = "<group>"; };
		89CB4FDD1B44EA2500B9C214 /* MJType.h */ = {isa = PBXFileReference; fileEncoding = 4; lastKnownFileType = sourcecode.c.h; path = MJType.h; sourceTree = "<group>"; };
		89CB4FDE1B44EA2500B9C214 /* MJType.m */ = {isa = PBXFileReference; fileEncoding = 4; lastKnownFileType = sourcecode.c.objc; path = MJType.m; sourceTree = "<group>"; };
		89CB4FDF1B44EA2500B9C214 /* NSObject+MJCoding.h */ = {isa = PBXFileReference; fileEncoding = 4; lastKnownFileType = sourcecode.c.h; path = "NSObject+MJCoding.h"; sourceTree = "<group>"; };
		89CB4FE01B44EA2500B9C214 /* NSObject+MJCoding.m */ = {isa = PBXFileReference; fileEncoding = 4; lastKnownFileType = sourcecode.c.objc; path = "NSObject+MJCoding.m"; sourceTree = "<group>"; };
		89CB4FE11B44EA2500B9C214 /* NSObject+MJKeyValue.h */ = {isa = PBXFileReference; fileEncoding = 4; lastKnownFileType = sourcecode.c.h; path = "NSObject+MJKeyValue.h"; sourceTree = "<group>"; };
		89CB4FE21B44EA2500B9C214 /* NSObject+MJKeyValue.m */ = {isa = PBXFileReference; fileEncoding = 4; lastKnownFileType = sourcecode.c.objc; path = "NSObject+MJKeyValue.m"; sourceTree = "<group>"; };
		89CB4FE31B44EA2500B9C214 /* NSObject+MJProperty.h */ = {isa = PBXFileReference; fileEncoding = 4; lastKnownFileType = sourcecode.c.h; path = "NSObject+MJProperty.h"; sourceTree = "<group>"; };
		89CB4FE41B44EA2500B9C214 /* NSObject+MJProperty.m */ = {isa = PBXFileReference; fileEncoding = 4; lastKnownFileType = sourcecode.c.objc; path = "NSObject+MJProperty.m"; sourceTree = "<group>"; };
		89CB4FE51B44EA2500B9C214 /* NSString+MJExtension.h */ = {isa = PBXFileReference; fileEncoding = 4; lastKnownFileType = sourcecode.c.h; path = "NSString+MJExtension.h"; sourceTree = "<group>"; };
		89CB4FE61B44EA2500B9C214 /* NSString+MJExtension.m */ = {isa = PBXFileReference; fileEncoding = 4; lastKnownFileType = sourcecode.c.objc; path = "NSString+MJExtension.m"; sourceTree = "<group>"; };
		89CB4FEF1B44EAB700B9C214 /* Pen.h */ = {isa = PBXFileReference; fileEncoding = 4; lastKnownFileType = sourcecode.c.h; path = Pen.h; sourceTree = "<group>"; };
		89CB4FF01B44EAB700B9C214 /* Pen.m */ = {isa = PBXFileReference; fileEncoding = 4; lastKnownFileType = sourcecode.c.objc; path = Pen.m; sourceTree = "<group>"; };
		89CB51331B451A2B00B9C214 /* User.h */ = {isa = PBXFileReference; fileEncoding = 4; lastKnownFileType = sourcecode.c.h; path = User.h; sourceTree = "<group>"; };
		89CB51341B451A2B00B9C214 /* User.m */ = {isa = PBXFileReference; fileEncoding = 4; lastKnownFileType = sourcecode.c.objc; path = User.m; sourceTree = "<group>"; };
		89CB51371B453CE300B9C214 /* FBShimmering-Prefix.pch */ = {isa = PBXFileReference; fileEncoding = 4; lastKnownFileType = sourcecode.c.h; path = "FBShimmering-Prefix.pch"; sourceTree = "<group>"; };
		89CB51381B453CE300B9C214 /* FBShimmering.h */ = {isa = PBXFileReference; fileEncoding = 4; lastKnownFileType = sourcecode.c.h; path = FBShimmering.h; sourceTree = "<group>"; };
		89CB51391B453CE300B9C214 /* FBShimmeringLayer.h */ = {isa = PBXFileReference; fileEncoding = 4; lastKnownFileType = sourcecode.c.h; path = FBShimmeringLayer.h; sourceTree = "<group>"; };
		89CB513A1B453CE300B9C214 /* FBShimmeringLayer.m */ = {isa = PBXFileReference; fileEncoding = 4; lastKnownFileType = sourcecode.c.objc; path = FBShimmeringLayer.m; sourceTree = "<group>"; };
		89CB513B1B453CE300B9C214 /* FBShimmeringView.h */ = {isa = PBXFileReference; fileEncoding = 4; lastKnownFileType = sourcecode.c.h; path = FBShimmeringView.h; sourceTree = "<group>"; };
		89CB513C1B453CE300B9C214 /* FBShimmeringView.m */ = {isa = PBXFileReference; fileEncoding = 4; lastKnownFileType = sourcecode.c.objc; path = FBShimmeringView.m; sourceTree = "<group>"; };
		89CB513F1B45447000B9C214 /* show.gif */ = {isa = PBXFileReference; lastKnownFileType = image.gif; path = show.gif; sourceTree = "<group>"; };
		EE5839071AB98EDD00516AC1 /* CoreClass.app */ = {isa = PBXFileReference; explicitFileType = wrapper.application; includeInIndex = 0; path = CoreClass.app; sourceTree = BUILT_PRODUCTS_DIR; };
		EE58390B1AB98EDD00516AC1 /* Info.plist */ = {isa = PBXFileReference; lastKnownFileType = text.plist.xml; path = Info.plist; sourceTree = "<group>"; };
		EE58390C1AB98EDD00516AC1 /* main.m */ = {isa = PBXFileReference; lastKnownFileType = sourcecode.c.objc; path = main.m; sourceTree = "<group>"; };
		EE58390E1AB98EDD00516AC1 /* AppDelegate.h */ = {isa = PBXFileReference; lastKnownFileType = sourcecode.c.h; path = AppDelegate.h; sourceTree = "<group>"; };
		EE58390F1AB98EDD00516AC1 /* AppDelegate.m */ = {isa = PBXFileReference; lastKnownFileType = sourcecode.c.objc; path = AppDelegate.m; sourceTree = "<group>"; };
		EE5839111AB98EDD00516AC1 /* ViewController.h */ = {isa = PBXFileReference; lastKnownFileType = sourcecode.c.h; path = ViewController.h; sourceTree = "<group>"; };
		EE5839121AB98EDD00516AC1 /* ViewController.m */ = {isa = PBXFileReference; lastKnownFileType = sourcecode.c.objc; path = ViewController.m; sourceTree = "<group>"; };
		EE5839151AB98EDD00516AC1 /* Base */ = {isa = PBXFileReference; lastKnownFileType = file.storyboard; name = Base; path = Base.lproj/Main.storyboard; sourceTree = "<group>"; };
		EE5839171AB98EDD00516AC1 /* Images.xcassets */ = {isa = PBXFileReference; lastKnownFileType = folder.assetcatalog; path = Images.xcassets; sourceTree = "<group>"; };
		EE58391A1AB98EDD00516AC1 /* Base */ = {isa = PBXFileReference; lastKnownFileType = file.xib; name = Base; path = Base.lproj/LaunchScreen.xib; sourceTree = "<group>"; };
		EE5839201AB98EDD00516AC1 /* CoreClassTests.xctest */ = {isa = PBXFileReference; explicitFileType = wrapper.cfbundle; includeInIndex = 0; path = CoreClassTests.xctest; sourceTree = BUILT_PRODUCTS_DIR; };
		EE5839251AB98EDD00516AC1 /* Info.plist */ = {isa = PBXFileReference; lastKnownFileType = text.plist.xml; path = Info.plist; sourceTree = "<group>"; };
		EE5839261AB98EDD00516AC1 /* CoreClassTests.m */ = {isa = PBXFileReference; lastKnownFileType = sourcecode.c.objc; path = CoreClassTests.m; sourceTree = "<group>"; };
/* End PBXFileReference section */

/* Begin PBXFrameworksBuildPhase section */
		EE5839041AB98EDD00516AC1 /* Frameworks */ = {
			isa = PBXFrameworksBuildPhase;
			buildActionMask = 2147483647;
			files = (
				891E01B01B16BC0400FDF43F /* libsqlite3.0.dylib in Frameworks */,
			);
			runOnlyForDeploymentPostprocessing = 0;
		};
		EE58391D1AB98EDD00516AC1 /* Frameworks */ = {
			isa = PBXFrameworksBuildPhase;
			buildActionMask = 2147483647;
			files = (
			);
			runOnlyForDeploymentPostprocessing = 0;
		};
/* End PBXFrameworksBuildPhase section */

/* Begin PBXGroup section */
		891E014D1B16B96600FDF43F /* CoreFMDB */ = {
			isa = PBXGroup;
			children = (
				891E014E1B16B96600FDF43F /* CoreFMDB.h */,
				891E014F1B16B96600FDF43F /* CoreFMDB.m */,
				891E01501B16B96600FDF43F /* Lib */,
			);
			path = CoreFMDB;
			sourceTree = "<group>";
		};
		891E01501B16B96600FDF43F /* Lib */ = {
			isa = PBXGroup;
			children = (
				891E01511B16B96600FDF43F /* Category */,
				891E01541B16B96600FDF43F /* fmdb */,
				891E01601B16B96600FDF43F /* Singleton */,
			);
			path = Lib;
			sourceTree = "<group>";
		};
		891E01511B16B96600FDF43F /* Category */ = {
			isa = PBXGroup;
			children = (
				891E01521B16B96600FDF43F /* NSString+CoreFMDB.h */,
				891E01531B16B96600FDF43F /* NSString+CoreFMDB.m */,
			);
			path = Category;
			sourceTree = "<group>";
		};
		891E01541B16B96600FDF43F /* fmdb */ = {
			isa = PBXGroup;
			children = (
				891E01551B16B96600FDF43F /* FMDatabase.h */,
				891E01561B16B96600FDF43F /* FMDatabase.m */,
				891E01571B16B96600FDF43F /* FMDatabaseAdditions.h */,
				891E01581B16B96600FDF43F /* FMDatabaseAdditions.m */,
				891E01591B16B96600FDF43F /* FMDatabasePool.h */,
				891E015A1B16B96600FDF43F /* FMDatabasePool.m */,
				891E015B1B16B96600FDF43F /* FMDatabaseQueue.h */,
				891E015C1B16B96600FDF43F /* FMDatabaseQueue.m */,
				891E015D1B16B96600FDF43F /* FMDB.h */,
				891E015E1B16B96600FDF43F /* FMResultSet.h */,
				891E015F1B16B96600FDF43F /* FMResultSet.m */,
			);
			path = fmdb;
			sourceTree = "<group>";
		};
		891E01601B16B96600FDF43F /* Singleton */ = {
			isa = PBXGroup;
			children = (
				891E01611B16B96600FDF43F /* CoreFMDBSingleton.h */,
			);
			path = Singleton;
			sourceTree = "<group>";
		};
		891E0F751B16C1A600B20093 /* CoreHttp */ = {
			isa = PBXGroup;
			children = (
				891E0F761B16C1A600B20093 /* CoreHttp.h */,
				891E0F771B16C1A600B20093 /* CoreHttp.m */,
				891E0F781B16C1A600B20093 /* NSString+CoreHttp */,
				891E0F7B1B16C1A600B20093 /* Upload */,
			);
			path = CoreHttp;
			sourceTree = "<group>";
		};
		891E0F781B16C1A600B20093 /* NSString+CoreHttp */ = {
			isa = PBXGroup;
			children = (
				891E0F791B16C1A600B20093 /* NSString+CoreHttp.h */,
				891E0F7A1B16C1A600B20093 /* NSString+CoreHttp.m */,
			);
			path = "NSString+CoreHttp";
			sourceTree = "<group>";
		};
		891E0F7B1B16C1A600B20093 /* Upload */ = {
			isa = PBXGroup;
			children = (
				891E0F7C1B16C1A600B20093 /* NSData+MimeType.h */,
				891E0F7D1B16C1A600B20093 /* NSData+MimeType.m */,
				891E0F7E1B16C1A600B20093 /* NSData+Param.h */,
				891E0F7F1B16C1A600B20093 /* NSData+Param.m */,
				891E0F801B16C1A600B20093 /* NSString+File.h */,
				891E0F811B16C1A600B20093 /* NSString+File.m */,
				891E0F821B16C1A600B20093 /* NSURL+File.h */,
				891E0F831B16C1A600B20093 /* NSURL+File.m */,
				891E0F841B16C1A600B20093 /* UploadFile.h */,
				891E0F851B16C1A600B20093 /* UploadFile.m */,
			);
			path = Upload;
			sourceTree = "<group>";
		};
		891E0F8D1B16C37700B20093 /* APP */ = {
			isa = PBXGroup;
			children = (
				EE58390E1AB98EDD00516AC1 /* AppDelegate.h */,
				EE58390F1AB98EDD00516AC1 /* AppDelegate.m */,
				EE5839111AB98EDD00516AC1 /* ViewController.h */,
				EE5839121AB98EDD00516AC1 /* ViewController.m */,
				EE5839141AB98EDD00516AC1 /* Main.storyboard */,
				89CB4FD21B44E80E00B9C214 /* Student.h */,
				89CB4FD31B44E80E00B9C214 /* Student.m */,
				89CB4FEF1B44EAB700B9C214 /* Pen.h */,
				89CB4FF01B44EAB700B9C214 /* Pen.m */,
				89CB51331B451A2B00B9C214 /* User.h */,
				89CB51341B451A2B00B9C214 /* User.m */,
			);
			name = APP;
			sourceTree = "<group>";
		};
		891E0FA51B16E1A900B20093 /* CoreArchive */ = {
			isa = PBXGroup;
			children = (
				891E0FA61B16E1A900B20093 /* Category */,
				891E0FA91B16E1A900B20093 /* CoreArchive.h */,
				891E0FAA1B16E1A900B20093 /* CoreArchive.m */,
			);
			path = CoreArchive;
			sourceTree = "<group>";
		};
		891E0FA61B16E1A900B20093 /* Category */ = {
			isa = PBXGroup;
			children = (
				891E0FA71B16E1A900B20093 /* NSString+ArcFile.h */,
				891E0FA81B16E1A900B20093 /* NSString+ArcFile.m */,
			);
			path = Category;
			sourceTree = "<group>";
		};
		8955C1B71B24291800135D55 /* CoreClass */ = {
			isa = PBXGroup;
			children = (
				8955C1B81B24291800135D55 /* Controller */,
				8955C1CB1B24291800135D55 /* Model */,
				8955C1F01B24291800135D55 /* View */,
			);
			path = CoreClass;
			sourceTree = "<group>";
		};
		8955C1B81B24291800135D55 /* Controller */ = {
			isa = PBXGroup;
			children = (
				8955C1B91B24291800135D55 /* Nav */,
			);
			path = Controller;
			sourceTree = "<group>";
		};
		8955C1B91B24291800135D55 /* Nav */ = {
			isa = PBXGroup;
			children = (
				8955C1BA1B24291800135D55 /* BaseNav.h */,
				8955C1BB1B24291800135D55 /* BaseNav.m */,
				8955C1BC1B24291800135D55 /* CoreNavigationController */,
				8955C1BF1B24291800135D55 /* Lib */,
			);
			path = Nav;
			sourceTree = "<group>";
		};
		8955C1BC1B24291800135D55 /* CoreNavigationController */ = {
			isa = PBXGroup;
			children = (
				8955C1BD1B24291800135D55 /* CoreNavigationController.h */,
				8955C1BE1B24291800135D55 /* CoreNavigationController.m */,
			);
			path = CoreNavigationController;
			sourceTree = "<group>";
		};
		8955C1BF1B24291800135D55 /* Lib */ = {
			isa = PBXGroup;
			children = (
				8955C1C01B24291800135D55 /* NetWork.bundle */,
				8955C1C11B24291800135D55 /* ToolNetWorkSolveVC.h */,
				8955C1C21B24291800135D55 /* ToolNetWorkSolveVC.m */,
				8955C1C31B24291800135D55 /* ToolNetWorkSolveVC.xib */,
				8955C1C41B24291800135D55 /* ToolNetWorkView.h */,
				8955C1C51B24291800135D55 /* ToolNetWorkView.m */,
				8955C1C61B24291800135D55 /* ToolNetWorkView.xib */,
				8955C1C71B24291800135D55 /* UIBarButtonItem+Appearance.h */,
				8955C1C81B24291800135D55 /* UIBarButtonItem+Appearance.m */,
				8955C1C91B24291800135D55 /* UINavigationController+Appearance.h */,
				8955C1CA1B24291800135D55 /* UINavigationController+Appearance.m */,
			);
			path = Lib;
			sourceTree = "<group>";
		};
		8955C1CB1B24291800135D55 /* Model */ = {
			isa = PBXGroup;
			children = (
				8955C1CC1B24291800135D55 /* BaseModel.h */,
				8955C1CD1B24291800135D55 /* BaseModel.m */,
				8955C1CE1B24291800135D55 /* Lib */,
				8955C1EF1B24291800135D55 /* ReadMe.h */,
			);
			path = Model;
			sourceTree = "<group>";
		};
		8955C1CE1B24291800135D55 /* Lib */ = {
			isa = PBXGroup;
			children = (
				8955C1CF1B24291800135D55 /* BaseMoelConst */,
				8955C1D21B24291800135D55 /* Category */,
				8955C1EA1B24291800135D55 /* Protocol */,
				8955C1ED1B24291800135D55 /* Type */,
			);
			path = Lib;
			sourceTree = "<group>";
		};
		8955C1CF1B24291800135D55 /* BaseMoelConst */ = {
			isa = PBXGroup;
			children = (
				8955C1D01B24291800135D55 /* BaseMoelConst.h */,
				8955C1D11B24291800135D55 /* BaseMoelConst.m */,
			);
			path = BaseMoelConst;
			sourceTree = "<group>";
		};
		8955C1D21B24291800135D55 /* Category */ = {
			isa = PBXGroup;
			children = (
				8955C1D31B24291800135D55 /* NSDictionary */,
				8955C1D61B24291800135D55 /* NSObject */,
				8955C1E71B24291800135D55 /* NSString */,
			);
			path = Category;
			sourceTree = "<group>";
		};
		8955C1D31B24291800135D55 /* NSDictionary */ = {
			isa = PBXGroup;
			children = (
				8955C1D41B24291800135D55 /* NSDictionary+Sqlite.h */,
				8955C1D51B24291800135D55 /* NSDictionary+Sqlite.m */,
			);
			path = NSDictionary;
			sourceTree = "<group>";
		};
		8955C1D61B24291800135D55 /* NSObject */ = {
			isa = PBXGroup;
			children = (
				8955C1D71B24291800135D55 /* NSObject+BaseModelCommon.h */,
				8955C1D81B24291800135D55 /* NSObject+BaseModelCommon.m */,
				8955C1D91B24291800135D55 /* NSObject+Contrast.h */,
				8955C1DA1B24291800135D55 /* NSObject+Contrast.m */,
				8955C1DB1B24291800135D55 /* NSObject+Create.h */,
				8955C1DC1B24291800135D55 /* NSObject+Create.m */,
				8955C1DD1B24291800135D55 /* NSObject+Delete.h */,
				8955C1DE1B24291800135D55 /* NSObject+Delete.m */,
				8955C1DF1B24291800135D55 /* NSObject+Insert.h */,
				8955C1E01B24291800135D55 /* NSObject+Insert.m */,
				8955C1E11B24291800135D55 /* NSObject+Save.h */,
				8955C1E21B24291800135D55 /* NSObject+Save.m */,
				8955C1E31B24291800135D55 /* NSObject+Select.h */,
				8955C1E41B24291800135D55 /* NSObject+Select.m */,
				8955C1E51B24291800135D55 /* NSObject+Update.h */,
				8955C1E61B24291800135D55 /* NSObject+Update.m */,
			);
			path = NSObject;
			sourceTree = "<group>";
		};
		8955C1E71B24291800135D55 /* NSString */ = {
			isa = PBXGroup;
			children = (
				8955C1E81B24291800135D55 /* NSString+Stackoverflow.h */,
				8955C1E91B24291800135D55 /* NSString+Stackoverflow.m */,
			);
			path = NSString;
			sourceTree = "<group>";
		};
		8955C1EA1B24291800135D55 /* Protocol */ = {
			isa = PBXGroup;
			children = (
				8955C1EB1B24291800135D55 /* BaseModelProtocol.h */,
				8955C1EC1B24291800135D55 /* BasePageModelProtocol.h */,
			);
			path = Protocol;
			sourceTree = "<group>";
		};
		8955C1ED1B24291800135D55 /* Type */ = {
			isa = PBXGroup;
			children = (
				8955C1EE1B24291800135D55 /* BaseModelType.h */,
			);
			path = Type;
			sourceTree = "<group>";
		};
		8955C1F01B24291800135D55 /* View */ = {
			isa = PBXGroup;
			children = (
				89C157E11B3B8C0600893E99 /* TextView */,
				896959DC1B280A660047DBFB /* BaseGradientView */,
				8955C1F11B24291800135D55 /* CollectionViewCell */,
				8955C1F41B24291800135D55 /* TableViewCell */,
				8955C1F81B24291800135D55 /* TextField */,
			);
			path = View;
			sourceTree = "<group>";
		};
		8955C1F11B24291800135D55 /* CollectionViewCell */ = {
			isa = PBXGroup;
			children = (
				8955C1F21B24291800135D55 /* BaseCollectionViewCell.h */,
				8955C1F31B24291800135D55 /* BaseCollectionViewCell.m */,
			);
			path = CollectionViewCell;
			sourceTree = "<group>";
		};
		8955C1F41B24291800135D55 /* TableViewCell */ = {
			isa = PBXGroup;
			children = (
				8955C1F51B24291800135D55 /* BaseCellProtocol.h */,
				8955C1F61B24291800135D55 /* BaseTableViewCell.h */,
				8955C1F71B24291800135D55 /* BaseTableViewCell.m */,
			);
			path = TableViewCell;
			sourceTree = "<group>";
		};
		8955C1F81B24291800135D55 /* TextField */ = {
			isa = PBXGroup;
			children = (
				8955C1F91B24291800135D55 /* BaseTF.h */,
				8955C1FA1B24291800135D55 /* BaseTF.m */,
			);
			path = TextField;
			sourceTree = "<group>";
		};
		8965A6581B11AA3C0067043C /* Frameworks */ = {
			isa = PBXGroup;
			children = (
				89CB51361B453CE300B9C214 /* FBShimmering */,
				89CB4FD51B44EA2500B9C214 /* MJExtension */,
				891E0FA51B16E1A900B20093 /* CoreArchive */,
				891E0F751B16C1A600B20093 /* CoreHttp */,
				891E014D1B16B96600FDF43F /* CoreFMDB */,
				8965A6611B11AB5C0067043C /* CoreCategory */,
				8965A6591B11AB2D0067043C /* CoreStatus */,
			);
			path = Frameworks;
			sourceTree = "<group>";
		};
		8965A6591B11AB2D0067043C /* CoreStatus */ = {
			isa = PBXGroup;
			children = (
				8965A65A1B11AB2D0067043C /* CoreStatus.h */,
				8965A65B1B11AB2D0067043C /* CoreStatus.m */,
				8965A65C1B11AB2D0067043C /* Reachability */,
			);
			path = CoreStatus;
			sourceTree = "<group>";
		};
		8965A65C1B11AB2D0067043C /* Reachability */ = {
			isa = PBXGroup;
			children = (
				8965A65D1B11AB2D0067043C /* Reachability.h */,
				8965A65E1B11AB2D0067043C /* Reachability.m */,
			);
			path = Reachability;
			sourceTree = "<group>";
		};
		8965A6611B11AB5C0067043C /* CoreCategory */ = {
			isa = PBXGroup;
			children = (
				8965A6621B11AB5C0067043C /* CALayer */,
				8965A6671B11AB5C0067043C /* NSArray */,
				8965A66A1B11AB5C0067043C /* NSDate */,
				8965A66D1B11AB5C0067043C /* NSObject */,
				8965A6701B11AB5C0067043C /* NSString */,
				8965A6751B11AB5C0067043C /* UIColor */,
				8965A6781B11AB5C0067043C /* UIDevice */,
				8965A67B1B11AB5C0067043C /* UIFont */,
				8965A67E1B11AB5C0067043C /* UIImage */,
				8965A6891B11AB5C0067043C /* UITableViewCell */,
				8965A68C1B11AB5C0067043C /* UIView */,
				8965A68F1B11AB5C0067043C /* UIWindow */,
			);
			path = CoreCategory;
			sourceTree = "<group>";
		};
		8965A6621B11AB5C0067043C /* CALayer */ = {
			isa = PBXGroup;
			children = (
				8965A6631B11AB5C0067043C /* CALayer+Anim.h */,
				8965A6641B11AB5C0067043C /* CALayer+Anim.m */,
				8965A6651B11AB5C0067043C /* CALayer+Transition.h */,
				8965A6661B11AB5C0067043C /* CALayer+Transition.m */,
			);
			path = CALayer;
			sourceTree = "<group>";
		};
		8965A6671B11AB5C0067043C /* NSArray */ = {
			isa = PBXGroup;
			children = (
				8965A6681B11AB5C0067043C /* NSArray+Extend.h */,
				8965A6691B11AB5C0067043C /* NSArray+Extend.m */,
			);
			path = NSArray;
			sourceTree = "<group>";
		};
		8965A66A1B11AB5C0067043C /* NSDate */ = {
			isa = PBXGroup;
			children = (
				8965A66B1B11AB5C0067043C /* NSDate+Extend.h */,
				8965A66C1B11AB5C0067043C /* NSDate+Extend.m */,
			);
			path = NSDate;
			sourceTree = "<group>";
		};
		8965A66D1B11AB5C0067043C /* NSObject */ = {
			isa = PBXGroup;
			children = (
				8965A66E1B11AB5C0067043C /* NSObject+Extend.h */,
				8965A66F1B11AB5C0067043C /* NSObject+Extend.m */,
			);
			path = NSObject;
			sourceTree = "<group>";
		};
		8965A6701B11AB5C0067043C /* NSString */ = {
			isa = PBXGroup;
			children = (
				8965A6711B11AB5C0067043C /* NSString+Extend.h */,
				8965A6721B11AB5C0067043C /* NSString+Extend.m */,
				8965A6731B11AB5C0067043C /* NSString+Password.h */,
				8965A6741B11AB5C0067043C /* NSString+Password.m */,
			);
			path = NSString;
			sourceTree = "<group>";
		};
		8965A6751B11AB5C0067043C /* UIColor */ = {
			isa = PBXGroup;
			children = (
				8965A6761B11AB5C0067043C /* UIColor+Extend.h */,
				8965A6771B11AB5C0067043C /* UIColor+Extend.m */,
			);
			path = UIColor;
			sourceTree = "<group>";
		};
		8965A6781B11AB5C0067043C /* UIDevice */ = {
			isa = PBXGroup;
			children = (
				8965A6791B11AB5C0067043C /* UIDevice+Extend.h */,
				8965A67A1B11AB5C0067043C /* UIDevice+Extend.m */,
			);
			path = UIDevice;
			sourceTree = "<group>";
		};
		8965A67B1B11AB5C0067043C /* UIFont */ = {
			isa = PBXGroup;
			children = (
				8965A67C1B11AB5C0067043C /* UIFont+Extend.h */,
				8965A67D1B11AB5C0067043C /* UIFont+Extend.m */,
			);
			path = UIFont;
			sourceTree = "<group>";
		};
		8965A67E1B11AB5C0067043C /* UIImage */ = {
			isa = PBXGroup;
			children = (
				8965A67F1B11AB5C0067043C /* UIImage+Color.h */,
				8965A6801B11AB5C0067043C /* UIImage+Color.m */,
				8965A6811B11AB5C0067043C /* UIImage+Cut.h */,
				8965A6821B11AB5C0067043C /* UIImage+Cut.m */,
				8965A6831B11AB5C0067043C /* UIImage+Extend.h */,
				8965A6841B11AB5C0067043C /* UIImage+Extend.m */,
				8965A6851B11AB5C0067043C /* UIImage+FixOrientation.h */,
				8965A6861B11AB5C0067043C /* UIImage+FixOrientation.m */,
				8965A6871B11AB5C0067043C /* UIImage+Water.h */,
				8965A6881B11AB5C0067043C /* UIImage+Water.m */,
			);
			path = UIImage;
			sourceTree = "<group>";
		};
		8965A6891B11AB5C0067043C /* UITableViewCell */ = {
			isa = PBXGroup;
			children = (
				8965A68A1B11AB5C0067043C /* UITableViewCell+Extend.h */,
				8965A68B1B11AB5C0067043C /* UITableViewCell+Extend.m */,
			);
			path = UITableViewCell;
			sourceTree = "<group>";
		};
		8965A68C1B11AB5C0067043C /* UIView */ = {
			isa = PBXGroup;
			children = (
				8965A68D1B11AB5C0067043C /* UIView+Extend.h */,
				8965A68E1B11AB5C0067043C /* UIView+Extend.m */,
			);
			path = UIView;
			sourceTree = "<group>";
		};
		8965A68F1B11AB5C0067043C /* UIWindow */ = {
			isa = PBXGroup;
			children = (
				8965A6901B11AB5C0067043C /* UIWindow+Launch.h */,
				8965A6911B11AB5C0067043C /* UIWindow+Launch.m */,
			);
			path = UIWindow;
			sourceTree = "<group>";
		};
		896959DC1B280A660047DBFB /* BaseGradientView */ = {
			isa = PBXGroup;
			children = (
				896959DD1B280A660047DBFB /* BaseGradientView.h */,
				896959DE1B280A660047DBFB /* BaseGradientView.m */,
			);
			path = BaseGradientView;
			sourceTree = "<group>";
		};
		89C157E11B3B8C0600893E99 /* TextView */ = {
			isa = PBXGroup;
			children = (
				89C157E21B3B8C1B00893E99 /* BaseTextView.h */,
				89C157E31B3B8C1B00893E99 /* BaseTextView.m */,
			);
			path = TextView;
			sourceTree = "<group>";
		};
		89CB4FD51B44EA2500B9C214 /* MJExtension */ = {
			isa = PBXGroup;
			children = (
				89CB4FD61B44EA2500B9C214 /* MJConst.h */,
				89CB4FD71B44EA2500B9C214 /* MJConst.m */,
				89CB4FD81B44EA2500B9C214 /* MJExtension.h */,
				89CB4FD91B44EA2500B9C214 /* MJFoundation.h */,
				89CB4FDA1B44EA2500B9C214 /* MJFoundation.m */,
				89CB4FDB1B44EA2500B9C214 /* MJProperty.h */,
				89CB4FDC1B44EA2500B9C214 /* MJProperty.m */,
				89CB4FDD1B44EA2500B9C214 /* MJType.h */,
				89CB4FDE1B44EA2500B9C214 /* MJType.m */,
				89CB4FDF1B44EA2500B9C214 /* NSObject+MJCoding.h */,
				89CB4FE01B44EA2500B9C214 /* NSObject+MJCoding.m */,
				89CB4FE11B44EA2500B9C214 /* NSObject+MJKeyValue.h */,
				89CB4FE21B44EA2500B9C214 /* NSObject+MJKeyValue.m */,
				89CB4FE31B44EA2500B9C214 /* NSObject+MJProperty.h */,
				89CB4FE41B44EA2500B9C214 /* NSObject+MJProperty.m */,
				89CB4FE51B44EA2500B9C214 /* NSString+MJExtension.h */,
				89CB4FE61B44EA2500B9C214 /* NSString+MJExtension.m */,
			);
			path = MJExtension;
			sourceTree = "<group>";
		};
		89CB51361B453CE300B9C214 /* FBShimmering */ = {
			isa = PBXGroup;
			children = (
				89CB51371B453CE300B9C214 /* FBShimmering-Prefix.pch */,
				89CB51381B453CE300B9C214 /* FBShimmering.h */,
				89CB51391B453CE300B9C214 /* FBShimmeringLayer.h */,
				89CB513A1B453CE300B9C214 /* FBShimmeringLayer.m */,
				89CB513B1B453CE300B9C214 /* FBShimmeringView.h */,
				89CB513C1B453CE300B9C214 /* FBShimmeringView.m */,
			);
			path = FBShimmering;
			sourceTree = "<group>";
		};
		EE5838FE1AB98EDD00516AC1 = {
			isa = PBXGroup;
			children = (
				EE5839091AB98EDD00516AC1 /* CoreClass */,
				EE5839231AB98EDD00516AC1 /* CoreClassTests */,
				EE5839081AB98EDD00516AC1 /* Products */,
			);
			sourceTree = "<group>";
		};
		EE5839081AB98EDD00516AC1 /* Products */ = {
			isa = PBXGroup;
			children = (
				EE5839071AB98EDD00516AC1 /* CoreClass.app */,
				EE5839201AB98EDD00516AC1 /* CoreClassTests.xctest */,
			);
			name = Products;
			sourceTree = "<group>";
		};
		EE5839091AB98EDD00516AC1 /* CoreClass */ = {
			isa = PBXGroup;
			children = (
				8955C1B71B24291800135D55 /* CoreClass */,
				8965A6581B11AA3C0067043C /* Frameworks */,
				891E0F8D1B16C37700B20093 /* APP */,
				EE5839171AB98EDD00516AC1 /* Images.xcassets */,
				EE5839191AB98EDD00516AC1 /* LaunchScreen.xib */,
				EE58390A1AB98EDD00516AC1 /* Supporting Files */,
			);
			path = CoreClass;
			sourceTree = "<group>";
		};
		EE58390A1AB98EDD00516AC1 /* Supporting Files */ = {
			isa = PBXGroup;
			children = (
				89A75F931B4FBEF6002F02B9 /* tip.png */,
				89CB513F1B45447000B9C214 /* show.gif */,
				891E01AF1B16BC0400FDF43F /* libsqlite3.0.dylib */,
				EE58390B1AB98EDD00516AC1 /* Info.plist */,
				EE58390C1AB98EDD00516AC1 /* main.m */,
			);
			name = "Supporting Files";
			sourceTree = "<group>";
		};
		EE5839231AB98EDD00516AC1 /* CoreClassTests */ = {
			isa = PBXGroup;
			children = (
				EE5839261AB98EDD00516AC1 /* CoreClassTests.m */,
				EE5839241AB98EDD00516AC1 /* Supporting Files */,
			);
			path = CoreClassTests;
			sourceTree = "<group>";
		};
		EE5839241AB98EDD00516AC1 /* Supporting Files */ = {
			isa = PBXGroup;
			children = (
				EE5839251AB98EDD00516AC1 /* Info.plist */,
			);
			name = "Supporting Files";
			sourceTree = "<group>";
		};
/* End PBXGroup section */

/* Begin PBXNativeTarget section */
		EE5839061AB98EDD00516AC1 /* CoreClass */ = {
			isa = PBXNativeTarget;
			buildConfigurationList = EE58392A1AB98EDD00516AC1 /* Build configuration list for PBXNativeTarget "CoreClass" */;
			buildPhases = (
				EE5839031AB98EDD00516AC1 /* Sources */,
				EE5839041AB98EDD00516AC1 /* Frameworks */,
				EE5839051AB98EDD00516AC1 /* Resources */,
			);
			buildRules = (
			);
			dependencies = (
			);
			name = CoreClass;
			productName = CoreClass;
			productReference = EE5839071AB98EDD00516AC1 /* CoreClass.app */;
			productType = "com.apple.product-type.application";
		};
		EE58391F1AB98EDD00516AC1 /* CoreClassTests */ = {
			isa = PBXNativeTarget;
			buildConfigurationList = EE58392D1AB98EDD00516AC1 /* Build configuration list for PBXNativeTarget "CoreClassTests" */;
			buildPhases = (
				EE58391C1AB98EDD00516AC1 /* Sources */,
				EE58391D1AB98EDD00516AC1 /* Frameworks */,
				EE58391E1AB98EDD00516AC1 /* Resources */,
			);
			buildRules = (
			);
			dependencies = (
				EE5839221AB98EDD00516AC1 /* PBXTargetDependency */,
			);
			name = CoreClassTests;
			productName = CoreClassTests;
			productReference = EE5839201AB98EDD00516AC1 /* CoreClassTests.xctest */;
			productType = "com.apple.product-type.bundle.unit-test";
		};
/* End PBXNativeTarget section */

/* Begin PBXProject section */
		EE5838FF1AB98EDD00516AC1 /* Project object */ = {
			isa = PBXProject;
			attributes = {
				LastUpgradeCheck = 0610;
				ORGANIZATIONNAME = muxi;
				TargetAttributes = {
					EE5839061AB98EDD00516AC1 = {
						CreatedOnToolsVersion = 6.1.1;
					};
					EE58391F1AB98EDD00516AC1 = {
						CreatedOnToolsVersion = 6.1.1;
						TestTargetID = EE5839061AB98EDD00516AC1;
					};
				};
			};
			buildConfigurationList = EE5839021AB98EDD00516AC1 /* Build configuration list for PBXProject "CoreClass" */;
			compatibilityVersion = "Xcode 3.2";
			developmentRegion = English;
			hasScannedForEncodings = 0;
			knownRegions = (
				en,
				Base,
			);
			mainGroup = EE5838FE1AB98EDD00516AC1;
			productRefGroup = EE5839081AB98EDD00516AC1 /* Products */;
			projectDirPath = "";
			projectRoot = "";
			targets = (
				EE5839061AB98EDD00516AC1 /* CoreClass */,
				EE58391F1AB98EDD00516AC1 /* CoreClassTests */,
			);
		};
/* End PBXProject section */

/* Begin PBXResourcesBuildPhase section */
		EE5839051AB98EDD00516AC1 /* Resources */ = {
			isa = PBXResourcesBuildPhase;
			buildActionMask = 2147483647;
			files = (
				8955C1FD1B24291800135D55 /* NetWork.bundle in Resources */,
				8955C1FF1B24291800135D55 /* ToolNetWorkSolveVC.xib in Resources */,
				8955C2011B24291800135D55 /* ToolNetWorkView.xib in Resources */,
				EE5839161AB98EDD00516AC1 /* Main.storyboard in Resources */,
				EE58391B1AB98EDD00516AC1 /* LaunchScreen.xib in Resources */,
				89CB51401B45447000B9C214 /* show.gif in Resources */,
				EE5839181AB98EDD00516AC1 /* Images.xcassets in Resources */,
				89A75F941B4FBEF6002F02B9 /* tip.png in Resources */,
			);
			runOnlyForDeploymentPostprocessing = 0;
		};
		EE58391E1AB98EDD00516AC1 /* Resources */ = {
			isa = PBXResourcesBuildPhase;
			buildActionMask = 2147483647;
			files = (
			);
			runOnlyForDeploymentPostprocessing = 0;
		};
/* End PBXResourcesBuildPhase section */

/* Begin PBXSourcesBuildPhase section */
		EE5839031AB98EDD00516AC1 /* Sources */ = {
			isa = PBXSourcesBuildPhase;
			buildActionMask = 2147483647;
			files = (
				89CB4FEB1B44EA2500B9C214 /* NSObject+MJCoding.m in Sources */,
				89CB4FEC1B44EA2500B9C214 /* NSObject+MJKeyValue.m in Sources */,
				8955C20B1B24291800135D55 /* NSObject+Insert.m in Sources */,
				89CB4FF11B44EAB700B9C214 /* Pen.m in Sources */,
				8955C2061B24291800135D55 /* NSDictionary+Sqlite.m in Sources */,
				89CB4FE71B44EA2500B9C214 /* MJConst.m in Sources */,
				8955C2031B24291800135D55 /* UINavigationController+Appearance.m in Sources */,
				8955C2021B24291800135D55 /* UIBarButtonItem+Appearance.m in Sources */,
				891E0F891B16C1A600B20093 /* NSData+Param.m in Sources */,
				8965A6A11B11AB5C0067043C /* UITableViewCell+Extend.m in Sources */,
				8955C2111B24291800135D55 /* BaseTableViewCell.m in Sources */,
				8965A6961B11AB5C0067043C /* NSObject+Extend.m in Sources */,
				8965A6951B11AB5C0067043C /* NSDate+Extend.m in Sources */,
				8965A6921B11AB5C0067043C /* CALayer+Anim.m in Sources */,
				EE5839131AB98EDD00516AC1 /* ViewController.m in Sources */,
				8965A6A31B11AB5C0067043C /* UIWindow+Launch.m in Sources */,
				891E01621B16B96600FDF43F /* CoreFMDB.m in Sources */,
				891E01671B16B96600FDF43F /* FMDatabaseQueue.m in Sources */,
				8965A69D1B11AB5C0067043C /* UIImage+Cut.m in Sources */,
				8955C1FC1B24291800135D55 /* CoreNavigationController.m in Sources */,
				89C157E41B3B8C1B00893E99 /* BaseTextView.m in Sources */,
				8955C2041B24291800135D55 /* BaseModel.m in Sources */,
				8965A6931B11AB5C0067043C /* CALayer+Transition.m in Sources */,
				8965A69F1B11AB5C0067043C /* UIImage+FixOrientation.m in Sources */,
				89CB4FEE1B44EA2500B9C214 /* NSString+MJExtension.m in Sources */,
				89CB51351B451A2B00B9C214 /* User.m in Sources */,
				8965A6A21B11AB5C0067043C /* UIView+Extend.m in Sources */,
				891E01681B16B96600FDF43F /* FMResultSet.m in Sources */,
				891E01651B16B96600FDF43F /* FMDatabaseAdditions.m in Sources */,
				8965A6981B11AB5C0067043C /* NSString+Password.m in Sources */,
				8955C2051B24291800135D55 /* BaseMoelConst.m in Sources */,
				891E0F8B1B16C1A600B20093 /* NSURL+File.m in Sources */,
				891E01641B16B96600FDF43F /* FMDatabase.m in Sources */,
				891E0F881B16C1A600B20093 /* NSData+MimeType.m in Sources */,
				8955C2081B24291800135D55 /* NSObject+Contrast.m in Sources */,
				891E01661B16B96600FDF43F /* FMDatabasePool.m in Sources */,
				8955C2001B24291800135D55 /* ToolNetWorkView.m in Sources */,
				8965A69B1B11AB5C0067043C /* UIFont+Extend.m in Sources */,
				89CB4FE81B44EA2500B9C214 /* MJFoundation.m in Sources */,
				8955C20F1B24291800135D55 /* NSString+Stackoverflow.m in Sources */,
				89CB4FED1B44EA2500B9C214 /* NSObject+MJProperty.m in Sources */,
				8955C2101B24291800135D55 /* BaseCollectionViewCell.m in Sources */,
				89CB513D1B453CE300B9C214 /* FBShimmeringLayer.m in Sources */,
				89CB4FD41B44E80E00B9C214 /* Student.m in Sources */,
				EE5839101AB98EDD00516AC1 /* AppDelegate.m in Sources */,
				8965A69C1B11AB5C0067043C /* UIImage+Color.m in Sources */,
				891E0F861B16C1A600B20093 /* CoreHttp.m in Sources */,
				8955C2091B24291800135D55 /* NSObject+Create.m in Sources */,
				8965A69A1B11AB5C0067043C /* UIDevice+Extend.m in Sources */,
				8955C20E1B24291800135D55 /* NSObject+Update.m in Sources */,
				89CB4FE91B44EA2500B9C214 /* MJProperty.m in Sources */,
				891E0F8C1B16C1A600B20093 /* UploadFile.m in Sources */,
				8955C20D1B24291800135D55 /* NSObject+Select.m in Sources */,
				EE58390D1AB98EDD00516AC1 /* main.m in Sources */,
				8965A6A01B11AB5C0067043C /* UIImage+Water.m in Sources */,
				8965A6941B11AB5C0067043C /* NSArray+Extend.m in Sources */,
				896959DF1B280A660047DBFB /* BaseGradientView.m in Sources */,
				89CB4FEA1B44EA2500B9C214 /* MJType.m in Sources */,
				89CB513E1B453CE300B9C214 /* FBShimmeringView.m in Sources */,
				891E0F871B16C1A600B20093 /* NSString+CoreHttp.m in Sources */,
				8955C20A1B24291800135D55 /* NSObject+Delete.m in Sources */,
				8965A69E1B11AB5C0067043C /* UIImage+Extend.m in Sources */,
				8955C2071B24291800135D55 /* NSObject+BaseModelCommon.m in Sources */,
				8965A6601B11AB2D0067043C /* Reachability.m in Sources */,
				8965A65F1B11AB2D0067043C /* CoreStatus.m in Sources */,
				891E0F8A1B16C1A600B20093 /* NSString+File.m in Sources */,
				8955C20C1B24291800135D55 /* NSObject+Save.m in Sources */,
				8955C2121B24291800135D55 /* BaseTF.m in Sources */,
				8955C1FE1B24291800135D55 /* ToolNetWorkSolveVC.m in Sources */,
				891E0FAC1B16E1A900B20093 /* CoreArchive.m in Sources */,
				891E0FAB1B16E1A900B20093 /* NSString+ArcFile.m in Sources */,
				8965A6971B11AB5C0067043C /* NSString+Extend.m in Sources */,
				8965A6991B11AB5C0067043C /* UIColor+Extend.m in Sources */,
				8955C1FB1B24291800135D55 /* BaseNav.m in Sources */,
				891E01631B16B96600FDF43F /* NSString+CoreFMDB.m in Sources */,
			);
			runOnlyForDeploymentPostprocessing = 0;
		};
		EE58391C1AB98EDD00516AC1 /* Sources */ = {
			isa = PBXSourcesBuildPhase;
			buildActionMask = 2147483647;
			files = (
				EE5839271AB98EDD00516AC1 /* CoreClassTests.m in Sources */,
			);
			runOnlyForDeploymentPostprocessing = 0;
		};
/* End PBXSourcesBuildPhase section */

/* Begin PBXTargetDependency section */
		EE5839221AB98EDD00516AC1 /* PBXTargetDependency */ = {
			isa = PBXTargetDependency;
			target = EE5839061AB98EDD00516AC1 /* CoreClass */;
			targetProxy = EE5839211AB98EDD00516AC1 /* PBXContainerItemProxy */;
		};
/* End PBXTargetDependency section */

/* Begin PBXVariantGroup section */
		EE5839141AB98EDD00516AC1 /* Main.storyboard */ = {
			isa = PBXVariantGroup;
			children = (
				EE5839151AB98EDD00516AC1 /* Base */,
			);
			name = Main.storyboard;
			sourceTree = "<group>";
		};
		EE5839191AB98EDD00516AC1 /* LaunchScreen.xib */ = {
			isa = PBXVariantGroup;
			children = (
				EE58391A1AB98EDD00516AC1 /* Base */,
			);
			name = LaunchScreen.xib;
			sourceTree = "<group>";
		};
/* End PBXVariantGroup section */

/* Begin XCBuildConfiguration section */
		EE5839281AB98EDD00516AC1 /* Debug */ = {
			isa = XCBuildConfiguration;
			buildSettings = {
				ALWAYS_SEARCH_USER_PATHS = NO;
				CLANG_CXX_LANGUAGE_STANDARD = "gnu++0x";
				CLANG_CXX_LIBRARY = "libc++";
				CLANG_ENABLE_MODULES = YES;
				CLANG_ENABLE_OBJC_ARC = YES;
				CLANG_WARN_BOOL_CONVERSION = YES;
				CLANG_WARN_CONSTANT_CONVERSION = YES;
				CLANG_WARN_DIRECT_OBJC_ISA_USAGE = YES_ERROR;
				CLANG_WARN_EMPTY_BODY = YES;
				CLANG_WARN_ENUM_CONVERSION = YES;
				CLANG_WARN_INT_CONVERSION = YES;
				CLANG_WARN_OBJC_ROOT_CLASS = YES_ERROR;
				CLANG_WARN_UNREACHABLE_CODE = YES;
				CLANG_WARN__DUPLICATE_METHOD_MATCH = YES;
				"CODE_SIGN_IDENTITY[sdk=iphoneos*]" = "iPhone Developer";
				COPY_PHASE_STRIP = NO;
				ENABLE_STRICT_OBJC_MSGSEND = YES;
				GCC_C_LANGUAGE_STANDARD = gnu99;
				GCC_DYNAMIC_NO_PIC = NO;
				GCC_OPTIMIZATION_LEVEL = 0;
				GCC_PREPROCESSOR_DEFINITIONS = (
					"DEBUG=1",
					"$(inherited)",
				);
				GCC_SYMBOLS_PRIVATE_EXTERN = NO;
				GCC_WARN_64_TO_32_BIT_CONVERSION = YES;
				GCC_WARN_ABOUT_RETURN_TYPE = YES_ERROR;
				GCC_WARN_UNDECLARED_SELECTOR = YES;
				GCC_WARN_UNINITIALIZED_AUTOS = YES_AGGRESSIVE;
				GCC_WARN_UNUSED_FUNCTION = YES;
				GCC_WARN_UNUSED_VARIABLE = YES;
				IPHONEOS_DEPLOYMENT_TARGET = 8.1;
				MTL_ENABLE_DEBUG_INFO = YES;
				ONLY_ACTIVE_ARCH = YES;
				SDKROOT = iphoneos;
			};
			name = Debug;
		};
		EE5839291AB98EDD00516AC1 /* Release */ = {
			isa = XCBuildConfiguration;
			buildSettings = {
				ALWAYS_SEARCH_USER_PATHS = NO;
				CLANG_CXX_LANGUAGE_STANDARD = "gnu++0x";
				CLANG_CXX_LIBRARY = "libc++";
				CLANG_ENABLE_MODULES = YES;
				CLANG_ENABLE_OBJC_ARC = YES;
				CLANG_WARN_BOOL_CONVERSION = YES;
				CLANG_WARN_CONSTANT_CONVERSION = YES;
				CLANG_WARN_DIRECT_OBJC_ISA_USAGE = YES_ERROR;
				CLANG_WARN_EMPTY_BODY = YES;
				CLANG_WARN_ENUM_CONVERSION = YES;
				CLANG_WARN_INT_CONVERSION = YES;
				CLANG_WARN_OBJC_ROOT_CLASS = YES_ERROR;
				CLANG_WARN_UNREACHABLE_CODE = YES;
				CLANG_WARN__DUPLICATE_METHOD_MATCH = YES;
				"CODE_SIGN_IDENTITY[sdk=iphoneos*]" = "iPhone Developer";
				COPY_PHASE_STRIP = YES;
				ENABLE_NS_ASSERTIONS = NO;
				ENABLE_STRICT_OBJC_MSGSEND = YES;
				GCC_C_LANGUAGE_STANDARD = gnu99;
				GCC_WARN_64_TO_32_BIT_CONVERSION = YES;
				GCC_WARN_ABOUT_RETURN_TYPE = YES_ERROR;
				GCC_WARN_UNDECLARED_SELECTOR = YES;
				GCC_WARN_UNINITIALIZED_AUTOS = YES_AGGRESSIVE;
				GCC_WARN_UNUSED_FUNCTION = YES;
				GCC_WARN_UNUSED_VARIABLE = YES;
				IPHONEOS_DEPLOYMENT_TARGET = 8.1;
				MTL_ENABLE_DEBUG_INFO = NO;
				SDKROOT = iphoneos;
				VALIDATE_PRODUCT = YES;
			};
			name = Release;
		};
		EE58392B1AB98EDD00516AC1 /* Debug */ = {
			isa = XCBuildConfiguration;
			buildSettings = {
				ASSETCATALOG_COMPILER_APPICON_NAME = AppIcon;
				ASSETCATALOG_COMPILER_LAUNCHIMAGE_NAME = LaunchImage;
				INFOPLIST_FILE = CoreClass/Info.plist;
				IPHONEOS_DEPLOYMENT_TARGET = 7.0;
				LD_RUNPATH_SEARCH_PATHS = "$(inherited) @executable_path/Frameworks";
				PRODUCT_NAME = "$(TARGET_NAME)";
			};
			name = Debug;
		};
		EE58392C1AB98EDD00516AC1 /* Release */ = {
			isa = XCBuildConfiguration;
			buildSettings = {
				ASSETCATALOG_COMPILER_APPICON_NAME = AppIcon;
				ASSETCATALOG_COMPILER_LAUNCHIMAGE_NAME = LaunchImage;
				INFOPLIST_FILE = CoreClass/Info.plist;
				IPHONEOS_DEPLOYMENT_TARGET = 7.0;
				LD_RUNPATH_SEARCH_PATHS = "$(inherited) @executable_path/Frameworks";
				PRODUCT_NAME = "$(TARGET_NAME)";
			};
			name = Release;
		};
		EE58392E1AB98EDD00516AC1 /* Debug */ = {
			isa = XCBuildConfiguration;
			buildSettings = {
				BUNDLE_LOADER = "$(TEST_HOST)";
				FRAMEWORK_SEARCH_PATHS = (
					"$(SDKROOT)/Developer/Library/Frameworks",
					"$(inherited)",
				);
				GCC_PREPROCESSOR_DEFINITIONS = (
					"DEBUG=1",
					"$(inherited)",
				);
				INFOPLIST_FILE = CoreClassTests/Info.plist;
				LD_RUNPATH_SEARCH_PATHS = "$(inherited) @executable_path/Frameworks @loader_path/Frameworks";
				PRODUCT_NAME = "$(TARGET_NAME)";
				TEST_HOST = "$(BUILT_PRODUCTS_DIR)/CoreClass.app/CoreClass";
			};
			name = Debug;
		};
		EE58392F1AB98EDD00516AC1 /* Release */ = {
			isa = XCBuildConfiguration;
			buildSettings = {
				BUNDLE_LOADER = "$(TEST_HOST)";
				FRAMEWORK_SEARCH_PATHS = (
					"$(SDKROOT)/Developer/Library/Frameworks",
					"$(inherited)",
				);
				INFOPLIST_FILE = CoreClassTests/Info.plist;
				LD_RUNPATH_SEARCH_PATHS = "$(inherited) @executable_path/Frameworks @loader_path/Frameworks";
				PRODUCT_NAME = "$(TARGET_NAME)";
				TEST_HOST = "$(BUILT_PRODUCTS_DIR)/CoreClass.app/CoreClass";
			};
			name = Release;
		};
/* End XCBuildConfiguration section */

/* Begin XCConfigurationList section */
		EE5839021AB98EDD00516AC1 /* Build configuration list for PBXProject "CoreClass" */ = {
			isa = XCConfigurationList;
			buildConfigurations = (
				EE5839281AB98EDD00516AC1 /* Debug */,
				EE5839291AB98EDD00516AC1 /* Release */,
			);
			defaultConfigurationIsVisible = 0;
			defaultConfigurationName = Release;
		};
		EE58392A1AB98EDD00516AC1 /* Build configuration list for PBXNativeTarget "CoreClass" */ = {
			isa = XCConfigurationList;
			buildConfigurations = (
				EE58392B1AB98EDD00516AC1 /* Debug */,
				EE58392C1AB98EDD00516AC1 /* Release */,
			);
			defaultConfigurationIsVisible = 0;
			defaultConfigurationName = Release;
		};
		EE58392D1AB98EDD00516AC1 /* Build configuration list for PBXNativeTarget "CoreClassTests" */ = {
			isa = XCConfigurationList;
			buildConfigurations = (
				EE58392E1AB98EDD00516AC1 /* Debug */,
				EE58392F1AB98EDD00516AC1 /* Release */,
			);
			defaultConfigurationIsVisible = 0;
			defaultConfigurationName = Release;
		};
/* End XCConfigurationList section */
	};
	rootObject = EE5838FF1AB98EDD00516AC1 /* Project object */;
}
